// !$*UTF8*$!
{
	archiveVersion = 1;
	classes = {
	};
	objectVersion = 47;
	objects = {

/* Begin PBXBuildFile section */
		CC45FCEF1BE36B1900DE0BFB /* main.m in Sources */ = {isa = PBXBuildFile; fileRef = CC45FCEE1BE36B1900DE0BFB /* main.m */; };
		CC45FCF21BE36B1900DE0BFB /* AppDelegate.m in Sources */ = {isa = PBXBuildFile; fileRef = CC45FCF11BE36B1900DE0BFB /* AppDelegate.m */; };
		CC45FCF51BE36B1900DE0BFB /* ViewController.m in Sources */ = {isa = PBXBuildFile; fileRef = CC45FCF41BE36B1900DE0BFB /* ViewController.m */; };
		CC45FCF81BE36B1900DE0BFB /* Main.storyboard in Resources */ = {isa = PBXBuildFile; fileRef = CC45FCF61BE36B1900DE0BFB /* Main.storyboard */; };
		CC45FCFA1BE36B1900DE0BFB /* Assets.xcassets in Resources */ = {isa = PBXBuildFile; fileRef = CC45FCF91BE36B1900DE0BFB /* Assets.xcassets */; };
		CC45FCFD1BE36B1900DE0BFB /* LaunchScreen.storyboard in Resources */ = {isa = PBXBuildFile; fileRef = CC45FCFB1BE36B1900DE0BFB /* LaunchScreen.storyboard */; };
		CC45FD081BE36B1900DE0BFB /* MQChatViewControllerDemoTests.m in Sources */ = {isa = PBXBuildFile; fileRef = CC45FD071BE36B1900DE0BFB /* MQChatViewControllerDemoTests.m */; };
		CC45FD131BE36B1900DE0BFB /* MQChatViewControllerDemoUITests.m in Sources */ = {isa = PBXBuildFile; fileRef = CC45FD121BE36B1900DE0BFB /* MQChatViewControllerDemoUITests.m */; };
		CC45FD641BE36B3600DE0BFB /* TTTAttributedLabel.m in Sources */ = {isa = PBXBuildFile; fileRef = CC45FD491BE36B3500DE0BFB /* TTTAttributedLabel.m */; };
		CC45FD721BE3745700DE0BFB /* MQAgent.m in Sources */ = {isa = PBXBuildFile; fileRef = CC45FD6B1BE3745700DE0BFB /* MQAgent.m */; };
		CC45FFC21BE490B100DE0BFB /* MQInputBar.m in Sources */ = {isa = PBXBuildFile; fileRef = CC45FFC11BE490B100DE0BFB /* MQInputBar.m */; };
		CC45FFC81BE4912200DE0BFB /* HPGrowingTextView.m in Sources */ = {isa = PBXBuildFile; fileRef = CC45FFC51BE4912200DE0BFB /* HPGrowingTextView.m */; };
		CC45FFC91BE4912200DE0BFB /* HPTextViewInternal.m in Sources */ = {isa = PBXBuildFile; fileRef = CC45FFC71BE4912200DE0BFB /* HPTextViewInternal.m */; };
		CC45FFCD1BE4962500DE0BFB /* MQToast.m in Sources */ = {isa = PBXBuildFile; fileRef = CC45FFCC1BE4962500DE0BFB /* MQToast.m */; };
		CC5115BE1BE5B3C200184CF0 /* FBBitmapFont.m in Sources */ = {isa = PBXBuildFile; fileRef = CC5115B11BE5B3C200184CF0 /* FBBitmapFont.m */; };
		CC5115BF1BE5B3C200184CF0 /* FBBitmapFontView.m in Sources */ = {isa = PBXBuildFile; fileRef = CC5115B31BE5B3C200184CF0 /* FBBitmapFontView.m */; };
		CC5115C01BE5B3C200184CF0 /* FBFontSymbol.m in Sources */ = {isa = PBXBuildFile; fileRef = CC5115B51BE5B3C200184CF0 /* FBFontSymbol.m */; };
		CC5115C11BE5B3C200184CF0 /* FBLCDFont.m in Sources */ = {isa = PBXBuildFile; fileRef = CC5115B71BE5B3C200184CF0 /* FBLCDFont.m */; };
		CC5115C21BE5B3C200184CF0 /* FBLCDFontView.m in Sources */ = {isa = PBXBuildFile; fileRef = CC5115B91BE5B3C200184CF0 /* FBLCDFontView.m */; };
		CC5115C31BE5B3C200184CF0 /* FBSquareFont.m in Sources */ = {isa = PBXBuildFile; fileRef = CC5115BB1BE5B3C200184CF0 /* FBSquareFont.m */; };
		CC5115C41BE5B3C200184CF0 /* FBSquareFontView.m in Sources */ = {isa = PBXBuildFile; fileRef = CC5115BD1BE5B3C200184CF0 /* FBSquareFontView.m */; };
		CC5115C81BE5B47B00184CF0 /* MQRecordView.m in Sources */ = {isa = PBXBuildFile; fileRef = CC5115C71BE5B47B00184CF0 /* MQRecordView.m */; };
		CC5115D01BE6545B00184CF0 /* MHFacebookImageViewer.m in Sources */ = {isa = PBXBuildFile; fileRef = CC5115CD1BE6545B00184CF0 /* MHFacebookImageViewer.m */; };
		CC5115D11BE6545B00184CF0 /* UIImageView+MHFacebookImageViewer.m in Sources */ = {isa = PBXBuildFile; fileRef = CC5115CF1BE6545B00184CF0 /* UIImageView+MHFacebookImageViewer.m */; };
		CCAD3D141BE75F7500B87A23 /* libopencore-amrnb.a in Frameworks */ = {isa = PBXBuildFile; fileRef = CCAD3D061BE75F7500B87A23 /* libopencore-amrnb.a */; };
		CCAD3D151BE75F7500B87A23 /* libopencore-amrwb.a in Frameworks */ = {isa = PBXBuildFile; fileRef = CCAD3D071BE75F7500B87A23 /* libopencore-amrwb.a */; };
		CCAD3D161BE75F7500B87A23 /* AmrRecordWriter.m in Sources */ = {isa = PBXBuildFile; fileRef = CCAD3D091BE75F7500B87A23 /* AmrRecordWriter.m */; };
		CCAD3D171BE75F7500B87A23 /* CafRecordWriter.m in Sources */ = {isa = PBXBuildFile; fileRef = CCAD3D0B1BE75F7500B87A23 /* CafRecordWriter.m */; };
		CCAD3D181BE75F7500B87A23 /* MLAudioMeterObserver.m in Sources */ = {isa = PBXBuildFile; fileRef = CCAD3D0D1BE75F7500B87A23 /* MLAudioMeterObserver.m */; };
		CCAD3D191BE75F7500B87A23 /* MLAudioRecorder.m in Sources */ = {isa = PBXBuildFile; fileRef = CCAD3D0F1BE75F7500B87A23 /* MLAudioRecorder.m */; };
		CCAD3D1A1BE75F7500B87A23 /* lame.framework in Frameworks */ = {isa = PBXBuildFile; fileRef = CCAD3D111BE75F7500B87A23 /* lame.framework */; };
		CCAD3D1B1BE75F7500B87A23 /* Mp3RecordWriter.m in Sources */ = {isa = PBXBuildFile; fileRef = CCAD3D131BE75F7500B87A23 /* Mp3RecordWriter.m */; };
		CCAD3D2B1BE7BD2C00B87A23 /* amrFileCodec.mm in Sources */ = {isa = PBXBuildFile; fileRef = CCAD3D261BE7BD2C00B87A23 /* amrFileCodec.mm */; settings = {COMPILER_FLAGS = "-w"; }; };
		CCAD3D2C1BE7BD2C00B87A23 /* wav.mm in Sources */ = {isa = PBXBuildFile; fileRef = CCAD3D281BE7BD2C00B87A23 /* wav.mm */; };
		CCAD3D2D1BE7BD2C00B87A23 /* VoiceConverter.mm in Sources */ = {isa = PBXBuildFile; fileRef = CCAD3D2A1BE7BD2C00B87A23 /* VoiceConverter.mm */; };
		CCCDCC9C1BEB09F900B60667 /* MQPullRefreshView.m in Sources */ = {isa = PBXBuildFile; fileRef = CCCDCC9B1BEB09F900B60667 /* MQPullRefreshView.m */; };
		CCCDCC9F1BEB99FF00B60667 /* MQServiceToViewInterface.m in Sources */ = {isa = PBXBuildFile; fileRef = CCCDCC9E1BEB99FF00B60667 /* MQServiceToViewInterface.m */; };
		CCF5DB081C04996D0092FDD6 /* MQChatViewConfig.m in Sources */ = {isa = PBXBuildFile; fileRef = CCF5DB051C04996D0092FDD6 /* MQChatViewConfig.m */; };
		CCF5DB091C04996D0092FDD6 /* MQChatViewManager.m in Sources */ = {isa = PBXBuildFile; fileRef = CCF5DB071C04996D0092FDD6 /* MQChatViewManager.m */; };
		CCF5DB141C0499910092FDD6 /* MQChatViewController.m in Sources */ = {isa = PBXBuildFile; fileRef = CCF5DB0E1C0499910092FDD6 /* MQChatViewController.m */; };
		CCF5DB151C0499910092FDD6 /* MQChatViewService.m in Sources */ = {isa = PBXBuildFile; fileRef = CCF5DB101C0499910092FDD6 /* MQChatViewService.m */; };
		CCF5DB161C0499910092FDD6 /* MQChatViewTableDataSource.m in Sources */ = {isa = PBXBuildFile; fileRef = CCF5DB121C0499910092FDD6 /* MQChatViewTableDataSource.m */; };
		CCF5DB4D1C0499D70092FDD6 /* MQBaseMessage.m in Sources */ = {isa = PBXBuildFile; fileRef = CCF5DB441C0499D70092FDD6 /* MQBaseMessage.m */; };
		CCF5DB4E1C0499D70092FDD6 /* MQEventMessage.m in Sources */ = {isa = PBXBuildFile; fileRef = CCF5DB461C0499D70092FDD6 /* MQEventMessage.m */; };
		CCF5DB4F1C0499D70092FDD6 /* MQImageMessage.m in Sources */ = {isa = PBXBuildFile; fileRef = CCF5DB481C0499D70092FDD6 /* MQImageMessage.m */; };
		CCF5DB501C0499D70092FDD6 /* MQTextMessage.m in Sources */ = {isa = PBXBuildFile; fileRef = CCF5DB4A1C0499D70092FDD6 /* MQTextMessage.m */; };
		CCF5DB511C0499D70092FDD6 /* MQVoiceMessage.m in Sources */ = {isa = PBXBuildFile; fileRef = CCF5DB4C1C0499D70092FDD6 /* MQVoiceMessage.m */; };
		CCF5DB541C0499F50092FDD6 /* MQChatViewAsset.bundle in Resources */ = {isa = PBXBuildFile; fileRef = CCF5DB531C0499F50092FDD6 /* MQChatViewAsset.bundle */; };
		CCF5DB6C1C049A0E0092FDD6 /* MQAssetUtil.m in Sources */ = {isa = PBXBuildFile; fileRef = CCF5DB571C049A0E0092FDD6 /* MQAssetUtil.m */; };
		CCF5DB6D1C049A0E0092FDD6 /* MQBundleUtil.m in Sources */ = {isa = PBXBuildFile; fileRef = CCF5DB591C049A0E0092FDD6 /* MQBundleUtil.m */; };
		CCF5DB6E1C049A0E0092FDD6 /* MQChatAudioPlayer.m in Sources */ = {isa = PBXBuildFile; fileRef = CCF5DB5B1C049A0E0092FDD6 /* MQChatAudioPlayer.m */; };
		CCF5DB6F1C049A0E0092FDD6 /* MQChatAudioRecorder.m in Sources */ = {isa = PBXBuildFile; fileRef = CCF5DB5D1C049A0E0092FDD6 /* MQChatAudioRecorder.m */; };
		CCF5DB701C049A0E0092FDD6 /* MQChatEmojize.m in Sources */ = {isa = PBXBuildFile; fileRef = CCF5DB5F1C049A0E0092FDD6 /* MQChatEmojize.m */; };
		CCF5DB711C049A0E0092FDD6 /* MQChatFileUtil.m in Sources */ = {isa = PBXBuildFile; fileRef = CCF5DB611C049A0E0092FDD6 /* MQChatFileUtil.m */; };
		CCF5DB721C049A0E0092FDD6 /* MQChatRegexUtil.m in Sources */ = {isa = PBXBuildFile; fileRef = CCF5DB631C049A0E0092FDD6 /* MQChatRegexUtil.m */; };
		CCF5DB731C049A0E0092FDD6 /* MQDateFormatterUtil.m in Sources */ = {isa = PBXBuildFile; fileRef = CCF5DB651C049A0E0092FDD6 /* MQDateFormatterUtil.m */; };
		CCF5DB741C049A0E0092FDD6 /* MQDeviceFrameUtil.m in Sources */ = {isa = PBXBuildFile; fileRef = CCF5DB671C049A0E0092FDD6 /* MQDeviceFrameUtil.m */; };
		CCF5DB751C049A0E0092FDD6 /* MQImageUtil.m in Sources */ = {isa = PBXBuildFile; fileRef = CCF5DB691C049A0E0092FDD6 /* MQImageUtil.m */; };
		CCF5DB761C049A0E0092FDD6 /* MQStringSizeUtil.m in Sources */ = {isa = PBXBuildFile; fileRef = CCF5DB6B1C049A0E0092FDD6 /* MQStringSizeUtil.m */; };
		CCF8B7301C0C161600CE9E4C /* MQChatTableView.m in Sources */ = {isa = PBXBuildFile; fileRef = CCF8B72F1C0C161600CE9E4C /* MQChatTableView.m */; };
		CCF8B74E1C0C165500CE9E4C /* MQEventCellModel.m in Sources */ = {isa = PBXBuildFile; fileRef = CCF8B7341C0C165500CE9E4C /* MQEventCellModel.m */; };
		CCF8B74F1C0C165500CE9E4C /* MQImageCellModel.m in Sources */ = {isa = PBXBuildFile; fileRef = CCF8B7361C0C165500CE9E4C /* MQImageCellModel.m */; };
		CCF8B7501C0C165500CE9E4C /* MQMessageDateCellModel.m in Sources */ = {isa = PBXBuildFile; fileRef = CCF8B7381C0C165500CE9E4C /* MQMessageDateCellModel.m */; };
		CCF8B7511C0C165500CE9E4C /* MQTextCellModel.m in Sources */ = {isa = PBXBuildFile; fileRef = CCF8B73A1C0C165500CE9E4C /* MQTextCellModel.m */; };
		CCF8B7521C0C165500CE9E4C /* MQTipsCellModel.m in Sources */ = {isa = PBXBuildFile; fileRef = CCF8B73C1C0C165500CE9E4C /* MQTipsCellModel.m */; };
		CCF8B7531C0C165500CE9E4C /* MQVoiceCellModel.m in Sources */ = {isa = PBXBuildFile; fileRef = CCF8B73E1C0C165500CE9E4C /* MQVoiceCellModel.m */; };
		CCF8B7541C0C165500CE9E4C /* MQChatBaseCell.m in Sources */ = {isa = PBXBuildFile; fileRef = CCF8B7411C0C165500CE9E4C /* MQChatBaseCell.m */; };
		CCF8B7551C0C165500CE9E4C /* MQEventMessageCell.m in Sources */ = {isa = PBXBuildFile; fileRef = CCF8B7431C0C165500CE9E4C /* MQEventMessageCell.m */; };
		CCF8B7561C0C165500CE9E4C /* MQImageMessageCell.m in Sources */ = {isa = PBXBuildFile; fileRef = CCF8B7451C0C165500CE9E4C /* MQImageMessageCell.m */; };
		CCF8B7571C0C165500CE9E4C /* MQMessageDateCell.m in Sources */ = {isa = PBXBuildFile; fileRef = CCF8B7471C0C165500CE9E4C /* MQMessageDateCell.m */; };
		CCF8B7581C0C165500CE9E4C /* MQTextMessageCell.m in Sources */ = {isa = PBXBuildFile; fileRef = CCF8B7491C0C165500CE9E4C /* MQTextMessageCell.m */; };
		CCF8B7591C0C165500CE9E4C /* MQTipsCell.m in Sources */ = {isa = PBXBuildFile; fileRef = CCF8B74B1C0C165500CE9E4C /* MQTipsCell.m */; };
		CCF8B75A1C0C165500CE9E4C /* MQVoiceMessageCell.m in Sources */ = {isa = PBXBuildFile; fileRef = CCF8B74D1C0C165500CE9E4C /* MQVoiceMessageCell.m */; };
/* End PBXBuildFile section */

/* Begin PBXContainerItemProxy section */
		CC45FD041BE36B1900DE0BFB /* PBXContainerItemProxy */ = {
			isa = PBXContainerItemProxy;
			containerPortal = CC45FCE21BE36B1900DE0BFB /* Project object */;
			proxyType = 1;
			remoteGlobalIDString = CC45FCE91BE36B1900DE0BFB;
			remoteInfo = MQChatViewControllerDemo;
		};
		CC45FD0F1BE36B1900DE0BFB /* PBXContainerItemProxy */ = {
			isa = PBXContainerItemProxy;
			containerPortal = CC45FCE21BE36B1900DE0BFB /* Project object */;
			proxyType = 1;
			remoteGlobalIDString = CC45FCE91BE36B1900DE0BFB;
			remoteInfo = MQChatViewControllerDemo;
		};
/* End PBXContainerItemProxy section */

/* Begin PBXFileReference section */
		CC45FCEA1BE36B1900DE0BFB /* MQChatViewControllerDemo.app */ = {isa = PBXFileReference; explicitFileType = wrapper.application; includeInIndex = 0; path = MQChatViewControllerDemo.app; sourceTree = BUILT_PRODUCTS_DIR; };
		CC45FCEE1BE36B1900DE0BFB /* main.m */ = {isa = PBXFileReference; lastKnownFileType = sourcecode.c.objc; path = main.m; sourceTree = "<group>"; };
		CC45FCF01BE36B1900DE0BFB /* AppDelegate.h */ = {isa = PBXFileReference; lastKnownFileType = sourcecode.c.h; path = AppDelegate.h; sourceTree = "<group>"; };
		CC45FCF11BE36B1900DE0BFB /* AppDelegate.m */ = {isa = PBXFileReference; lastKnownFileType = sourcecode.c.objc; path = AppDelegate.m; sourceTree = "<group>"; };
		CC45FCF31BE36B1900DE0BFB /* ViewController.h */ = {isa = PBXFileReference; lastKnownFileType = sourcecode.c.h; path = ViewController.h; sourceTree = "<group>"; };
		CC45FCF41BE36B1900DE0BFB /* ViewController.m */ = {isa = PBXFileReference; lastKnownFileType = sourcecode.c.objc; path = ViewController.m; sourceTree = "<group>"; };
		CC45FCF71BE36B1900DE0BFB /* Base */ = {isa = PBXFileReference; lastKnownFileType = file.storyboard; name = Base; path = Base.lproj/Main.storyboard; sourceTree = "<group>"; };
		CC45FCF91BE36B1900DE0BFB /* Assets.xcassets */ = {isa = PBXFileReference; lastKnownFileType = folder.assetcatalog; path = Assets.xcassets; sourceTree = "<group>"; };
		CC45FCFC1BE36B1900DE0BFB /* Base */ = {isa = PBXFileReference; lastKnownFileType = file.storyboard; name = Base; path = Base.lproj/LaunchScreen.storyboard; sourceTree = "<group>"; };
		CC45FCFE1BE36B1900DE0BFB /* Info.plist */ = {isa = PBXFileReference; lastKnownFileType = text.plist.xml; path = Info.plist; sourceTree = "<group>"; };
		CC45FD031BE36B1900DE0BFB /* MQChatViewControllerDemoTests.xctest */ = {isa = PBXFileReference; explicitFileType = wrapper.cfbundle; includeInIndex = 0; path = MQChatViewControllerDemoTests.xctest; sourceTree = BUILT_PRODUCTS_DIR; };
		CC45FD071BE36B1900DE0BFB /* MQChatViewControllerDemoTests.m */ = {isa = PBXFileReference; lastKnownFileType = sourcecode.c.objc; path = MQChatViewControllerDemoTests.m; sourceTree = "<group>"; };
		CC45FD091BE36B1900DE0BFB /* Info.plist */ = {isa = PBXFileReference; lastKnownFileType = text.plist.xml; path = Info.plist; sourceTree = "<group>"; };
		CC45FD0E1BE36B1900DE0BFB /* MQChatViewControllerDemoUITests.xctest */ = {isa = PBXFileReference; explicitFileType = wrapper.cfbundle; includeInIndex = 0; path = MQChatViewControllerDemoUITests.xctest; sourceTree = BUILT_PRODUCTS_DIR; };
		CC45FD121BE36B1900DE0BFB /* MQChatViewControllerDemoUITests.m */ = {isa = PBXFileReference; lastKnownFileType = sourcecode.c.objc; path = MQChatViewControllerDemoUITests.m; sourceTree = "<group>"; };
		CC45FD141BE36B1900DE0BFB /* Info.plist */ = {isa = PBXFileReference; lastKnownFileType = text.plist.xml; path = Info.plist; sourceTree = "<group>"; };
		CC45FD481BE36B3500DE0BFB /* TTTAttributedLabel.h */ = {isa = PBXFileReference; fileEncoding = 4; lastKnownFileType = sourcecode.c.h; path = TTTAttributedLabel.h; sourceTree = "<group>"; };
		CC45FD491BE36B3500DE0BFB /* TTTAttributedLabel.m */ = {isa = PBXFileReference; fileEncoding = 4; lastKnownFileType = sourcecode.c.objc; path = TTTAttributedLabel.m; sourceTree = "<group>"; };
		CC45FD6A1BE3745700DE0BFB /* MQAgent.h */ = {isa = PBXFileReference; fileEncoding = 4; lastKnownFileType = sourcecode.c.h; path = MQAgent.h; sourceTree = "<group>"; };
		CC45FD6B1BE3745700DE0BFB /* MQAgent.m */ = {isa = PBXFileReference; fileEncoding = 4; lastKnownFileType = sourcecode.c.objc; path = MQAgent.m; sourceTree = "<group>"; };
		CC45FD6C1BE3745700DE0BFB /* MQDefinition.h */ = {isa = PBXFileReference; fileEncoding = 4; lastKnownFileType = sourcecode.c.h; path = MQDefinition.h; sourceTree = "<group>"; };
		CC45FFC01BE490B100DE0BFB /* MQInputBar.h */ = {isa = PBXFileReference; fileEncoding = 4; lastKnownFileType = sourcecode.c.h; path = MQInputBar.h; sourceTree = "<group>"; };
		CC45FFC11BE490B100DE0BFB /* MQInputBar.m */ = {isa = PBXFileReference; fileEncoding = 4; lastKnownFileType = sourcecode.c.objc; path = MQInputBar.m; sourceTree = "<group>"; };
		CC45FFC41BE4912200DE0BFB /* HPGrowingTextView.h */ = {isa = PBXFileReference; fileEncoding = 4; lastKnownFileType = sourcecode.c.h; path = HPGrowingTextView.h; sourceTree = "<group>"; };
		CC45FFC51BE4912200DE0BFB /* HPGrowingTextView.m */ = {isa = PBXFileReference; fileEncoding = 4; lastKnownFileType = sourcecode.c.objc; path = HPGrowingTextView.m; sourceTree = "<group>"; };
		CC45FFC61BE4912200DE0BFB /* HPTextViewInternal.h */ = {isa = PBXFileReference; fileEncoding = 4; lastKnownFileType = sourcecode.c.h; path = HPTextViewInternal.h; sourceTree = "<group>"; };
		CC45FFC71BE4912200DE0BFB /* HPTextViewInternal.m */ = {isa = PBXFileReference; fileEncoding = 4; lastKnownFileType = sourcecode.c.objc; path = HPTextViewInternal.m; sourceTree = "<group>"; };
		CC45FFCB1BE4962500DE0BFB /* MQToast.h */ = {isa = PBXFileReference; fileEncoding = 4; lastKnownFileType = sourcecode.c.h; path = MQToast.h; sourceTree = "<group>"; };
		CC45FFCC1BE4962500DE0BFB /* MQToast.m */ = {isa = PBXFileReference; fileEncoding = 4; lastKnownFileType = sourcecode.c.objc; path = MQToast.m; sourceTree = "<group>"; };
		CC5115B01BE5B3C200184CF0 /* FBBitmapFont.h */ = {isa = PBXFileReference; fileEncoding = 4; lastKnownFileType = sourcecode.c.h; path = FBBitmapFont.h; sourceTree = "<group>"; };
		CC5115B11BE5B3C200184CF0 /* FBBitmapFont.m */ = {isa = PBXFileReference; fileEncoding = 4; lastKnownFileType = sourcecode.c.objc; path = FBBitmapFont.m; sourceTree = "<group>"; };
		CC5115B21BE5B3C200184CF0 /* FBBitmapFontView.h */ = {isa = PBXFileReference; fileEncoding = 4; lastKnownFileType = sourcecode.c.h; path = FBBitmapFontView.h; sourceTree = "<group>"; };
		CC5115B31BE5B3C200184CF0 /* FBBitmapFontView.m */ = {isa = PBXFileReference; fileEncoding = 4; lastKnownFileType = sourcecode.c.objc; path = FBBitmapFontView.m; sourceTree = "<group>"; };
		CC5115B41BE5B3C200184CF0 /* FBFontSymbol.h */ = {isa = PBXFileReference; fileEncoding = 4; lastKnownFileType = sourcecode.c.h; path = FBFontSymbol.h; sourceTree = "<group>"; };
		CC5115B51BE5B3C200184CF0 /* FBFontSymbol.m */ = {isa = PBXFileReference; fileEncoding = 4; lastKnownFileType = sourcecode.c.objc; path = FBFontSymbol.m; sourceTree = "<group>"; };
		CC5115B61BE5B3C200184CF0 /* FBLCDFont.h */ = {isa = PBXFileReference; fileEncoding = 4; lastKnownFileType = sourcecode.c.h; path = FBLCDFont.h; sourceTree = "<group>"; };
		CC5115B71BE5B3C200184CF0 /* FBLCDFont.m */ = {isa = PBXFileReference; fileEncoding = 4; lastKnownFileType = sourcecode.c.objc; path = FBLCDFont.m; sourceTree = "<group>"; };
		CC5115B81BE5B3C200184CF0 /* FBLCDFontView.h */ = {isa = PBXFileReference; fileEncoding = 4; lastKnownFileType = sourcecode.c.h; path = FBLCDFontView.h; sourceTree = "<group>"; };
		CC5115B91BE5B3C200184CF0 /* FBLCDFontView.m */ = {isa = PBXFileReference; fileEncoding = 4; lastKnownFileType = sourcecode.c.objc; path = FBLCDFontView.m; sourceTree = "<group>"; };
		CC5115BA1BE5B3C200184CF0 /* FBSquareFont.h */ = {isa = PBXFileReference; fileEncoding = 4; lastKnownFileType = sourcecode.c.h; path = FBSquareFont.h; sourceTree = "<group>"; };
		CC5115BB1BE5B3C200184CF0 /* FBSquareFont.m */ = {isa = PBXFileReference; fileEncoding = 4; lastKnownFileType = sourcecode.c.objc; path = FBSquareFont.m; sourceTree = "<group>"; };
		CC5115BC1BE5B3C200184CF0 /* FBSquareFontView.h */ = {isa = PBXFileReference; fileEncoding = 4; lastKnownFileType = sourcecode.c.h; path = FBSquareFontView.h; sourceTree = "<group>"; };
		CC5115BD1BE5B3C200184CF0 /* FBSquareFontView.m */ = {isa = PBXFileReference; fileEncoding = 4; lastKnownFileType = sourcecode.c.objc; path = FBSquareFontView.m; sourceTree = "<group>"; };
		CC5115C61BE5B47B00184CF0 /* MQRecordView.h */ = {isa = PBXFileReference; fileEncoding = 4; lastKnownFileType = sourcecode.c.h; path = MQRecordView.h; sourceTree = "<group>"; };
		CC5115C71BE5B47B00184CF0 /* MQRecordView.m */ = {isa = PBXFileReference; fileEncoding = 4; lastKnownFileType = sourcecode.c.objc; path = MQRecordView.m; sourceTree = "<group>"; };
		CC5115CC1BE6545B00184CF0 /* MHFacebookImageViewer.h */ = {isa = PBXFileReference; fileEncoding = 4; lastKnownFileType = sourcecode.c.h; path = MHFacebookImageViewer.h; sourceTree = "<group>"; };
		CC5115CD1BE6545B00184CF0 /* MHFacebookImageViewer.m */ = {isa = PBXFileReference; fileEncoding = 4; lastKnownFileType = sourcecode.c.objc; path = MHFacebookImageViewer.m; sourceTree = "<group>"; };
		CC5115CE1BE6545B00184CF0 /* UIImageView+MHFacebookImageViewer.h */ = {isa = PBXFileReference; fileEncoding = 4; lastKnownFileType = sourcecode.c.h; path = "UIImageView+MHFacebookImageViewer.h"; sourceTree = "<group>"; };
		CC5115CF1BE6545B00184CF0 /* UIImageView+MHFacebookImageViewer.m */ = {isa = PBXFileReference; fileEncoding = 4; lastKnownFileType = sourcecode.c.objc; path = "UIImageView+MHFacebookImageViewer.m"; sourceTree = "<group>"; };
		CCAD3D001BE75F7500B87A23 /* interf_dec.h */ = {isa = PBXFileReference; fileEncoding = 4; lastKnownFileType = sourcecode.c.h; path = interf_dec.h; sourceTree = "<group>"; };
		CCAD3D011BE75F7500B87A23 /* interf_enc.h */ = {isa = PBXFileReference; fileEncoding = 4; lastKnownFileType = sourcecode.c.h; path = interf_enc.h; sourceTree = "<group>"; };
		CCAD3D031BE75F7500B87A23 /* dec_if.h */ = {isa = PBXFileReference; fileEncoding = 4; lastKnownFileType = sourcecode.c.h; path = dec_if.h; sourceTree = "<group>"; };
		CCAD3D041BE75F7500B87A23 /* if_rom.h */ = {isa = PBXFileReference; fileEncoding = 4; lastKnownFileType = sourcecode.c.h; path = if_rom.h; sourceTree = "<group>"; };
		CCAD3D061BE75F7500B87A23 /* libopencore-amrnb.a */ = {isa = PBXFileReference; lastKnownFileType = archive.ar; path = "libopencore-amrnb.a"; sourceTree = "<group>"; };
		CCAD3D071BE75F7500B87A23 /* libopencore-amrwb.a */ = {isa = PBXFileReference; lastKnownFileType = archive.ar; path = "libopencore-amrwb.a"; sourceTree = "<group>"; };
		CCAD3D081BE75F7500B87A23 /* AmrRecordWriter.h */ = {isa = PBXFileReference; fileEncoding = 4; lastKnownFileType = sourcecode.c.h; path = AmrRecordWriter.h; sourceTree = "<group>"; };
		CCAD3D091BE75F7500B87A23 /* AmrRecordWriter.m */ = {isa = PBXFileReference; fileEncoding = 4; lastKnownFileType = sourcecode.c.objc; path = AmrRecordWriter.m; sourceTree = "<group>"; };
		CCAD3D0A1BE75F7500B87A23 /* CafRecordWriter.h */ = {isa = PBXFileReference; fileEncoding = 4; lastKnownFileType = sourcecode.c.h; path = CafRecordWriter.h; sourceTree = "<group>"; };
		CCAD3D0B1BE75F7500B87A23 /* CafRecordWriter.m */ = {isa = PBXFileReference; fileEncoding = 4; lastKnownFileType = sourcecode.c.objc; path = CafRecordWriter.m; sourceTree = "<group>"; };
		CCAD3D0C1BE75F7500B87A23 /* MLAudioMeterObserver.h */ = {isa = PBXFileReference; fileEncoding = 4; lastKnownFileType = sourcecode.c.h; path = MLAudioMeterObserver.h; sourceTree = "<group>"; };
		CCAD3D0D1BE75F7500B87A23 /* MLAudioMeterObserver.m */ = {isa = PBXFileReference; fileEncoding = 4; lastKnownFileType = sourcecode.c.objc; path = MLAudioMeterObserver.m; sourceTree = "<group>"; };
		CCAD3D0E1BE75F7500B87A23 /* MLAudioRecorder.h */ = {isa = PBXFileReference; fileEncoding = 4; lastKnownFileType = sourcecode.c.h; path = MLAudioRecorder.h; sourceTree = "<group>"; };
		CCAD3D0F1BE75F7500B87A23 /* MLAudioRecorder.m */ = {isa = PBXFileReference; fileEncoding = 4; lastKnownFileType = sourcecode.c.objc; path = MLAudioRecorder.m; sourceTree = "<group>"; };
		CCAD3D111BE75F7500B87A23 /* lame.framework */ = {isa = PBXFileReference; lastKnownFileType = wrapper.framework; path = lame.framework; sourceTree = "<group>"; };
		CCAD3D121BE75F7500B87A23 /* Mp3RecordWriter.h */ = {isa = PBXFileReference; fileEncoding = 4; lastKnownFileType = sourcecode.c.h; path = Mp3RecordWriter.h; sourceTree = "<group>"; };
		CCAD3D131BE75F7500B87A23 /* Mp3RecordWriter.m */ = {isa = PBXFileReference; fileEncoding = 4; lastKnownFileType = sourcecode.c.objc; path = Mp3RecordWriter.m; sourceTree = "<group>"; };
		CCAD3D1F1BE79D2000B87A23 /* Debug.h */ = {isa = PBXFileReference; fileEncoding = 4; lastKnownFileType = sourcecode.c.h; path = Debug.h; sourceTree = "<group>"; };
		CCAD3D251BE7BD2C00B87A23 /* amrFileCodec.h */ = {isa = PBXFileReference; fileEncoding = 4; lastKnownFileType = sourcecode.c.h; path = amrFileCodec.h; sourceTree = "<group>"; };
		CCAD3D261BE7BD2C00B87A23 /* amrFileCodec.mm */ = {isa = PBXFileReference; fileEncoding = 4; lastKnownFileType = sourcecode.cpp.objcpp; path = amrFileCodec.mm; sourceTree = "<group>"; };
		CCAD3D271BE7BD2C00B87A23 /* wav.h */ = {isa = PBXFileReference; fileEncoding = 4; lastKnownFileType = sourcecode.c.h; path = wav.h; sourceTree = "<group>"; };
		CCAD3D281BE7BD2C00B87A23 /* wav.mm */ = {isa = PBXFileReference; fileEncoding = 4; lastKnownFileType = sourcecode.cpp.objcpp; path = wav.mm; sourceTree = "<group>"; };
		CCAD3D291BE7BD2C00B87A23 /* VoiceConverter.h */ = {isa = PBXFileReference; fileEncoding = 4; lastKnownFileType = sourcecode.c.h; path = VoiceConverter.h; sourceTree = "<group>"; };
		CCAD3D2A1BE7BD2C00B87A23 /* VoiceConverter.mm */ = {isa = PBXFileReference; fileEncoding = 4; lastKnownFileType = sourcecode.cpp.objcpp; path = VoiceConverter.mm; sourceTree = "<group>"; };
		CCCDCC9A1BEB09F900B60667 /* MQPullRefreshView.h */ = {isa = PBXFileReference; fileEncoding = 4; lastKnownFileType = sourcecode.c.h; name = MQPullRefreshView.h; path = MQPullRefreshView/MQPullRefreshView.h; sourceTree = "<group>"; };
		CCCDCC9B1BEB09F900B60667 /* MQPullRefreshView.m */ = {isa = PBXFileReference; fileEncoding = 4; lastKnownFileType = sourcecode.c.objc; name = MQPullRefreshView.m; path = MQPullRefreshView/MQPullRefreshView.m; sourceTree = "<group>"; };
		CCCDCC9D1BEB99FF00B60667 /* MQServiceToViewInterface.h */ = {isa = PBXFileReference; fileEncoding = 4; lastKnownFileType = sourcecode.c.h; path = MQServiceToViewInterface.h; sourceTree = "<group>"; };
		CCCDCC9E1BEB99FF00B60667 /* MQServiceToViewInterface.m */ = {isa = PBXFileReference; fileEncoding = 4; lastKnownFileType = sourcecode.c.objc; path = MQServiceToViewInterface.m; sourceTree = "<group>"; };
		CCF5DB041C04996D0092FDD6 /* MQChatViewConfig.h */ = {isa = PBXFileReference; fileEncoding = 4; lastKnownFileType = sourcecode.c.h; path = MQChatViewConfig.h; sourceTree = "<group>"; };
		CCF5DB051C04996D0092FDD6 /* MQChatViewConfig.m */ = {isa = PBXFileReference; fileEncoding = 4; lastKnownFileType = sourcecode.c.objc; path = MQChatViewConfig.m; sourceTree = "<group>"; };
		CCF5DB061C04996D0092FDD6 /* MQChatViewManager.h */ = {isa = PBXFileReference; fileEncoding = 4; lastKnownFileType = sourcecode.c.h; path = MQChatViewManager.h; sourceTree = "<group>"; };
		CCF5DB071C04996D0092FDD6 /* MQChatViewManager.m */ = {isa = PBXFileReference; fileEncoding = 4; lastKnownFileType = sourcecode.c.objc; path = MQChatViewManager.m; sourceTree = "<group>"; };
		CCF5DB0D1C0499910092FDD6 /* MQChatViewController.h */ = {isa = PBXFileReference; fileEncoding = 4; lastKnownFileType = sourcecode.c.h; path = MQChatViewController.h; sourceTree = "<group>"; };
		CCF5DB0E1C0499910092FDD6 /* MQChatViewController.m */ = {isa = PBXFileReference; fileEncoding = 4; lastKnownFileType = sourcecode.c.objc; path = MQChatViewController.m; sourceTree = "<group>"; };
		CCF5DB0F1C0499910092FDD6 /* MQChatViewService.h */ = {isa = PBXFileReference; fileEncoding = 4; lastKnownFileType = sourcecode.c.h; path = MQChatViewService.h; sourceTree = "<group>"; };
		CCF5DB101C0499910092FDD6 /* MQChatViewService.m */ = {isa = PBXFileReference; fileEncoding = 4; lastKnownFileType = sourcecode.c.objc; path = MQChatViewService.m; sourceTree = "<group>"; };
		CCF5DB111C0499910092FDD6 /* MQChatViewTableDataSource.h */ = {isa = PBXFileReference; fileEncoding = 4; lastKnownFileType = sourcecode.c.h; path = MQChatViewTableDataSource.h; sourceTree = "<group>"; };
		CCF5DB121C0499910092FDD6 /* MQChatViewTableDataSource.m */ = {isa = PBXFileReference; fileEncoding = 4; lastKnownFileType = sourcecode.c.objc; path = MQChatViewTableDataSource.m; sourceTree = "<group>"; };
		CCF5DB431C0499D70092FDD6 /* MQBaseMessage.h */ = {isa = PBXFileReference; fileEncoding = 4; lastKnownFileType = sourcecode.c.h; path = MQBaseMessage.h; sourceTree = "<group>"; };
		CCF5DB441C0499D70092FDD6 /* MQBaseMessage.m */ = {isa = PBXFileReference; fileEncoding = 4; lastKnownFileType = sourcecode.c.objc; path = MQBaseMessage.m; sourceTree = "<group>"; };
		CCF5DB451C0499D70092FDD6 /* MQEventMessage.h */ = {isa = PBXFileReference; fileEncoding = 4; lastKnownFileType = sourcecode.c.h; path = MQEventMessage.h; sourceTree = "<group>"; };
		CCF5DB461C0499D70092FDD6 /* MQEventMessage.m */ = {isa = PBXFileReference; fileEncoding = 4; lastKnownFileType = sourcecode.c.objc; path = MQEventMessage.m; sourceTree = "<group>"; };
		CCF5DB471C0499D70092FDD6 /* MQImageMessage.h */ = {isa = PBXFileReference; fileEncoding = 4; lastKnownFileType = sourcecode.c.h; path = MQImageMessage.h; sourceTree = "<group>"; };
		CCF5DB481C0499D70092FDD6 /* MQImageMessage.m */ = {isa = PBXFileReference; fileEncoding = 4; lastKnownFileType = sourcecode.c.objc; path = MQImageMessage.m; sourceTree = "<group>"; };
		CCF5DB491C0499D70092FDD6 /* MQTextMessage.h */ = {isa = PBXFileReference; fileEncoding = 4; lastKnownFileType = sourcecode.c.h; path = MQTextMessage.h; sourceTree = "<group>"; };
		CCF5DB4A1C0499D70092FDD6 /* MQTextMessage.m */ = {isa = PBXFileReference; fileEncoding = 4; lastKnownFileType = sourcecode.c.objc; path = MQTextMessage.m; sourceTree = "<group>"; };
		CCF5DB4B1C0499D70092FDD6 /* MQVoiceMessage.h */ = {isa = PBXFileReference; fileEncoding = 4; lastKnownFileType = sourcecode.c.h; path = MQVoiceMessage.h; sourceTree = "<group>"; };
		CCF5DB4C1C0499D70092FDD6 /* MQVoiceMessage.m */ = {isa = PBXFileReference; fileEncoding = 4; lastKnownFileType = sourcecode.c.objc; path = MQVoiceMessage.m; sourceTree = "<group>"; };
		CCF5DB531C0499F50092FDD6 /* MQChatViewAsset.bundle */ = {isa = PBXFileReference; lastKnownFileType = "wrapper.plug-in"; path = MQChatViewAsset.bundle; sourceTree = "<group>"; };
		CCF5DB561C049A0E0092FDD6 /* MQAssetUtil.h */ = {isa = PBXFileReference; fileEncoding = 4; lastKnownFileType = sourcecode.c.h; path = MQAssetUtil.h; sourceTree = "<group>"; };
		CCF5DB571C049A0E0092FDD6 /* MQAssetUtil.m */ = {isa = PBXFileReference; fileEncoding = 4; lastKnownFileType = sourcecode.c.objc; path = MQAssetUtil.m; sourceTree = "<group>"; };
		CCF5DB581C049A0E0092FDD6 /* MQBundleUtil.h */ = {isa = PBXFileReference; fileEncoding = 4; lastKnownFileType = sourcecode.c.h; path = MQBundleUtil.h; sourceTree = "<group>"; };
		CCF5DB591C049A0E0092FDD6 /* MQBundleUtil.m */ = {isa = PBXFileReference; fileEncoding = 4; lastKnownFileType = sourcecode.c.objc; path = MQBundleUtil.m; sourceTree = "<group>"; };
		CCF5DB5A1C049A0E0092FDD6 /* MQChatAudioPlayer.h */ = {isa = PBXFileReference; fileEncoding = 4; lastKnownFileType = sourcecode.c.h; path = MQChatAudioPlayer.h; sourceTree = "<group>"; };
		CCF5DB5B1C049A0E0092FDD6 /* MQChatAudioPlayer.m */ = {isa = PBXFileReference; fileEncoding = 4; lastKnownFileType = sourcecode.c.objc; path = MQChatAudioPlayer.m; sourceTree = "<group>"; };
		CCF5DB5C1C049A0E0092FDD6 /* MQChatAudioRecorder.h */ = {isa = PBXFileReference; fileEncoding = 4; lastKnownFileType = sourcecode.c.h; path = MQChatAudioRecorder.h; sourceTree = "<group>"; };
		CCF5DB5D1C049A0E0092FDD6 /* MQChatAudioRecorder.m */ = {isa = PBXFileReference; fileEncoding = 4; lastKnownFileType = sourcecode.c.objc; path = MQChatAudioRecorder.m; sourceTree = "<group>"; };
		CCF5DB5E1C049A0E0092FDD6 /* MQChatEmojize.h */ = {isa = PBXFileReference; fileEncoding = 4; lastKnownFileType = sourcecode.c.h; path = MQChatEmojize.h; sourceTree = "<group>"; };
		CCF5DB5F1C049A0E0092FDD6 /* MQChatEmojize.m */ = {isa = PBXFileReference; fileEncoding = 4; lastKnownFileType = sourcecode.c.objc; path = MQChatEmojize.m; sourceTree = "<group>"; };
		CCF5DB601C049A0E0092FDD6 /* MQChatFileUtil.h */ = {isa = PBXFileReference; fileEncoding = 4; lastKnownFileType = sourcecode.c.h; path = MQChatFileUtil.h; sourceTree = "<group>"; };
		CCF5DB611C049A0E0092FDD6 /* MQChatFileUtil.m */ = {isa = PBXFileReference; fileEncoding = 4; lastKnownFileType = sourcecode.c.objc; path = MQChatFileUtil.m; sourceTree = "<group>"; };
		CCF5DB621C049A0E0092FDD6 /* MQChatRegexUtil.h */ = {isa = PBXFileReference; fileEncoding = 4; lastKnownFileType = sourcecode.c.h; path = MQChatRegexUtil.h; sourceTree = "<group>"; };
		CCF5DB631C049A0E0092FDD6 /* MQChatRegexUtil.m */ = {isa = PBXFileReference; fileEncoding = 4; lastKnownFileType = sourcecode.c.objc; path = MQChatRegexUtil.m; sourceTree = "<group>"; };
		CCF5DB641C049A0E0092FDD6 /* MQDateFormatterUtil.h */ = {isa = PBXFileReference; fileEncoding = 4; lastKnownFileType = sourcecode.c.h; path = MQDateFormatterUtil.h; sourceTree = "<group>"; };
		CCF5DB651C049A0E0092FDD6 /* MQDateFormatterUtil.m */ = {isa = PBXFileReference; fileEncoding = 4; lastKnownFileType = sourcecode.c.objc; path = MQDateFormatterUtil.m; sourceTree = "<group>"; };
		CCF5DB661C049A0E0092FDD6 /* MQDeviceFrameUtil.h */ = {isa = PBXFileReference; fileEncoding = 4; lastKnownFileType = sourcecode.c.h; path = MQDeviceFrameUtil.h; sourceTree = "<group>"; };
		CCF5DB671C049A0E0092FDD6 /* MQDeviceFrameUtil.m */ = {isa = PBXFileReference; fileEncoding = 4; lastKnownFileType = sourcecode.c.objc; path = MQDeviceFrameUtil.m; sourceTree = "<group>"; };
		CCF5DB681C049A0E0092FDD6 /* MQImageUtil.h */ = {isa = PBXFileReference; fileEncoding = 4; lastKnownFileType = sourcecode.c.h; path = MQImageUtil.h; sourceTree = "<group>"; };
		CCF5DB691C049A0E0092FDD6 /* MQImageUtil.m */ = {isa = PBXFileReference; fileEncoding = 4; lastKnownFileType = sourcecode.c.objc; path = MQImageUtil.m; sourceTree = "<group>"; };
		CCF5DB6A1C049A0E0092FDD6 /* MQStringSizeUtil.h */ = {isa = PBXFileReference; fileEncoding = 4; lastKnownFileType = sourcecode.c.h; path = MQStringSizeUtil.h; sourceTree = "<group>"; };
		CCF5DB6B1C049A0E0092FDD6 /* MQStringSizeUtil.m */ = {isa = PBXFileReference; fileEncoding = 4; lastKnownFileType = sourcecode.c.objc; path = MQStringSizeUtil.m; sourceTree = "<group>"; };
		CCF8B72E1C0C161600CE9E4C /* MQChatTableView.h */ = {isa = PBXFileReference; fileEncoding = 4; lastKnownFileType = sourcecode.c.h; path = MQChatTableView.h; sourceTree = "<group>"; };
		CCF8B72F1C0C161600CE9E4C /* MQChatTableView.m */ = {isa = PBXFileReference; fileEncoding = 4; lastKnownFileType = sourcecode.c.objc; path = MQChatTableView.m; sourceTree = "<group>"; };
		CCF8B7321C0C165500CE9E4C /* MQCellModelProtocol.h */ = {isa = PBXFileReference; fileEncoding = 4; lastKnownFileType = sourcecode.c.h; path = MQCellModelProtocol.h; sourceTree = "<group>"; };
		CCF8B7331C0C165500CE9E4C /* MQEventCellModel.h */ = {isa = PBXFileReference; fileEncoding = 4; lastKnownFileType = sourcecode.c.h; path = MQEventCellModel.h; sourceTree = "<group>"; };
		CCF8B7341C0C165500CE9E4C /* MQEventCellModel.m */ = {isa = PBXFileReference; fileEncoding = 4; lastKnownFileType = sourcecode.c.objc; path = MQEventCellModel.m; sourceTree = "<group>"; };
		CCF8B7351C0C165500CE9E4C /* MQImageCellModel.h */ = {isa = PBXFileReference; fileEncoding = 4; lastKnownFileType = sourcecode.c.h; path = MQImageCellModel.h; sourceTree = "<group>"; };
		CCF8B7361C0C165500CE9E4C /* MQImageCellModel.m */ = {isa = PBXFileReference; fileEncoding = 4; lastKnownFileType = sourcecode.c.objc; path = MQImageCellModel.m; sourceTree = "<group>"; };
		CCF8B7371C0C165500CE9E4C /* MQMessageDateCellModel.h */ = {isa = PBXFileReference; fileEncoding = 4; lastKnownFileType = sourcecode.c.h; path = MQMessageDateCellModel.h; sourceTree = "<group>"; };
		CCF8B7381C0C165500CE9E4C /* MQMessageDateCellModel.m */ = {isa = PBXFileReference; fileEncoding = 4; lastKnownFileType = sourcecode.c.objc; path = MQMessageDateCellModel.m; sourceTree = "<group>"; };
		CCF8B7391C0C165500CE9E4C /* MQTextCellModel.h */ = {isa = PBXFileReference; fileEncoding = 4; lastKnownFileType = sourcecode.c.h; path = MQTextCellModel.h; sourceTree = "<group>"; };
		CCF8B73A1C0C165500CE9E4C /* MQTextCellModel.m */ = {isa = PBXFileReference; fileEncoding = 4; lastKnownFileType = sourcecode.c.objc; path = MQTextCellModel.m; sourceTree = "<group>"; };
		CCF8B73B1C0C165500CE9E4C /* MQTipsCellModel.h */ = {isa = PBXFileReference; fileEncoding = 4; lastKnownFileType = sourcecode.c.h; path = MQTipsCellModel.h; sourceTree = "<group>"; };
		CCF8B73C1C0C165500CE9E4C /* MQTipsCellModel.m */ = {isa = PBXFileReference; fileEncoding = 4; lastKnownFileType = sourcecode.c.objc; path = MQTipsCellModel.m; sourceTree = "<group>"; };
		CCF8B73D1C0C165500CE9E4C /* MQVoiceCellModel.h */ = {isa = PBXFileReference; fileEncoding = 4; lastKnownFileType = sourcecode.c.h; path = MQVoiceCellModel.h; sourceTree = "<group>"; };
		CCF8B73E1C0C165500CE9E4C /* MQVoiceCellModel.m */ = {isa = PBXFileReference; fileEncoding = 4; lastKnownFileType = sourcecode.c.objc; path = MQVoiceCellModel.m; sourceTree = "<group>"; };
		CCF8B7401C0C165500CE9E4C /* MQChatBaseCell.h */ = {isa = PBXFileReference; fileEncoding = 4; lastKnownFileType = sourcecode.c.h; path = MQChatBaseCell.h; sourceTree = "<group>"; };
		CCF8B7411C0C165500CE9E4C /* MQChatBaseCell.m */ = {isa = PBXFileReference; fileEncoding = 4; lastKnownFileType = sourcecode.c.objc; path = MQChatBaseCell.m; sourceTree = "<group>"; };
		CCF8B7421C0C165500CE9E4C /* MQEventMessageCell.h */ = {isa = PBXFileReference; fileEncoding = 4; lastKnownFileType = sourcecode.c.h; path = MQEventMessageCell.h; sourceTree = "<group>"; };
		CCF8B7431C0C165500CE9E4C /* MQEventMessageCell.m */ = {isa = PBXFileReference; fileEncoding = 4; lastKnownFileType = sourcecode.c.objc; path = MQEventMessageCell.m; sourceTree = "<group>"; };
		CCF8B7441C0C165500CE9E4C /* MQImageMessageCell.h */ = {isa = PBXFileReference; fileEncoding = 4; lastKnownFileType = sourcecode.c.h; path = MQImageMessageCell.h; sourceTree = "<group>"; };
		CCF8B7451C0C165500CE9E4C /* MQImageMessageCell.m */ = {isa = PBXFileReference; fileEncoding = 4; lastKnownFileType = sourcecode.c.objc; path = MQImageMessageCell.m; sourceTree = "<group>"; };
		CCF8B7461C0C165500CE9E4C /* MQMessageDateCell.h */ = {isa = PBXFileReference; fileEncoding = 4; lastKnownFileType = sourcecode.c.h; path = MQMessageDateCell.h; sourceTree = "<group>"; };
		CCF8B7471C0C165500CE9E4C /* MQMessageDateCell.m */ = {isa = PBXFileReference; fileEncoding = 4; lastKnownFileType = sourcecode.c.objc; path = MQMessageDateCell.m; sourceTree = "<group>"; };
		CCF8B7481C0C165500CE9E4C /* MQTextMessageCell.h */ = {isa = PBXFileReference; fileEncoding = 4; lastKnownFileType = sourcecode.c.h; path = MQTextMessageCell.h; sourceTree = "<group>"; };
		CCF8B7491C0C165500CE9E4C /* MQTextMessageCell.m */ = {isa = PBXFileReference; fileEncoding = 4; lastKnownFileType = sourcecode.c.objc; path = MQTextMessageCell.m; sourceTree = "<group>"; };
		CCF8B74A1C0C165500CE9E4C /* MQTipsCell.h */ = {isa = PBXFileReference; fileEncoding = 4; lastKnownFileType = sourcecode.c.h; path = MQTipsCell.h; sourceTree = "<group>"; };
		CCF8B74B1C0C165500CE9E4C /* MQTipsCell.m */ = {isa = PBXFileReference; fileEncoding = 4; lastKnownFileType = sourcecode.c.objc; path = MQTipsCell.m; sourceTree = "<group>"; };
		CCF8B74C1C0C165500CE9E4C /* MQVoiceMessageCell.h */ = {isa = PBXFileReference; fileEncoding = 4; lastKnownFileType = sourcecode.c.h; path = MQVoiceMessageCell.h; sourceTree = "<group>"; };
		CCF8B74D1C0C165500CE9E4C /* MQVoiceMessageCell.m */ = {isa = PBXFileReference; fileEncoding = 4; lastKnownFileType = sourcecode.c.objc; path = MQVoiceMessageCell.m; sourceTree = "<group>"; };
/* End PBXFileReference section */

/* Begin PBXFrameworksBuildPhase section */
		CC45FCE71BE36B1900DE0BFB /* Frameworks */ = {
			isa = PBXFrameworksBuildPhase;
			buildActionMask = 2147483647;
			files = (
				CCAD3D151BE75F7500B87A23 /* libopencore-amrwb.a in Frameworks */,
				CCAD3D1A1BE75F7500B87A23 /* lame.framework in Frameworks */,
				CCAD3D141BE75F7500B87A23 /* libopencore-amrnb.a in Frameworks */,
			);
			runOnlyForDeploymentPostprocessing = 0;
		};
		CC45FD001BE36B1900DE0BFB /* Frameworks */ = {
			isa = PBXFrameworksBuildPhase;
			buildActionMask = 2147483647;
			files = (
			);
			runOnlyForDeploymentPostprocessing = 0;
		};
		CC45FD0B1BE36B1900DE0BFB /* Frameworks */ = {
			isa = PBXFrameworksBuildPhase;
			buildActionMask = 2147483647;
			files = (
			);
			runOnlyForDeploymentPostprocessing = 0;
		};
/* End PBXFrameworksBuildPhase section */

/* Begin PBXGroup section */
		CC45FCE11BE36B1900DE0BFB = {
			isa = PBXGroup;
			children = (
				CC45FCEC1BE36B1900DE0BFB /* MQChatViewControllerDemo */,
				CC45FD061BE36B1900DE0BFB /* MQChatViewControllerDemoTests */,
				CC45FD111BE36B1900DE0BFB /* MQChatViewControllerDemoUITests */,
				CC45FCEB1BE36B1900DE0BFB /* Products */,
			);
			sourceTree = "<group>";
		};
		CC45FCEB1BE36B1900DE0BFB /* Products */ = {
			isa = PBXGroup;
			children = (
				CC45FCEA1BE36B1900DE0BFB /* MQChatViewControllerDemo.app */,
				CC45FD031BE36B1900DE0BFB /* MQChatViewControllerDemoTests.xctest */,
				CC45FD0E1BE36B1900DE0BFB /* MQChatViewControllerDemoUITests.xctest */,
			);
			name = Products;
			sourceTree = "<group>";
		};
		CC45FCEC1BE36B1900DE0BFB /* MQChatViewControllerDemo */ = {
			isa = PBXGroup;
			children = (
				CC45FD691BE3745700DE0BFB /* MeiqiaSDKFiles */,
				CC45FD201BE36B3500DE0BFB /* MQChatViewController */,
				CC45FCF01BE36B1900DE0BFB /* AppDelegate.h */,
				CC45FCF11BE36B1900DE0BFB /* AppDelegate.m */,
				CC45FCF31BE36B1900DE0BFB /* ViewController.h */,
				CC45FCF41BE36B1900DE0BFB /* ViewController.m */,
				CC45FCF61BE36B1900DE0BFB /* Main.storyboard */,
				CC45FCF91BE36B1900DE0BFB /* Assets.xcassets */,
				CC45FCFB1BE36B1900DE0BFB /* LaunchScreen.storyboard */,
				CC45FCFE1BE36B1900DE0BFB /* Info.plist */,
				CC45FCED1BE36B1900DE0BFB /* Supporting Files */,
			);
			path = MQChatViewControllerDemo;
			sourceTree = "<group>";
		};
		CC45FCED1BE36B1900DE0BFB /* Supporting Files */ = {
			isa = PBXGroup;
			children = (
				CC45FCEE1BE36B1900DE0BFB /* main.m */,
			);
			name = "Supporting Files";
			sourceTree = "<group>";
		};
		CC45FD061BE36B1900DE0BFB /* MQChatViewControllerDemoTests */ = {
			isa = PBXGroup;
			children = (
				CC45FD071BE36B1900DE0BFB /* MQChatViewControllerDemoTests.m */,
				CC45FD091BE36B1900DE0BFB /* Info.plist */,
			);
			path = MQChatViewControllerDemoTests;
			sourceTree = "<group>";
		};
		CC45FD111BE36B1900DE0BFB /* MQChatViewControllerDemoUITests */ = {
			isa = PBXGroup;
			children = (
				CC45FD121BE36B1900DE0BFB /* MQChatViewControllerDemoUITests.m */,
				CC45FD141BE36B1900DE0BFB /* Info.plist */,
			);
			path = MQChatViewControllerDemoUITests;
			sourceTree = "<group>";
		};
		CC45FD201BE36B3500DE0BFB /* MQChatViewController */ = {
			isa = PBXGroup;
			children = (
				CCF5DB031C04996D0092FDD6 /* Config */,
				CCF5DB0A1C0499910092FDD6 /* Controllers */,
				CCF5DB171C0499B70092FDD6 /* TableCells */,
				CCF5DB421C0499D70092FDD6 /* MessageModels */,
				CC45FD531BE36B3500DE0BFB /* Views */,
				CCF5DB551C049A0E0092FDD6 /* Utils */,
				CC45FD461BE36B3500DE0BFB /* Vendors */,
				CCF5DB521C0499F50092FDD6 /* Assets */,
			);
			path = MQChatViewController;
			sourceTree = SOURCE_ROOT;
		};
		CC45FD461BE36B3500DE0BFB /* Vendors */ = {
			isa = PBXGroup;
			children = (
				CCAD3D231BE7BD2C00B87A23 /* VoiceConvert */,
				CCAD3CFC1BE75F7500B87A23 /* MLAudioRecorder */,
				CC5115CB1BE6545B00184CF0 /* MHFacebookImageViewer */,
				CC5115AF1BE5B3C200184CF0 /* FBDigitalFont */,
				CC45FFC31BE4912200DE0BFB /* HPTextView */,
				CC45FD471BE36B3500DE0BFB /* TTTAttributedLabel */,
			);
			path = Vendors;
			sourceTree = "<group>";
		};
		CC45FD471BE36B3500DE0BFB /* TTTAttributedLabel */ = {
			isa = PBXGroup;
			children = (
				CC45FD481BE36B3500DE0BFB /* TTTAttributedLabel.h */,
				CC45FD491BE36B3500DE0BFB /* TTTAttributedLabel.m */,
			);
			path = TTTAttributedLabel;
			sourceTree = "<group>";
		};
		CC45FD531BE36B3500DE0BFB /* Views */ = {
			isa = PBXGroup;
			children = (
				CCF8B72E1C0C161600CE9E4C /* MQChatTableView.h */,
				CCF8B72F1C0C161600CE9E4C /* MQChatTableView.m */,
				CCCDCC991BEB09DC00B60667 /* MQPullRefreshView */,
				CC5115C51BE5B47B00184CF0 /* MQRecordView */,
				CC45FFCA1BE4962500DE0BFB /* MQToast */,
				CC45FFBF1BE490B100DE0BFB /* MQInputBar */,
			);
			path = Views;
			sourceTree = "<group>";
		};
		CC45FD691BE3745700DE0BFB /* MeiqiaSDKFiles */ = {
			isa = PBXGroup;
			children = (
				CC45FD6A1BE3745700DE0BFB /* MQAgent.h */,
				CC45FD6B1BE3745700DE0BFB /* MQAgent.m */,
				CC45FD6C1BE3745700DE0BFB /* MQDefinition.h */,
				CCCDCC9D1BEB99FF00B60667 /* MQServiceToViewInterface.h */,
				CCCDCC9E1BEB99FF00B60667 /* MQServiceToViewInterface.m */,
			);
			path = MeiqiaSDKFiles;
			sourceTree = SOURCE_ROOT;
		};
		CC45FFBF1BE490B100DE0BFB /* MQInputBar */ = {
			isa = PBXGroup;
			children = (
				CC45FFC01BE490B100DE0BFB /* MQInputBar.h */,
				CC45FFC11BE490B100DE0BFB /* MQInputBar.m */,
			);
			path = MQInputBar;
			sourceTree = "<group>";
		};
		CC45FFC31BE4912200DE0BFB /* HPTextView */ = {
			isa = PBXGroup;
			children = (
				CC45FFC41BE4912200DE0BFB /* HPGrowingTextView.h */,
				CC45FFC51BE4912200DE0BFB /* HPGrowingTextView.m */,
				CC45FFC61BE4912200DE0BFB /* HPTextViewInternal.h */,
				CC45FFC71BE4912200DE0BFB /* HPTextViewInternal.m */,
			);
			path = HPTextView;
			sourceTree = "<group>";
		};
		CC45FFCA1BE4962500DE0BFB /* MQToast */ = {
			isa = PBXGroup;
			children = (
				CC45FFCB1BE4962500DE0BFB /* MQToast.h */,
				CC45FFCC1BE4962500DE0BFB /* MQToast.m */,
			);
			path = MQToast;
			sourceTree = "<group>";
		};
		CC5115AF1BE5B3C200184CF0 /* FBDigitalFont */ = {
			isa = PBXGroup;
			children = (
				CC5115B01BE5B3C200184CF0 /* FBBitmapFont.h */,
				CC5115B11BE5B3C200184CF0 /* FBBitmapFont.m */,
				CC5115B21BE5B3C200184CF0 /* FBBitmapFontView.h */,
				CC5115B31BE5B3C200184CF0 /* FBBitmapFontView.m */,
				CC5115B41BE5B3C200184CF0 /* FBFontSymbol.h */,
				CC5115B51BE5B3C200184CF0 /* FBFontSymbol.m */,
				CC5115B61BE5B3C200184CF0 /* FBLCDFont.h */,
				CC5115B71BE5B3C200184CF0 /* FBLCDFont.m */,
				CC5115B81BE5B3C200184CF0 /* FBLCDFontView.h */,
				CC5115B91BE5B3C200184CF0 /* FBLCDFontView.m */,
				CC5115BA1BE5B3C200184CF0 /* FBSquareFont.h */,
				CC5115BB1BE5B3C200184CF0 /* FBSquareFont.m */,
				CC5115BC1BE5B3C200184CF0 /* FBSquareFontView.h */,
				CC5115BD1BE5B3C200184CF0 /* FBSquareFontView.m */,
			);
			path = FBDigitalFont;
			sourceTree = "<group>";
		};
		CC5115C51BE5B47B00184CF0 /* MQRecordView */ = {
			isa = PBXGroup;
			children = (
				CC5115C61BE5B47B00184CF0 /* MQRecordView.h */,
				CC5115C71BE5B47B00184CF0 /* MQRecordView.m */,
			);
			path = MQRecordView;
			sourceTree = "<group>";
		};
		CC5115CB1BE6545B00184CF0 /* MHFacebookImageViewer */ = {
			isa = PBXGroup;
			children = (
				CC5115CC1BE6545B00184CF0 /* MHFacebookImageViewer.h */,
				CC5115CD1BE6545B00184CF0 /* MHFacebookImageViewer.m */,
				CC5115CE1BE6545B00184CF0 /* UIImageView+MHFacebookImageViewer.h */,
				CC5115CF1BE6545B00184CF0 /* UIImageView+MHFacebookImageViewer.m */,
			);
			path = MHFacebookImageViewer;
			sourceTree = "<group>";
		};
		CCAD3CFC1BE75F7500B87A23 /* MLAudioRecorder */ = {
			isa = PBXGroup;
			children = (
				CCAD3D1F1BE79D2000B87A23 /* Debug.h */,
				CCAD3CFD1BE75F7500B87A23 /* amr_en_de */,
				CCAD3D081BE75F7500B87A23 /* AmrRecordWriter.h */,
				CCAD3D091BE75F7500B87A23 /* AmrRecordWriter.m */,
				CCAD3D0A1BE75F7500B87A23 /* CafRecordWriter.h */,
				CCAD3D0B1BE75F7500B87A23 /* CafRecordWriter.m */,
				CCAD3D0C1BE75F7500B87A23 /* MLAudioMeterObserver.h */,
				CCAD3D0D1BE75F7500B87A23 /* MLAudioMeterObserver.m */,
				CCAD3D0E1BE75F7500B87A23 /* MLAudioRecorder.h */,
				CCAD3D0F1BE75F7500B87A23 /* MLAudioRecorder.m */,
				CCAD3D101BE75F7500B87A23 /* mp3_en_de */,
				CCAD3D121BE75F7500B87A23 /* Mp3RecordWriter.h */,
				CCAD3D131BE75F7500B87A23 /* Mp3RecordWriter.m */,
			);
			path = MLAudioRecorder;
			sourceTree = "<group>";
		};
		CCAD3CFD1BE75F7500B87A23 /* amr_en_de */ = {
			isa = PBXGroup;
			children = (
				CCAD3CFE1BE75F7500B87A23 /* include */,
				CCAD3D051BE75F7500B87A23 /* lib */,
			);
			path = amr_en_de;
			sourceTree = "<group>";
		};
		CCAD3CFE1BE75F7500B87A23 /* include */ = {
			isa = PBXGroup;
			children = (
				CCAD3CFF1BE75F7500B87A23 /* opencore-amrnb */,
				CCAD3D021BE75F7500B87A23 /* opencore-amrwb */,
			);
			path = include;
			sourceTree = "<group>";
		};
		CCAD3CFF1BE75F7500B87A23 /* opencore-amrnb */ = {
			isa = PBXGroup;
			children = (
				CCAD3D001BE75F7500B87A23 /* interf_dec.h */,
				CCAD3D011BE75F7500B87A23 /* interf_enc.h */,
			);
			path = "opencore-amrnb";
			sourceTree = "<group>";
		};
		CCAD3D021BE75F7500B87A23 /* opencore-amrwb */ = {
			isa = PBXGroup;
			children = (
				CCAD3D031BE75F7500B87A23 /* dec_if.h */,
				CCAD3D041BE75F7500B87A23 /* if_rom.h */,
			);
			path = "opencore-amrwb";
			sourceTree = "<group>";
		};
		CCAD3D051BE75F7500B87A23 /* lib */ = {
			isa = PBXGroup;
			children = (
				CCAD3D061BE75F7500B87A23 /* libopencore-amrnb.a */,
				CCAD3D071BE75F7500B87A23 /* libopencore-amrwb.a */,
			);
			path = lib;
			sourceTree = "<group>";
		};
		CCAD3D101BE75F7500B87A23 /* mp3_en_de */ = {
			isa = PBXGroup;
			children = (
				CCAD3D111BE75F7500B87A23 /* lame.framework */,
			);
			path = mp3_en_de;
			sourceTree = "<group>";
		};
		CCAD3D231BE7BD2C00B87A23 /* VoiceConvert */ = {
			isa = PBXGroup;
			children = (
				CCAD3D241BE7BD2C00B87A23 /* amrwapper */,
				CCAD3D291BE7BD2C00B87A23 /* VoiceConverter.h */,
				CCAD3D2A1BE7BD2C00B87A23 /* VoiceConverter.mm */,
			);
			path = VoiceConvert;
			sourceTree = "<group>";
		};
		CCAD3D241BE7BD2C00B87A23 /* amrwapper */ = {
			isa = PBXGroup;
			children = (
				CCAD3D251BE7BD2C00B87A23 /* amrFileCodec.h */,
				CCAD3D261BE7BD2C00B87A23 /* amrFileCodec.mm */,
				CCAD3D271BE7BD2C00B87A23 /* wav.h */,
				CCAD3D281BE7BD2C00B87A23 /* wav.mm */,
			);
			path = amrwapper;
			sourceTree = "<group>";
		};
		CCCDCC991BEB09DC00B60667 /* MQPullRefreshView */ = {
			isa = PBXGroup;
			children = (
				CCCDCC9A1BEB09F900B60667 /* MQPullRefreshView.h */,
				CCCDCC9B1BEB09F900B60667 /* MQPullRefreshView.m */,
			);
			name = MQPullRefreshView;
			sourceTree = "<group>";
		};
		CCF5DB031C04996D0092FDD6 /* Config */ = {
			isa = PBXGroup;
			children = (
				CCF5DB041C04996D0092FDD6 /* MQChatViewConfig.h */,
				CCF5DB051C04996D0092FDD6 /* MQChatViewConfig.m */,
				CCF5DB061C04996D0092FDD6 /* MQChatViewManager.h */,
				CCF5DB071C04996D0092FDD6 /* MQChatViewManager.m */,
			);
			path = Config;
			sourceTree = "<group>";
		};
		CCF5DB0A1C0499910092FDD6 /* Controllers */ = {
			isa = PBXGroup;
			children = (
				CCF5DB0D1C0499910092FDD6 /* MQChatViewController.h */,
				CCF5DB0E1C0499910092FDD6 /* MQChatViewController.m */,
				CCF5DB0F1C0499910092FDD6 /* MQChatViewService.h */,
				CCF5DB101C0499910092FDD6 /* MQChatViewService.m */,
				CCF5DB111C0499910092FDD6 /* MQChatViewTableDataSource.h */,
				CCF5DB121C0499910092FDD6 /* MQChatViewTableDataSource.m */,
			);
			path = Controllers;
			sourceTree = "<group>";
		};
		CCF5DB171C0499B70092FDD6 /* TableCells */ = {
			isa = PBXGroup;
			children = (
				CCF8B7311C0C165500CE9E4C /* CellModel */,
				CCF8B73F1C0C165500CE9E4C /* CellView */,
			);
			path = TableCells;
			sourceTree = "<group>";
		};
		CCF5DB421C0499D70092FDD6 /* MessageModels */ = {
			isa = PBXGroup;
			children = (
				CCF5DB431C0499D70092FDD6 /* MQBaseMessage.h */,
				CCF5DB441C0499D70092FDD6 /* MQBaseMessage.m */,
				CCF5DB451C0499D70092FDD6 /* MQEventMessage.h */,
				CCF5DB461C0499D70092FDD6 /* MQEventMessage.m */,
				CCF5DB471C0499D70092FDD6 /* MQImageMessage.h */,
				CCF5DB481C0499D70092FDD6 /* MQImageMessage.m */,
				CCF5DB491C0499D70092FDD6 /* MQTextMessage.h */,
				CCF5DB4A1C0499D70092FDD6 /* MQTextMessage.m */,
				CCF5DB4B1C0499D70092FDD6 /* MQVoiceMessage.h */,
				CCF5DB4C1C0499D70092FDD6 /* MQVoiceMessage.m */,
			);
			path = MessageModels;
			sourceTree = "<group>";
		};
		CCF5DB521C0499F50092FDD6 /* Assets */ = {
			isa = PBXGroup;
			children = (
				CCF5DB531C0499F50092FDD6 /* MQChatViewAsset.bundle */,
			);
			path = Assets;
			sourceTree = "<group>";
		};
		CCF5DB551C049A0E0092FDD6 /* Utils */ = {
			isa = PBXGroup;
			children = (
				CCF5DB561C049A0E0092FDD6 /* MQAssetUtil.h */,
				CCF5DB571C049A0E0092FDD6 /* MQAssetUtil.m */,
				CCF5DB581C049A0E0092FDD6 /* MQBundleUtil.h */,
				CCF5DB591C049A0E0092FDD6 /* MQBundleUtil.m */,
				CCF5DB5A1C049A0E0092FDD6 /* MQChatAudioPlayer.h */,
				CCF5DB5B1C049A0E0092FDD6 /* MQChatAudioPlayer.m */,
				CCF5DB5C1C049A0E0092FDD6 /* MQChatAudioRecorder.h */,
				CCF5DB5D1C049A0E0092FDD6 /* MQChatAudioRecorder.m */,
				CCF5DB5E1C049A0E0092FDD6 /* MQChatEmojize.h */,
				CCF5DB5F1C049A0E0092FDD6 /* MQChatEmojize.m */,
				CCF5DB601C049A0E0092FDD6 /* MQChatFileUtil.h */,
				CCF5DB611C049A0E0092FDD6 /* MQChatFileUtil.m */,
				CCF5DB621C049A0E0092FDD6 /* MQChatRegexUtil.h */,
				CCF5DB631C049A0E0092FDD6 /* MQChatRegexUtil.m */,
				CCF5DB641C049A0E0092FDD6 /* MQDateFormatterUtil.h */,
				CCF5DB651C049A0E0092FDD6 /* MQDateFormatterUtil.m */,
				CCF5DB661C049A0E0092FDD6 /* MQDeviceFrameUtil.h */,
				CCF5DB671C049A0E0092FDD6 /* MQDeviceFrameUtil.m */,
				CCF5DB681C049A0E0092FDD6 /* MQImageUtil.h */,
				CCF5DB691C049A0E0092FDD6 /* MQImageUtil.m */,
				CCF5DB6A1C049A0E0092FDD6 /* MQStringSizeUtil.h */,
				CCF5DB6B1C049A0E0092FDD6 /* MQStringSizeUtil.m */,
			);
			path = Utils;
			sourceTree = "<group>";
		};
		CCF8B7311C0C165500CE9E4C /* CellModel */ = {
			isa = PBXGroup;
			children = (
				CCF8B7321C0C165500CE9E4C /* MQCellModelProtocol.h */,
				CCF8B7331C0C165500CE9E4C /* MQEventCellModel.h */,
				CCF8B7341C0C165500CE9E4C /* MQEventCellModel.m */,
				CCF8B7351C0C165500CE9E4C /* MQImageCellModel.h */,
				CCF8B7361C0C165500CE9E4C /* MQImageCellModel.m */,
				CCF8B7371C0C165500CE9E4C /* MQMessageDateCellModel.h */,
				CCF8B7381C0C165500CE9E4C /* MQMessageDateCellModel.m */,
				CCF8B7391C0C165500CE9E4C /* MQTextCellModel.h */,
				CCF8B73A1C0C165500CE9E4C /* MQTextCellModel.m */,
				CCF8B73B1C0C165500CE9E4C /* MQTipsCellModel.h */,
				CCF8B73C1C0C165500CE9E4C /* MQTipsCellModel.m */,
				CCF8B73D1C0C165500CE9E4C /* MQVoiceCellModel.h */,
				CCF8B73E1C0C165500CE9E4C /* MQVoiceCellModel.m */,
			);
			path = CellModel;
			sourceTree = "<group>";
		};
		CCF8B73F1C0C165500CE9E4C /* CellView */ = {
			isa = PBXGroup;
			children = (
				CCF8B7401C0C165500CE9E4C /* MQChatBaseCell.h */,
				CCF8B7411C0C165500CE9E4C /* MQChatBaseCell.m */,
				CCF8B7421C0C165500CE9E4C /* MQEventMessageCell.h */,
				CCF8B7431C0C165500CE9E4C /* MQEventMessageCell.m */,
				CCF8B7441C0C165500CE9E4C /* MQImageMessageCell.h */,
				CCF8B7451C0C165500CE9E4C /* MQImageMessageCell.m */,
				CCF8B7461C0C165500CE9E4C /* MQMessageDateCell.h */,
				CCF8B7471C0C165500CE9E4C /* MQMessageDateCell.m */,
				CCF8B7481C0C165500CE9E4C /* MQTextMessageCell.h */,
				CCF8B7491C0C165500CE9E4C /* MQTextMessageCell.m */,
				CCF8B74A1C0C165500CE9E4C /* MQTipsCell.h */,
				CCF8B74B1C0C165500CE9E4C /* MQTipsCell.m */,
				CCF8B74C1C0C165500CE9E4C /* MQVoiceMessageCell.h */,
				CCF8B74D1C0C165500CE9E4C /* MQVoiceMessageCell.m */,
			);
			path = CellView;
			sourceTree = "<group>";
		};
/* End PBXGroup section */

/* Begin PBXNativeTarget section */
		CC45FCE91BE36B1900DE0BFB /* MQChatViewControllerDemo */ = {
			isa = PBXNativeTarget;
			buildConfigurationList = CC45FD171BE36B1900DE0BFB /* Build configuration list for PBXNativeTarget "MQChatViewControllerDemo" */;
			buildPhases = (
				CC45FCE61BE36B1900DE0BFB /* Sources */,
				CC45FCE71BE36B1900DE0BFB /* Frameworks */,
				CC45FCE81BE36B1900DE0BFB /* Resources */,
			);
			buildRules = (
			);
			dependencies = (
			);
			name = MQChatViewControllerDemo;
			productName = MQChatViewControllerDemo;
			productReference = CC45FCEA1BE36B1900DE0BFB /* MQChatViewControllerDemo.app */;
			productType = "com.apple.product-type.application";
		};
		CC45FD021BE36B1900DE0BFB /* MQChatViewControllerDemoTests */ = {
			isa = PBXNativeTarget;
			buildConfigurationList = CC45FD1A1BE36B1900DE0BFB /* Build configuration list for PBXNativeTarget "MQChatViewControllerDemoTests" */;
			buildPhases = (
				CC45FCFF1BE36B1900DE0BFB /* Sources */,
				CC45FD001BE36B1900DE0BFB /* Frameworks */,
				CC45FD011BE36B1900DE0BFB /* Resources */,
			);
			buildRules = (
			);
			dependencies = (
				CC45FD051BE36B1900DE0BFB /* PBXTargetDependency */,
			);
			name = MQChatViewControllerDemoTests;
			productName = MQChatViewControllerDemoTests;
			productReference = CC45FD031BE36B1900DE0BFB /* MQChatViewControllerDemoTests.xctest */;
			productType = "com.apple.product-type.bundle.unit-test";
		};
		CC45FD0D1BE36B1900DE0BFB /* MQChatViewControllerDemoUITests */ = {
			isa = PBXNativeTarget;
			buildConfigurationList = CC45FD1D1BE36B1900DE0BFB /* Build configuration list for PBXNativeTarget "MQChatViewControllerDemoUITests" */;
			buildPhases = (
				CC45FD0A1BE36B1900DE0BFB /* Sources */,
				CC45FD0B1BE36B1900DE0BFB /* Frameworks */,
				CC45FD0C1BE36B1900DE0BFB /* Resources */,
			);
			buildRules = (
			);
			dependencies = (
				CC45FD101BE36B1900DE0BFB /* PBXTargetDependency */,
			);
			name = MQChatViewControllerDemoUITests;
			productName = MQChatViewControllerDemoUITests;
			productReference = CC45FD0E1BE36B1900DE0BFB /* MQChatViewControllerDemoUITests.xctest */;
			productType = "com.apple.product-type.bundle.ui-testing";
		};
/* End PBXNativeTarget section */

/* Begin PBXProject section */
		CC45FCE21BE36B1900DE0BFB /* Project object */ = {
			isa = PBXProject;
			attributes = {
				LastUpgradeCheck = 0710;
				ORGANIZATIONNAME = ijinmao;
				TargetAttributes = {
					CC45FCE91BE36B1900DE0BFB = {
						CreatedOnToolsVersion = 7.1;
						DevelopmentTeam = H22N8T6DAX;
					};
					CC45FD021BE36B1900DE0BFB = {
						CreatedOnToolsVersion = 7.1;
						TestTargetID = CC45FCE91BE36B1900DE0BFB;
					};
					CC45FD0D1BE36B1900DE0BFB = {
						CreatedOnToolsVersion = 7.1;
						TestTargetID = CC45FCE91BE36B1900DE0BFB;
					};
				};
			};
			buildConfigurationList = CC45FCE51BE36B1900DE0BFB /* Build configuration list for PBXProject "MQChatViewControllerDemo" */;
			compatibilityVersion = "Xcode 6.3";
			developmentRegion = English;
			hasScannedForEncodings = 0;
			knownRegions = (
				en,
				Base,
			);
			mainGroup = CC45FCE11BE36B1900DE0BFB;
			productRefGroup = CC45FCEB1BE36B1900DE0BFB /* Products */;
			projectDirPath = "";
			projectRoot = "";
			targets = (
				CC45FCE91BE36B1900DE0BFB /* MQChatViewControllerDemo */,
				CC45FD021BE36B1900DE0BFB /* MQChatViewControllerDemoTests */,
				CC45FD0D1BE36B1900DE0BFB /* MQChatViewControllerDemoUITests */,
			);
		};
/* End PBXProject section */

/* Begin PBXResourcesBuildPhase section */
		CC45FCE81BE36B1900DE0BFB /* Resources */ = {
			isa = PBXResourcesBuildPhase;
			buildActionMask = 2147483647;
			files = (
				CC45FCFD1BE36B1900DE0BFB /* LaunchScreen.storyboard in Resources */,
				CC45FCFA1BE36B1900DE0BFB /* Assets.xcassets in Resources */,
				CC45FCF81BE36B1900DE0BFB /* Main.storyboard in Resources */,
				CCF5DB541C0499F50092FDD6 /* MQChatViewAsset.bundle in Resources */,
			);
			runOnlyForDeploymentPostprocessing = 0;
		};
		CC45FD011BE36B1900DE0BFB /* Resources */ = {
			isa = PBXResourcesBuildPhase;
			buildActionMask = 2147483647;
			files = (
			);
			runOnlyForDeploymentPostprocessing = 0;
		};
		CC45FD0C1BE36B1900DE0BFB /* Resources */ = {
			isa = PBXResourcesBuildPhase;
			buildActionMask = 2147483647;
			files = (
			);
			runOnlyForDeploymentPostprocessing = 0;
		};
/* End PBXResourcesBuildPhase section */

/* Begin PBXSourcesBuildPhase section */
		CC45FCE61BE36B1900DE0BFB /* Sources */ = {
			isa = PBXSourcesBuildPhase;
			buildActionMask = 2147483647;
			files = (
				CCF5DB4D1C0499D70092FDD6 /* MQBaseMessage.m in Sources */,
				CC45FD721BE3745700DE0BFB /* MQAgent.m in Sources */,
				CCF5DB161C0499910092FDD6 /* MQChatViewTableDataSource.m in Sources */,
				CCF5DB6E1C049A0E0092FDD6 /* MQChatAudioPlayer.m in Sources */,
				CC5115C21BE5B3C200184CF0 /* FBLCDFontView.m in Sources */,
				CCF5DB6D1C049A0E0092FDD6 /* MQBundleUtil.m in Sources */,
				CCF5DB511C0499D70092FDD6 /* MQVoiceMessage.m in Sources */,
				CC5115C31BE5B3C200184CF0 /* FBSquareFont.m in Sources */,
				CCF8B75A1C0C165500CE9E4C /* MQVoiceMessageCell.m in Sources */,
				CC5115BE1BE5B3C200184CF0 /* FBBitmapFont.m in Sources */,
				CCAD3D2B1BE7BD2C00B87A23 /* amrFileCodec.mm in Sources */,
				CCF8B7541C0C165500CE9E4C /* MQChatBaseCell.m in Sources */,
				CCF8B7591C0C165500CE9E4C /* MQTipsCell.m in Sources */,
				CC45FFCD1BE4962500DE0BFB /* MQToast.m in Sources */,
				CCF5DB6C1C049A0E0092FDD6 /* MQAssetUtil.m in Sources */,
				CCF8B7301C0C161600CE9E4C /* MQChatTableView.m in Sources */,
				CCF5DB711C049A0E0092FDD6 /* MQChatFileUtil.m in Sources */,
				CCF5DB751C049A0E0092FDD6 /* MQImageUtil.m in Sources */,
				CCF8B7501C0C165500CE9E4C /* MQMessageDateCellModel.m in Sources */,
				CCF5DB151C0499910092FDD6 /* MQChatViewService.m in Sources */,
				CCF5DB4E1C0499D70092FDD6 /* MQEventMessage.m in Sources */,
				CCAD3D2D1BE7BD2C00B87A23 /* VoiceConverter.mm in Sources */,
				CC45FCF51BE36B1900DE0BFB /* ViewController.m in Sources */,
				CCF8B7531C0C165500CE9E4C /* MQVoiceCellModel.m in Sources */,
				CCF5DB6F1C049A0E0092FDD6 /* MQChatAudioRecorder.m in Sources */,
				CCAD3D191BE75F7500B87A23 /* MLAudioRecorder.m in Sources */,
				CCAD3D181BE75F7500B87A23 /* MLAudioMeterObserver.m in Sources */,
				CCCDCC9C1BEB09F900B60667 /* MQPullRefreshView.m in Sources */,
				CCF5DB701C049A0E0092FDD6 /* MQChatEmojize.m in Sources */,
				CCF5DB721C049A0E0092FDD6 /* MQChatRegexUtil.m in Sources */,
				CCAD3D1B1BE75F7500B87A23 /* Mp3RecordWriter.m in Sources */,
				CCF8B7521C0C165500CE9E4C /* MQTipsCellModel.m in Sources */,
				CC5115BF1BE5B3C200184CF0 /* FBBitmapFontView.m in Sources */,
				CC45FFC91BE4912200DE0BFB /* HPTextViewInternal.m in Sources */,
				CC45FFC81BE4912200DE0BFB /* HPGrowingTextView.m in Sources */,
				CC5115C81BE5B47B00184CF0 /* MQRecordView.m in Sources */,
				CCF5DB731C049A0E0092FDD6 /* MQDateFormatterUtil.m in Sources */,
				CCF5DB091C04996D0092FDD6 /* MQChatViewManager.m in Sources */,
				CC45FCF21BE36B1900DE0BFB /* AppDelegate.m in Sources */,
				CCF5DB141C0499910092FDD6 /* MQChatViewController.m in Sources */,
				CC5115C01BE5B3C200184CF0 /* FBFontSymbol.m in Sources */,
				CC45FCEF1BE36B1900DE0BFB /* main.m in Sources */,
				CCAD3D161BE75F7500B87A23 /* AmrRecordWriter.m in Sources */,
				CCAD3D171BE75F7500B87A23 /* CafRecordWriter.m in Sources */,
				CC5115C41BE5B3C200184CF0 /* FBSquareFontView.m in Sources */,
				CCF5DB081C04996D0092FDD6 /* MQChatViewConfig.m in Sources */,
				CCF8B7511C0C165500CE9E4C /* MQTextCellModel.m in Sources */,
				CC5115D11BE6545B00184CF0 /* UIImageView+MHFacebookImageViewer.m in Sources */,
				CCF5DB4F1C0499D70092FDD6 /* MQImageMessage.m in Sources */,
				CCF8B74E1C0C165500CE9E4C /* MQEventCellModel.m in Sources */,
				CCCDCC9F1BEB99FF00B60667 /* MQServiceToViewInterface.m in Sources */,
				CC5115D01BE6545B00184CF0 /* MHFacebookImageViewer.m in Sources */,
				CC45FFC21BE490B100DE0BFB /* MQInputBar.m in Sources */,
				CC45FD641BE36B3600DE0BFB /* TTTAttributedLabel.m in Sources */,
				CC5115C11BE5B3C200184CF0 /* FBLCDFont.m in Sources */,
				CCF8B7561C0C165500CE9E4C /* MQImageMessageCell.m in Sources */,
				CCF5DB761C049A0E0092FDD6 /* MQStringSizeUtil.m in Sources */,
				CCF8B7571C0C165500CE9E4C /* MQMessageDateCell.m in Sources */,
				CCF8B7581C0C165500CE9E4C /* MQTextMessageCell.m in Sources */,
				CCF5DB501C0499D70092FDD6 /* MQTextMessage.m in Sources */,
				CCF5DB741C049A0E0092FDD6 /* MQDeviceFrameUtil.m in Sources */,
				CCF8B74F1C0C165500CE9E4C /* MQImageCellModel.m in Sources */,
				CCAD3D2C1BE7BD2C00B87A23 /* wav.mm in Sources */,
				CCF8B7551C0C165500CE9E4C /* MQEventMessageCell.m in Sources */,
			);
			runOnlyForDeploymentPostprocessing = 0;
		};
		CC45FCFF1BE36B1900DE0BFB /* Sources */ = {
			isa = PBXSourcesBuildPhase;
			buildActionMask = 2147483647;
			files = (
				CC45FD081BE36B1900DE0BFB /* MQChatViewControllerDemoTests.m in Sources */,
			);
			runOnlyForDeploymentPostprocessing = 0;
		};
		CC45FD0A1BE36B1900DE0BFB /* Sources */ = {
			isa = PBXSourcesBuildPhase;
			buildActionMask = 2147483647;
			files = (
				CC45FD131BE36B1900DE0BFB /* MQChatViewControllerDemoUITests.m in Sources */,
			);
			runOnlyForDeploymentPostprocessing = 0;
		};
/* End PBXSourcesBuildPhase section */

/* Begin PBXTargetDependency section */
		CC45FD051BE36B1900DE0BFB /* PBXTargetDependency */ = {
			isa = PBXTargetDependency;
			target = CC45FCE91BE36B1900DE0BFB /* MQChatViewControllerDemo */;
			targetProxy = CC45FD041BE36B1900DE0BFB /* PBXContainerItemProxy */;
		};
		CC45FD101BE36B1900DE0BFB /* PBXTargetDependency */ = {
			isa = PBXTargetDependency;
			target = CC45FCE91BE36B1900DE0BFB /* MQChatViewControllerDemo */;
			targetProxy = CC45FD0F1BE36B1900DE0BFB /* PBXContainerItemProxy */;
		};
/* End PBXTargetDependency section */

/* Begin PBXVariantGroup section */
		CC45FCF61BE36B1900DE0BFB /* Main.storyboard */ = {
			isa = PBXVariantGroup;
			children = (
				CC45FCF71BE36B1900DE0BFB /* Base */,
			);
			name = Main.storyboard;
			sourceTree = "<group>";
		};
		CC45FCFB1BE36B1900DE0BFB /* LaunchScreen.storyboard */ = {
			isa = PBXVariantGroup;
			children = (
				CC45FCFC1BE36B1900DE0BFB /* Base */,
			);
			name = LaunchScreen.storyboard;
			sourceTree = "<group>";
		};
/* End PBXVariantGroup section */

/* Begin XCBuildConfiguration section */
		CC45FD151BE36B1900DE0BFB /* Debug */ = {
			isa = XCBuildConfiguration;
			buildSettings = {
				ALWAYS_SEARCH_USER_PATHS = NO;
				CLANG_CXX_LANGUAGE_STANDARD = "gnu++0x";
				CLANG_CXX_LIBRARY = "libc++";
				CLANG_ENABLE_MODULES = YES;
				CLANG_ENABLE_OBJC_ARC = YES;
				CLANG_WARN_BOOL_CONVERSION = YES;
				CLANG_WARN_CONSTANT_CONVERSION = YES;
				CLANG_WARN_DIRECT_OBJC_ISA_USAGE = YES_ERROR;
				CLANG_WARN_EMPTY_BODY = YES;
				CLANG_WARN_ENUM_CONVERSION = YES;
				CLANG_WARN_INT_CONVERSION = YES;
				CLANG_WARN_OBJC_ROOT_CLASS = YES_ERROR;
				CLANG_WARN_UNREACHABLE_CODE = YES;
				CLANG_WARN__DUPLICATE_METHOD_MATCH = YES;
				CODE_SIGN_IDENTITY = "iPhone Developer";
				"CODE_SIGN_IDENTITY[sdk=iphoneos*]" = "iPhone Developer";
				COPY_PHASE_STRIP = NO;
				DEBUG_INFORMATION_FORMAT = dwarf;
				ENABLE_STRICT_OBJC_MSGSEND = YES;
				ENABLE_TESTABILITY = YES;
				GCC_C_LANGUAGE_STANDARD = gnu99;
				GCC_DYNAMIC_NO_PIC = NO;
				GCC_NO_COMMON_BLOCKS = YES;
				GCC_OPTIMIZATION_LEVEL = 0;
				GCC_PREPROCESSOR_DEFINITIONS = (
					"DEBUG=1",
					"$(inherited)",
				);
				GCC_WARN_64_TO_32_BIT_CONVERSION = YES;
				GCC_WARN_ABOUT_RETURN_TYPE = YES_ERROR;
				GCC_WARN_UNDECLARED_SELECTOR = YES;
				GCC_WARN_UNINITIALIZED_AUTOS = YES_AGGRESSIVE;
				GCC_WARN_UNUSED_FUNCTION = YES;
				GCC_WARN_UNUSED_VARIABLE = YES;
				IPHONEOS_DEPLOYMENT_TARGET = 6.0;
				MTL_ENABLE_DEBUG_INFO = YES;
				ONLY_ACTIVE_ARCH = YES;
				SDKROOT = iphoneos;
				TARGETED_DEVICE_FAMILY = "1,2";
			};
			name = Debug;
		};
		CC45FD161BE36B1900DE0BFB /* Release */ = {
			isa = XCBuildConfiguration;
			buildSettings = {
				ALWAYS_SEARCH_USER_PATHS = NO;
				CLANG_CXX_LANGUAGE_STANDARD = "gnu++0x";
				CLANG_CXX_LIBRARY = "libc++";
				CLANG_ENABLE_MODULES = YES;
				CLANG_ENABLE_OBJC_ARC = YES;
				CLANG_WARN_BOOL_CONVERSION = YES;
				CLANG_WARN_CONSTANT_CONVERSION = YES;
				CLANG_WARN_DIRECT_OBJC_ISA_USAGE = YES_ERROR;
				CLANG_WARN_EMPTY_BODY = YES;
				CLANG_WARN_ENUM_CONVERSION = YES;
				CLANG_WARN_INT_CONVERSION = YES;
				CLANG_WARN_OBJC_ROOT_CLASS = YES_ERROR;
				CLANG_WARN_UNREACHABLE_CODE = YES;
				CLANG_WARN__DUPLICATE_METHOD_MATCH = YES;
				CODE_SIGN_IDENTITY = "iPhone Developer";
				"CODE_SIGN_IDENTITY[sdk=iphoneos*]" = "iPhone Developer";
				COPY_PHASE_STRIP = NO;
				DEBUG_INFORMATION_FORMAT = "dwarf-with-dsym";
				ENABLE_NS_ASSERTIONS = NO;
				ENABLE_STRICT_OBJC_MSGSEND = YES;
				GCC_C_LANGUAGE_STANDARD = gnu99;
				GCC_NO_COMMON_BLOCKS = YES;
				GCC_WARN_64_TO_32_BIT_CONVERSION = YES;
				GCC_WARN_ABOUT_RETURN_TYPE = YES_ERROR;
				GCC_WARN_UNDECLARED_SELECTOR = YES;
				GCC_WARN_UNINITIALIZED_AUTOS = YES_AGGRESSIVE;
				GCC_WARN_UNUSED_FUNCTION = YES;
				GCC_WARN_UNUSED_VARIABLE = YES;
				IPHONEOS_DEPLOYMENT_TARGET = 6.0;
				MTL_ENABLE_DEBUG_INFO = NO;
				SDKROOT = iphoneos;
				TARGETED_DEVICE_FAMILY = "1,2";
				VALIDATE_PRODUCT = YES;
			};
			name = Release;
		};
		CC45FD181BE36B1900DE0BFB /* Debug */ = {
			isa = XCBuildConfiguration;
			buildSettings = {
				ASSETCATALOG_COMPILER_APPICON_NAME = AppIcon;
				ASSETCATALOG_COMPILER_LAUNCHIMAGE_NAME = "Brand Assets";
				CODE_SIGN_IDENTITY = "iPhone Developer";
				"CODE_SIGN_IDENTITY[sdk=iphoneos*]" = "iPhone Developer";
				ENABLE_BITCODE = NO;
				FRAMEWORK_SEARCH_PATHS = (
					"$(inherited)",
					"$(PROJECT_DIR)/MQChatViewController/Vendors/MLAudioRecorder/mp3_en_de",
				);
				INFOPLIST_FILE = MQChatViewControllerDemo/Info.plist;
				IPHONEOS_DEPLOYMENT_TARGET = 6.0;
				LD_RUNPATH_SEARCH_PATHS = "$(inherited) @executable_path/Frameworks";
				LIBRARY_SEARCH_PATHS = (
					"$(inherited)",
					"$(PROJECT_DIR)/MQChatViewController/Vendors/MLAudioRecorder/amr_en_de/lib",
				);
				PRODUCT_BUNDLE_IDENTIFIER = ijinmao.MQChatViewControllerDemo;
				PRODUCT_NAME = "$(TARGET_NAME)";
				PROVISIONING_PROFILE = "";
			};
			name = Debug;
		};
		CC45FD191BE36B1900DE0BFB /* Release */ = {
			isa = XCBuildConfiguration;
			buildSettings = {
				ASSETCATALOG_COMPILER_APPICON_NAME = AppIcon;
				ASSETCATALOG_COMPILER_LAUNCHIMAGE_NAME = "Brand Assets";
				CODE_SIGN_IDENTITY = "iPhone Developer";
				"CODE_SIGN_IDENTITY[sdk=iphoneos*]" = "iPhone Developer";
				ENABLE_BITCODE = NO;
				FRAMEWORK_SEARCH_PATHS = (
					"$(inherited)",
					"$(PROJECT_DIR)/MQChatViewController/Vendors/MLAudioRecorder/mp3_en_de",
				);
				INFOPLIST_FILE = MQChatViewControllerDemo/Info.plist;
				IPHONEOS_DEPLOYMENT_TARGET = 6.0;
				LD_RUNPATH_SEARCH_PATHS = "$(inherited) @executable_path/Frameworks";
				LIBRARY_SEARCH_PATHS = (
					"$(inherited)",
					"$(PROJECT_DIR)/MQChatViewController/Vendors/MLAudioRecorder/amr_en_de/lib",
				);
				PRODUCT_BUNDLE_IDENTIFIER = ijinmao.MQChatViewControllerDemo;
				PRODUCT_NAME = "$(TARGET_NAME)";
				PROVISIONING_PROFILE = "";
			};
			name = Release;
		};
		CC45FD1B1BE36B1900DE0BFB /* Debug */ = {
			isa = XCBuildConfiguration;
			buildSettings = {
				BUNDLE_LOADER = "$(TEST_HOST)";
				INFOPLIST_FILE = MQChatViewControllerDemoTests/Info.plist;
				LD_RUNPATH_SEARCH_PATHS = "$(inherited) @executable_path/Frameworks @loader_path/Frameworks";
				PRODUCT_BUNDLE_IDENTIFIER = ijinmao.MQChatViewControllerDemoTests;
				PRODUCT_NAME = "$(TARGET_NAME)";
				TEST_HOST = "$(BUILT_PRODUCTS_DIR)/MQChatViewControllerDemo.app/MQChatViewControllerDemo";
			};
			name = Debug;
		};
		CC45FD1C1BE36B1900DE0BFB /* Release */ = {
			isa = XCBuildConfiguration;
			buildSettings = {
				BUNDLE_LOADER = "$(TEST_HOST)";
				INFOPLIST_FILE = MQChatViewControllerDemoTests/Info.plist;
				LD_RUNPATH_SEARCH_PATHS = "$(inherited) @executable_path/Frameworks @loader_path/Frameworks";
				PRODUCT_BUNDLE_IDENTIFIER = ijinmao.MQChatViewControllerDemoTests;
				PRODUCT_NAME = "$(TARGET_NAME)";
				TEST_HOST = "$(BUILT_PRODUCTS_DIR)/MQChatViewControllerDemo.app/MQChatViewControllerDemo";
			};
			name = Release;
		};
		CC45FD1E1BE36B1900DE0BFB /* Debug */ = {
			isa = XCBuildConfiguration;
			buildSettings = {
				INFOPLIST_FILE = MQChatViewControllerDemoUITests/Info.plist;
				LD_RUNPATH_SEARCH_PATHS = "$(inherited) @executable_path/Frameworks @loader_path/Frameworks";
				PRODUCT_BUNDLE_IDENTIFIER = ijinmao.MQChatViewControllerDemoUITests;
				PRODUCT_NAME = "$(TARGET_NAME)";
				TEST_TARGET_NAME = MQChatViewControllerDemo;
				USES_XCTRUNNER = YES;
			};
			name = Debug;
		};
		CC45FD1F1BE36B1900DE0BFB /* Release */ = {
			isa = XCBuildConfiguration;
			buildSettings = {
				INFOPLIST_FILE = MQChatViewControllerDemoUITests/Info.plist;
				LD_RUNPATH_SEARCH_PATHS = "$(inherited) @executable_path/Frameworks @loader_path/Frameworks";
				PRODUCT_BUNDLE_IDENTIFIER = ijinmao.MQChatViewControllerDemoUITests;
				PRODUCT_NAME = "$(TARGET_NAME)";
				TEST_TARGET_NAME = MQChatViewControllerDemo;
				USES_XCTRUNNER = YES;
			};
			name = Release;
		};
/* End XCBuildConfiguration section */

/* Begin XCConfigurationList section */
		CC45FCE51BE36B1900DE0BFB /* Build configuration list for PBXProject "MQChatViewControllerDemo" */ = {
			isa = XCConfigurationList;
			buildConfigurations = (
				CC45FD151BE36B1900DE0BFB /* Debug */,
				CC45FD161BE36B1900DE0BFB /* Release */,
			);
			defaultConfigurationIsVisible = 0;
			defaultConfigurationName = Release;
		};
		CC45FD171BE36B1900DE0BFB /* Build configuration list for PBXNativeTarget "MQChatViewControllerDemo" */ = {
			isa = XCConfigurationList;
			buildConfigurations = (
				CC45FD181BE36B1900DE0BFB /* Debug */,
				CC45FD191BE36B1900DE0BFB /* Release */,
			);
			defaultConfigurationIsVisible = 0;
			defaultConfigurationName = Release;
		};
		CC45FD1A1BE36B1900DE0BFB /* Build configuration list for PBXNativeTarget "MQChatViewControllerDemoTests" */ = {
			isa = XCConfigurationList;
			buildConfigurations = (
				CC45FD1B1BE36B1900DE0BFB /* Debug */,
				CC45FD1C1BE36B1900DE0BFB /* Release */,
			);
			defaultConfigurationIsVisible = 0;
			defaultConfigurationName = Release;
		};
		CC45FD1D1BE36B1900DE0BFB /* Build configuration list for PBXNativeTarget "MQChatViewControllerDemoUITests" */ = {
			isa = XCConfigurationList;
			buildConfigurations = (
				CC45FD1E1BE36B1900DE0BFB /* Debug */,
				CC45FD1F1BE36B1900DE0BFB /* Release */,
			);
			defaultConfigurationIsVisible = 0;
			defaultConfigurationName = Release;
		};
/* End XCConfigurationList section */
	};
	rootObject = CC45FCE21BE36B1900DE0BFB /* Project object */;
}
