// !$*UTF8*$!
{
	archiveVersion = 1;
	classes = {
	};
	objectVersion = 47;
	objects = {

/* Begin PBXBuildFile section */
		CC45FCEF1BE36B1900DE0BFB /* main.m in Sources */ = {isa = PBXBuildFile; fileRef = CC45FCEE1BE36B1900DE0BFB /* main.m */; };
		CC45FCF21BE36B1900DE0BFB /* AppDelegate.m in Sources */ = {isa = PBXBuildFile; fileRef = CC45FCF11BE36B1900DE0BFB /* AppDelegate.m */; };
		CC45FCF51BE36B1900DE0BFB /* ViewController.m in Sources */ = {isa = PBXBuildFile; fileRef = CC45FCF41BE36B1900DE0BFB /* ViewController.m */; };
		CC45FCF81BE36B1900DE0BFB /* Main.storyboard in Resources */ = {isa = PBXBuildFile; fileRef = CC45FCF61BE36B1900DE0BFB /* Main.storyboard */; };
		CC45FCFA1BE36B1900DE0BFB /* Assets.xcassets in Resources */ = {isa = PBXBuildFile; fileRef = CC45FCF91BE36B1900DE0BFB /* Assets.xcassets */; };
		CC45FCFD1BE36B1900DE0BFB /* LaunchScreen.storyboard in Resources */ = {isa = PBXBuildFile; fileRef = CC45FCFB1BE36B1900DE0BFB /* LaunchScreen.storyboard */; };
		CC45FD081BE36B1900DE0BFB /* MQChatViewControllerDemoTests.m in Sources */ = {isa = PBXBuildFile; fileRef = CC45FD071BE36B1900DE0BFB /* MQChatViewControllerDemoTests.m */; };
		CC45FD131BE36B1900DE0BFB /* MQChatViewControllerDemoUITests.m in Sources */ = {isa = PBXBuildFile; fileRef = CC45FD121BE36B1900DE0BFB /* MQChatViewControllerDemoUITests.m */; };
		CC686E1A1C8562CC000A1E63 /* MQEvaluationResultCellModel.m in Sources */ = {isa = PBXBuildFile; fileRef = CC686E191C8562CC000A1E63 /* MQEvaluationResultCellModel.m */; };
		CC686E1D1C85663D000A1E63 /* MQEvaluationResultCell.m in Sources */ = {isa = PBXBuildFile; fileRef = CC686E1C1C85663D000A1E63 /* MQEvaluationResultCell.m */; };
		CC686E201C859EA3000A1E63 /* MQEvaluationCell.m in Sources */ = {isa = PBXBuildFile; fileRef = CC686E1F1C859EA3000A1E63 /* MQEvaluationCell.m */; };
		CC686F861C86E27F000A1E63 /* amrFileCodec.mm in Sources */ = {isa = PBXBuildFile; fileRef = CC686F811C86E27F000A1E63 /* amrFileCodec.mm */; };
		CC686F871C86E27F000A1E63 /* wav.mm in Sources */ = {isa = PBXBuildFile; fileRef = CC686F831C86E27F000A1E63 /* wav.mm */; };
		CC686F881C86E27F000A1E63 /* VoiceConverter.mm in Sources */ = {isa = PBXBuildFile; fileRef = CC686F851C86E27F000A1E63 /* VoiceConverter.mm */; };
		CC8690DA1C81D24400BFA68D /* MQChatViewAsset.bundle in Resources */ = {isa = PBXBuildFile; fileRef = CC8690131C81D24400BFA68D /* MQChatViewAsset.bundle */; };
		CC8690DB1C81D24400BFA68D /* MQChatViewConfig.m in Sources */ = {isa = PBXBuildFile; fileRef = CC8690161C81D24400BFA68D /* MQChatViewConfig.m */; };
		CC8690DC1C81D24400BFA68D /* MQChatViewManager.m in Sources */ = {isa = PBXBuildFile; fileRef = CC8690181C81D24400BFA68D /* MQChatViewManager.m */; };
		CC8690DD1C81D24400BFA68D /* MQChatViewController.m in Sources */ = {isa = PBXBuildFile; fileRef = CC86901B1C81D24400BFA68D /* MQChatViewController.m */; };
		CC8690DE1C81D24400BFA68D /* MQChatViewService.m in Sources */ = {isa = PBXBuildFile; fileRef = CC86901D1C81D24400BFA68D /* MQChatViewService.m */; };
		CC8690DF1C81D24400BFA68D /* MQChatViewTableDataSource.m in Sources */ = {isa = PBXBuildFile; fileRef = CC86901F1C81D24400BFA68D /* MQChatViewTableDataSource.m */; };
		CC8690E01C81D24400BFA68D /* MQBaseMessage.m in Sources */ = {isa = PBXBuildFile; fileRef = CC8690221C81D24400BFA68D /* MQBaseMessage.m */; };
		CC8690E11C81D24400BFA68D /* MQEventMessage.m in Sources */ = {isa = PBXBuildFile; fileRef = CC8690241C81D24400BFA68D /* MQEventMessage.m */; };
		CC8690E21C81D24400BFA68D /* MQImageMessage.m in Sources */ = {isa = PBXBuildFile; fileRef = CC8690261C81D24400BFA68D /* MQImageMessage.m */; };
		CC8690E31C81D24400BFA68D /* MQTextMessage.m in Sources */ = {isa = PBXBuildFile; fileRef = CC8690281C81D24400BFA68D /* MQTextMessage.m */; };
		CC8690E41C81D24400BFA68D /* MQVoiceMessage.m in Sources */ = {isa = PBXBuildFile; fileRef = CC86902A1C81D24400BFA68D /* MQVoiceMessage.m */; };
		CC8690E51C81D24400BFA68D /* MQEventCellModel.m in Sources */ = {isa = PBXBuildFile; fileRef = CC86902F1C81D24400BFA68D /* MQEventCellModel.m */; };
		CC8690E61C81D24400BFA68D /* MQImageCellModel.m in Sources */ = {isa = PBXBuildFile; fileRef = CC8690311C81D24400BFA68D /* MQImageCellModel.m */; };
		CC8690E71C81D24400BFA68D /* MQMessageDateCellModel.m in Sources */ = {isa = PBXBuildFile; fileRef = CC8690331C81D24400BFA68D /* MQMessageDateCellModel.m */; };
		CC8690E81C81D24400BFA68D /* MQTextCellModel.m in Sources */ = {isa = PBXBuildFile; fileRef = CC8690351C81D24400BFA68D /* MQTextCellModel.m */; };
		CC8690E91C81D24400BFA68D /* MQTipsCellModel.m in Sources */ = {isa = PBXBuildFile; fileRef = CC8690371C81D24400BFA68D /* MQTipsCellModel.m */; };
		CC8690EA1C81D24400BFA68D /* MQVoiceCellModel.m in Sources */ = {isa = PBXBuildFile; fileRef = CC8690391C81D24400BFA68D /* MQVoiceCellModel.m */; };
		CC8690EB1C81D24400BFA68D /* MQChatBaseCell.m in Sources */ = {isa = PBXBuildFile; fileRef = CC86903C1C81D24400BFA68D /* MQChatBaseCell.m */; };
		CC8690ED1C81D24400BFA68D /* MQEventMessageCell.m in Sources */ = {isa = PBXBuildFile; fileRef = CC8690401C81D24400BFA68D /* MQEventMessageCell.m */; };
		CC8690EE1C81D24400BFA68D /* MQImageMessageCell.m in Sources */ = {isa = PBXBuildFile; fileRef = CC8690421C81D24400BFA68D /* MQImageMessageCell.m */; };
		CC8690EF1C81D24400BFA68D /* MQMessageDateCell.m in Sources */ = {isa = PBXBuildFile; fileRef = CC8690441C81D24400BFA68D /* MQMessageDateCell.m */; };
		CC8690F01C81D24400BFA68D /* MQTextMessageCell.m in Sources */ = {isa = PBXBuildFile; fileRef = CC8690461C81D24400BFA68D /* MQTextMessageCell.m */; };
		CC8690F11C81D24400BFA68D /* MQTipsCell.m in Sources */ = {isa = PBXBuildFile; fileRef = CC8690481C81D24400BFA68D /* MQTipsCell.m */; };
		CC8690F21C81D24400BFA68D /* MQVoiceMessageCell.m in Sources */ = {isa = PBXBuildFile; fileRef = CC86904A1C81D24400BFA68D /* MQVoiceMessageCell.m */; };
		CC8690F31C81D24500BFA68D /* MQAssetUtil.m in Sources */ = {isa = PBXBuildFile; fileRef = CC86904D1C81D24400BFA68D /* MQAssetUtil.m */; };
		CC8690F41C81D24500BFA68D /* MQBundleUtil.m in Sources */ = {isa = PBXBuildFile; fileRef = CC86904F1C81D24400BFA68D /* MQBundleUtil.m */; };
		CC8690F51C81D24500BFA68D /* MQChatAudioPlayer.m in Sources */ = {isa = PBXBuildFile; fileRef = CC8690511C81D24400BFA68D /* MQChatAudioPlayer.m */; };
		CC8690F61C81D24500BFA68D /* MQChatAudioRecorder.m in Sources */ = {isa = PBXBuildFile; fileRef = CC8690531C81D24400BFA68D /* MQChatAudioRecorder.m */; };
		CC8690F71C81D24500BFA68D /* MQChatDeviceUtil.m in Sources */ = {isa = PBXBuildFile; fileRef = CC8690551C81D24400BFA68D /* MQChatDeviceUtil.m */; };
		CC8690F81C81D24500BFA68D /* MQChatEmojize.m in Sources */ = {isa = PBXBuildFile; fileRef = CC8690571C81D24400BFA68D /* MQChatEmojize.m */; };
		CC8690F91C81D24500BFA68D /* MQChatFileUtil.m in Sources */ = {isa = PBXBuildFile; fileRef = CC8690591C81D24400BFA68D /* MQChatFileUtil.m */; };
		CC8690FA1C81D24500BFA68D /* MQChatRegexUtil.m in Sources */ = {isa = PBXBuildFile; fileRef = CC86905B1C81D24400BFA68D /* MQChatRegexUtil.m */; };
		CC8690FB1C81D24500BFA68D /* MQDateFormatterUtil.m in Sources */ = {isa = PBXBuildFile; fileRef = CC86905D1C81D24400BFA68D /* MQDateFormatterUtil.m */; };
		CC8690FC1C81D24500BFA68D /* MQImageUtil.m in Sources */ = {isa = PBXBuildFile; fileRef = CC86905F1C81D24400BFA68D /* MQImageUtil.m */; };
		CC8690FD1C81D24500BFA68D /* MQStringSizeUtil.m in Sources */ = {isa = PBXBuildFile; fileRef = CC8690611C81D24400BFA68D /* MQStringSizeUtil.m */; };
		CC8690FE1C81D24500BFA68D /* MEIQIA_CustomIOSAlertView.m in Sources */ = {isa = PBXBuildFile; fileRef = CC8690651C81D24400BFA68D /* MEIQIA_CustomIOSAlertView.m */; };
		CC8690FF1C81D24500BFA68D /* MEIQIA_FBBitmapFont.m in Sources */ = {isa = PBXBuildFile; fileRef = CC8690681C81D24400BFA68D /* MEIQIA_FBBitmapFont.m */; };
		CC8691001C81D24500BFA68D /* MEIQIA_FBBitmapFontView.m in Sources */ = {isa = PBXBuildFile; fileRef = CC86906A1C81D24400BFA68D /* MEIQIA_FBBitmapFontView.m */; };
		CC8691011C81D24500BFA68D /* MEIQIA_FBFontSymbol.m in Sources */ = {isa = PBXBuildFile; fileRef = CC86906C1C81D24400BFA68D /* MEIQIA_FBFontSymbol.m */; };
		CC8691021C81D24500BFA68D /* MEIQIA_FBLCDFont.m in Sources */ = {isa = PBXBuildFile; fileRef = CC86906E1C81D24400BFA68D /* MEIQIA_FBLCDFont.m */; };
		CC8691031C81D24500BFA68D /* MEIQIA_FBLCDFontView.m in Sources */ = {isa = PBXBuildFile; fileRef = CC8690701C81D24400BFA68D /* MEIQIA_FBLCDFontView.m */; };
		CC8691041C81D24500BFA68D /* MEIQIA_FBSquareFont.m in Sources */ = {isa = PBXBuildFile; fileRef = CC8690721C81D24400BFA68D /* MEIQIA_FBSquareFont.m */; };
		CC8691051C81D24500BFA68D /* MEIQIA_FBSquareFontView.m in Sources */ = {isa = PBXBuildFile; fileRef = CC8690741C81D24400BFA68D /* MEIQIA_FBSquareFontView.m */; };
		CC8691061C81D24500BFA68D /* MEIQIA_HPGrowingTextView.m in Sources */ = {isa = PBXBuildFile; fileRef = CC8690771C81D24400BFA68D /* MEIQIA_HPGrowingTextView.m */; };
		CC8691071C81D24500BFA68D /* MEIQIA_HPTextViewInternal.m in Sources */ = {isa = PBXBuildFile; fileRef = CC8690791C81D24400BFA68D /* MEIQIA_HPTextViewInternal.m */; };
		CC8691081C81D24500BFA68D /* MEIQIA_MHFacebookImageViewer.m in Sources */ = {isa = PBXBuildFile; fileRef = CC86907C1C81D24400BFA68D /* MEIQIA_MHFacebookImageViewer.m */; };
		CC8691091C81D24500BFA68D /* UIImageView+MEIQIA_MHFacebookImageViewer.m in Sources */ = {isa = PBXBuildFile; fileRef = CC86907E1C81D24400BFA68D /* UIImageView+MEIQIA_MHFacebookImageViewer.m */; };
		CC86910A1C81D24500BFA68D /* libopencore-amrnb.a in Frameworks */ = {isa = PBXBuildFile; fileRef = CC8690891C81D24400BFA68D /* libopencore-amrnb.a */; };
		CC86910B1C81D24500BFA68D /* libopencore-amrwb.a in Frameworks */ = {isa = PBXBuildFile; fileRef = CC86908A1C81D24400BFA68D /* libopencore-amrwb.a */; };
		CC86910C1C81D24500BFA68D /* MEIQIA_AmrRecordWriter.m in Sources */ = {isa = PBXBuildFile; fileRef = CC86908D1C81D24400BFA68D /* MEIQIA_AmrRecordWriter.m */; };
		CC86910D1C81D24500BFA68D /* MEIQIA_CafRecordWriter.m in Sources */ = {isa = PBXBuildFile; fileRef = CC86908F1C81D24400BFA68D /* MEIQIA_CafRecordWriter.m */; };
		CC86910E1C81D24500BFA68D /* MEIQIA_MLAudioMeterObserver.m in Sources */ = {isa = PBXBuildFile; fileRef = CC8690911C81D24400BFA68D /* MEIQIA_MLAudioMeterObserver.m */; };
		CC86910F1C81D24500BFA68D /* MEIQIA_MLAudioRecorder.m in Sources */ = {isa = PBXBuildFile; fileRef = CC8690931C81D24400BFA68D /* MEIQIA_MLAudioRecorder.m */; };
		CC8691101C81D24500BFA68D /* MKAnnotationView+WebCache.m in Sources */ = {isa = PBXBuildFile; fileRef = CC8690971C81D24400BFA68D /* MKAnnotationView+WebCache.m */; };
		CC8691111C81D24500BFA68D /* NSData+ImageContentType.m in Sources */ = {isa = PBXBuildFile; fileRef = CC8690991C81D24400BFA68D /* NSData+ImageContentType.m */; };
		CC8691121C81D24500BFA68D /* SDImageCache.m in Sources */ = {isa = PBXBuildFile; fileRef = CC86909B1C81D24400BFA68D /* SDImageCache.m */; };
		CC8691131C81D24500BFA68D /* SDWebImageCompat.m in Sources */ = {isa = PBXBuildFile; fileRef = CC86909D1C81D24400BFA68D /* SDWebImageCompat.m */; };
		CC8691141C81D24500BFA68D /* SDWebImageDecoder.m in Sources */ = {isa = PBXBuildFile; fileRef = CC86909F1C81D24400BFA68D /* SDWebImageDecoder.m */; };
		CC8691151C81D24500BFA68D /* SDWebImageDownloader.m in Sources */ = {isa = PBXBuildFile; fileRef = CC8690A11C81D24400BFA68D /* SDWebImageDownloader.m */; };
		CC8691161C81D24500BFA68D /* SDWebImageDownloaderOperation.m in Sources */ = {isa = PBXBuildFile; fileRef = CC8690A31C81D24400BFA68D /* SDWebImageDownloaderOperation.m */; };
		CC8691171C81D24500BFA68D /* SDWebImageManager.m in Sources */ = {isa = PBXBuildFile; fileRef = CC8690A51C81D24400BFA68D /* SDWebImageManager.m */; };
		CC8691181C81D24500BFA68D /* SDWebImagePrefetcher.m in Sources */ = {isa = PBXBuildFile; fileRef = CC8690A81C81D24400BFA68D /* SDWebImagePrefetcher.m */; };
		CC8691191C81D24500BFA68D /* UIButton+WebCache.m in Sources */ = {isa = PBXBuildFile; fileRef = CC8690AA1C81D24400BFA68D /* UIButton+WebCache.m */; };
		CC86911A1C81D24500BFA68D /* UIImage+GIF.m in Sources */ = {isa = PBXBuildFile; fileRef = CC8690AC1C81D24400BFA68D /* UIImage+GIF.m */; };
		CC86911B1C81D24500BFA68D /* UIImage+MultiFormat.m in Sources */ = {isa = PBXBuildFile; fileRef = CC8690AE1C81D24400BFA68D /* UIImage+MultiFormat.m */; };
		CC86911C1C81D24500BFA68D /* UIImage+WebP.m in Sources */ = {isa = PBXBuildFile; fileRef = CC8690B01C81D24400BFA68D /* UIImage+WebP.m */; };
		CC86911D1C81D24500BFA68D /* UIImageView+HighlightedWebCache.m in Sources */ = {isa = PBXBuildFile; fileRef = CC8690B21C81D24400BFA68D /* UIImageView+HighlightedWebCache.m */; };
		CC86911E1C81D24500BFA68D /* UIImageView+WebCache.m in Sources */ = {isa = PBXBuildFile; fileRef = CC8690B41C81D24400BFA68D /* UIImageView+WebCache.m */; };
		CC86911F1C81D24500BFA68D /* UIView+WebCacheOperation.m in Sources */ = {isa = PBXBuildFile; fileRef = CC8690B61C81D24400BFA68D /* UIView+WebCacheOperation.m */; };
		CC8691201C81D24500BFA68D /* MEIQIA_TTTAttributedLabel.m in Sources */ = {isa = PBXBuildFile; fileRef = CC8690B91C81D24400BFA68D /* MEIQIA_TTTAttributedLabel.m */; };
		CC8691241C81D24500BFA68D /* MQChatTableView.m in Sources */ = {isa = PBXBuildFile; fileRef = CC8690C41C81D24400BFA68D /* MQChatTableView.m */; };
		CC8691251C81D24500BFA68D /* MQEvaluationView.m in Sources */ = {isa = PBXBuildFile; fileRef = CC8690C71C81D24400BFA68D /* MQEvaluationView.m */; };
		CC8691261C81D24500BFA68D /* MQInputBar.m in Sources */ = {isa = PBXBuildFile; fileRef = CC8690CA1C81D24400BFA68D /* MQInputBar.m */; };
		CC8691271C81D24500BFA68D /* MQPullRefreshView.m in Sources */ = {isa = PBXBuildFile; fileRef = CC8690CD1C81D24400BFA68D /* MQPullRefreshView.m */; };
		CC8691281C81D24500BFA68D /* MQRecordView.m in Sources */ = {isa = PBXBuildFile; fileRef = CC8690D01C81D24400BFA68D /* MQRecordView.m */; };
		CC8691291C81D24500BFA68D /* MQToast.m in Sources */ = {isa = PBXBuildFile; fileRef = CC8690D31C81D24400BFA68D /* MQToast.m */; };
		CC86912A1C81D24500BFA68D /* MQAgent.m in Sources */ = {isa = PBXBuildFile; fileRef = CC8690D61C81D24400BFA68D /* MQAgent.m */; };
		CC86912B1C81D24500BFA68D /* MQServiceToViewInterface.m in Sources */ = {isa = PBXBuildFile; fileRef = CC8690D91C81D24400BFA68D /* MQServiceToViewInterface.m */; };
		E49C7BC31C97AA77003027E8 /* UIViewController+OrientationFix.m in Sources */ = {isa = PBXBuildFile; fileRef = E49C7BC21C97AA77003027E8 /* UIViewController+OrientationFix.m */; };
/* End PBXBuildFile section */

/* Begin PBXContainerItemProxy section */
		CC45FD041BE36B1900DE0BFB /* PBXContainerItemProxy */ = {
			isa = PBXContainerItemProxy;
			containerPortal = CC45FCE21BE36B1900DE0BFB /* Project object */;
			proxyType = 1;
			remoteGlobalIDString = CC45FCE91BE36B1900DE0BFB;
			remoteInfo = MQChatViewControllerDemo;
		};
		CC45FD0F1BE36B1900DE0BFB /* PBXContainerItemProxy */ = {
			isa = PBXContainerItemProxy;
			containerPortal = CC45FCE21BE36B1900DE0BFB /* Project object */;
			proxyType = 1;
			remoteGlobalIDString = CC45FCE91BE36B1900DE0BFB;
			remoteInfo = MQChatViewControllerDemo;
		};
/* End PBXContainerItemProxy section */

/* Begin PBXFileReference section */
		CC45FCEA1BE36B1900DE0BFB /* MQChatViewControllerDemo.app */ = {isa = PBXFileReference; explicitFileType = wrapper.application; includeInIndex = 0; path = MQChatViewControllerDemo.app; sourceTree = BUILT_PRODUCTS_DIR; };
		CC45FCEE1BE36B1900DE0BFB /* main.m */ = {isa = PBXFileReference; lastKnownFileType = sourcecode.c.objc; path = main.m; sourceTree = "<group>"; };
		CC45FCF01BE36B1900DE0BFB /* AppDelegate.h */ = {isa = PBXFileReference; lastKnownFileType = sourcecode.c.h; path = AppDelegate.h; sourceTree = "<group>"; };
		CC45FCF11BE36B1900DE0BFB /* AppDelegate.m */ = {isa = PBXFileReference; lastKnownFileType = sourcecode.c.objc; path = AppDelegate.m; sourceTree = "<group>"; };
		CC45FCF31BE36B1900DE0BFB /* ViewController.h */ = {isa = PBXFileReference; lastKnownFileType = sourcecode.c.h; path = ViewController.h; sourceTree = "<group>"; };
		CC45FCF41BE36B1900DE0BFB /* ViewController.m */ = {isa = PBXFileReference; lastKnownFileType = sourcecode.c.objc; path = ViewController.m; sourceTree = "<group>"; };
		CC45FCF71BE36B1900DE0BFB /* Base */ = {isa = PBXFileReference; lastKnownFileType = file.storyboard; name = Base; path = Base.lproj/Main.storyboard; sourceTree = "<group>"; };
		CC45FCF91BE36B1900DE0BFB /* Assets.xcassets */ = {isa = PBXFileReference; lastKnownFileType = folder.assetcatalog; path = Assets.xcassets; sourceTree = "<group>"; };
		CC45FCFC1BE36B1900DE0BFB /* Base */ = {isa = PBXFileReference; lastKnownFileType = file.storyboard; name = Base; path = Base.lproj/LaunchScreen.storyboard; sourceTree = "<group>"; };
		CC45FCFE1BE36B1900DE0BFB /* Info.plist */ = {isa = PBXFileReference; lastKnownFileType = text.plist.xml; path = Info.plist; sourceTree = "<group>"; };
		CC45FD031BE36B1900DE0BFB /* MQChatViewControllerDemoTests.xctest */ = {isa = PBXFileReference; explicitFileType = wrapper.cfbundle; includeInIndex = 0; path = MQChatViewControllerDemoTests.xctest; sourceTree = BUILT_PRODUCTS_DIR; };
		CC45FD071BE36B1900DE0BFB /* MQChatViewControllerDemoTests.m */ = {isa = PBXFileReference; lastKnownFileType = sourcecode.c.objc; path = MQChatViewControllerDemoTests.m; sourceTree = "<group>"; };
		CC45FD091BE36B1900DE0BFB /* Info.plist */ = {isa = PBXFileReference; lastKnownFileType = text.plist.xml; path = Info.plist; sourceTree = "<group>"; };
		CC45FD0E1BE36B1900DE0BFB /* MQChatViewControllerDemoUITests.xctest */ = {isa = PBXFileReference; explicitFileType = wrapper.cfbundle; includeInIndex = 0; path = MQChatViewControllerDemoUITests.xctest; sourceTree = BUILT_PRODUCTS_DIR; };
		CC45FD121BE36B1900DE0BFB /* MQChatViewControllerDemoUITests.m */ = {isa = PBXFileReference; lastKnownFileType = sourcecode.c.objc; path = MQChatViewControllerDemoUITests.m; sourceTree = "<group>"; };
		CC45FD141BE36B1900DE0BFB /* Info.plist */ = {isa = PBXFileReference; lastKnownFileType = text.plist.xml; path = Info.plist; sourceTree = "<group>"; };
		CC686E181C8562CC000A1E63 /* MQEvaluationResultCellModel.h */ = {isa = PBXFileReference; fileEncoding = 4; lastKnownFileType = sourcecode.c.h; path = MQEvaluationResultCellModel.h; sourceTree = "<group>"; };
		CC686E191C8562CC000A1E63 /* MQEvaluationResultCellModel.m */ = {isa = PBXFileReference; fileEncoding = 4; lastKnownFileType = sourcecode.c.objc; path = MQEvaluationResultCellModel.m; sourceTree = "<group>"; };
		CC686E1B1C85663D000A1E63 /* MQEvaluationResultCell.h */ = {isa = PBXFileReference; fileEncoding = 4; lastKnownFileType = sourcecode.c.h; path = MQEvaluationResultCell.h; sourceTree = "<group>"; };
		CC686E1C1C85663D000A1E63 /* MQEvaluationResultCell.m */ = {isa = PBXFileReference; fileEncoding = 4; lastKnownFileType = sourcecode.c.objc; path = MQEvaluationResultCell.m; sourceTree = "<group>"; };
		CC686E1E1C859EA3000A1E63 /* MQEvaluationCell.h */ = {isa = PBXFileReference; fileEncoding = 4; lastKnownFileType = sourcecode.c.h; path = MQEvaluationCell.h; sourceTree = "<group>"; };
		CC686E1F1C859EA3000A1E63 /* MQEvaluationCell.m */ = {isa = PBXFileReference; fileEncoding = 4; lastKnownFileType = sourcecode.c.objc; path = MQEvaluationCell.m; sourceTree = "<group>"; };
		CC686F801C86E27F000A1E63 /* amrFileCodec.h */ = {isa = PBXFileReference; fileEncoding = 4; lastKnownFileType = sourcecode.c.h; path = amrFileCodec.h; sourceTree = "<group>"; };
		CC686F811C86E27F000A1E63 /* amrFileCodec.mm */ = {isa = PBXFileReference; fileEncoding = 4; lastKnownFileType = sourcecode.cpp.objcpp; path = amrFileCodec.mm; sourceTree = "<group>"; };
		CC686F821C86E27F000A1E63 /* wav.h */ = {isa = PBXFileReference; fileEncoding = 4; lastKnownFileType = sourcecode.c.h; path = wav.h; sourceTree = "<group>"; };
		CC686F831C86E27F000A1E63 /* wav.mm */ = {isa = PBXFileReference; fileEncoding = 4; lastKnownFileType = sourcecode.cpp.objcpp; path = wav.mm; sourceTree = "<group>"; };
		CC686F841C86E27F000A1E63 /* VoiceConverter.h */ = {isa = PBXFileReference; fileEncoding = 4; lastKnownFileType = sourcecode.c.h; path = VoiceConverter.h; sourceTree = "<group>"; };
		CC686F851C86E27F000A1E63 /* VoiceConverter.mm */ = {isa = PBXFileReference; fileEncoding = 4; lastKnownFileType = sourcecode.cpp.objcpp; path = VoiceConverter.mm; sourceTree = "<group>"; };
		CC8690131C81D24400BFA68D /* MQChatViewAsset.bundle */ = {isa = PBXFileReference; lastKnownFileType = "wrapper.plug-in"; path = MQChatViewAsset.bundle; sourceTree = "<group>"; };
		CC8690151C81D24400BFA68D /* MQChatViewConfig.h */ = {isa = PBXFileReference; fileEncoding = 4; lastKnownFileType = sourcecode.c.h; path = MQChatViewConfig.h; sourceTree = "<group>"; };
		CC8690161C81D24400BFA68D /* MQChatViewConfig.m */ = {isa = PBXFileReference; fileEncoding = 4; lastKnownFileType = sourcecode.c.objc; path = MQChatViewConfig.m; sourceTree = "<group>"; };
		CC8690171C81D24400BFA68D /* MQChatViewManager.h */ = {isa = PBXFileReference; fileEncoding = 4; lastKnownFileType = sourcecode.c.h; path = MQChatViewManager.h; sourceTree = "<group>"; };
		CC8690181C81D24400BFA68D /* MQChatViewManager.m */ = {isa = PBXFileReference; fileEncoding = 4; lastKnownFileType = sourcecode.c.objc; path = MQChatViewManager.m; sourceTree = "<group>"; };
		CC86901A1C81D24400BFA68D /* MQChatViewController.h */ = {isa = PBXFileReference; fileEncoding = 4; lastKnownFileType = sourcecode.c.h; path = MQChatViewController.h; sourceTree = "<group>"; };
		CC86901B1C81D24400BFA68D /* MQChatViewController.m */ = {isa = PBXFileReference; fileEncoding = 4; lastKnownFileType = sourcecode.c.objc; path = MQChatViewController.m; sourceTree = "<group>"; };
		CC86901C1C81D24400BFA68D /* MQChatViewService.h */ = {isa = PBXFileReference; fileEncoding = 4; lastKnownFileType = sourcecode.c.h; path = MQChatViewService.h; sourceTree = "<group>"; };
		CC86901D1C81D24400BFA68D /* MQChatViewService.m */ = {isa = PBXFileReference; fileEncoding = 4; lastKnownFileType = sourcecode.c.objc; path = MQChatViewService.m; sourceTree = "<group>"; };
		CC86901E1C81D24400BFA68D /* MQChatViewTableDataSource.h */ = {isa = PBXFileReference; fileEncoding = 4; lastKnownFileType = sourcecode.c.h; path = MQChatViewTableDataSource.h; sourceTree = "<group>"; };
		CC86901F1C81D24400BFA68D /* MQChatViewTableDataSource.m */ = {isa = PBXFileReference; fileEncoding = 4; lastKnownFileType = sourcecode.c.objc; path = MQChatViewTableDataSource.m; sourceTree = "<group>"; };
		CC8690211C81D24400BFA68D /* MQBaseMessage.h */ = {isa = PBXFileReference; fileEncoding = 4; lastKnownFileType = sourcecode.c.h; path = MQBaseMessage.h; sourceTree = "<group>"; };
		CC8690221C81D24400BFA68D /* MQBaseMessage.m */ = {isa = PBXFileReference; fileEncoding = 4; lastKnownFileType = sourcecode.c.objc; path = MQBaseMessage.m; sourceTree = "<group>"; };
		CC8690231C81D24400BFA68D /* MQEventMessage.h */ = {isa = PBXFileReference; fileEncoding = 4; lastKnownFileType = sourcecode.c.h; path = MQEventMessage.h; sourceTree = "<group>"; };
		CC8690241C81D24400BFA68D /* MQEventMessage.m */ = {isa = PBXFileReference; fileEncoding = 4; lastKnownFileType = sourcecode.c.objc; path = MQEventMessage.m; sourceTree = "<group>"; };
		CC8690251C81D24400BFA68D /* MQImageMessage.h */ = {isa = PBXFileReference; fileEncoding = 4; lastKnownFileType = sourcecode.c.h; path = MQImageMessage.h; sourceTree = "<group>"; };
		CC8690261C81D24400BFA68D /* MQImageMessage.m */ = {isa = PBXFileReference; fileEncoding = 4; lastKnownFileType = sourcecode.c.objc; path = MQImageMessage.m; sourceTree = "<group>"; };
		CC8690271C81D24400BFA68D /* MQTextMessage.h */ = {isa = PBXFileReference; fileEncoding = 4; lastKnownFileType = sourcecode.c.h; path = MQTextMessage.h; sourceTree = "<group>"; };
		CC8690281C81D24400BFA68D /* MQTextMessage.m */ = {isa = PBXFileReference; fileEncoding = 4; lastKnownFileType = sourcecode.c.objc; path = MQTextMessage.m; sourceTree = "<group>"; };
		CC8690291C81D24400BFA68D /* MQVoiceMessage.h */ = {isa = PBXFileReference; fileEncoding = 4; lastKnownFileType = sourcecode.c.h; path = MQVoiceMessage.h; sourceTree = "<group>"; };
		CC86902A1C81D24400BFA68D /* MQVoiceMessage.m */ = {isa = PBXFileReference; fileEncoding = 4; lastKnownFileType = sourcecode.c.objc; path = MQVoiceMessage.m; sourceTree = "<group>"; };
		CC86902D1C81D24400BFA68D /* MQCellModelProtocol.h */ = {isa = PBXFileReference; fileEncoding = 4; lastKnownFileType = sourcecode.c.h; path = MQCellModelProtocol.h; sourceTree = "<group>"; };
		CC86902E1C81D24400BFA68D /* MQEventCellModel.h */ = {isa = PBXFileReference; fileEncoding = 4; lastKnownFileType = sourcecode.c.h; path = MQEventCellModel.h; sourceTree = "<group>"; };
		CC86902F1C81D24400BFA68D /* MQEventCellModel.m */ = {isa = PBXFileReference; fileEncoding = 4; lastKnownFileType = sourcecode.c.objc; path = MQEventCellModel.m; sourceTree = "<group>"; };
		CC8690301C81D24400BFA68D /* MQImageCellModel.h */ = {isa = PBXFileReference; fileEncoding = 4; lastKnownFileType = sourcecode.c.h; path = MQImageCellModel.h; sourceTree = "<group>"; };
		CC8690311C81D24400BFA68D /* MQImageCellModel.m */ = {isa = PBXFileReference; fileEncoding = 4; lastKnownFileType = sourcecode.c.objc; path = MQImageCellModel.m; sourceTree = "<group>"; };
		CC8690321C81D24400BFA68D /* MQMessageDateCellModel.h */ = {isa = PBXFileReference; fileEncoding = 4; lastKnownFileType = sourcecode.c.h; path = MQMessageDateCellModel.h; sourceTree = "<group>"; };
		CC8690331C81D24400BFA68D /* MQMessageDateCellModel.m */ = {isa = PBXFileReference; fileEncoding = 4; lastKnownFileType = sourcecode.c.objc; path = MQMessageDateCellModel.m; sourceTree = "<group>"; };
		CC8690341C81D24400BFA68D /* MQTextCellModel.h */ = {isa = PBXFileReference; fileEncoding = 4; lastKnownFileType = sourcecode.c.h; path = MQTextCellModel.h; sourceTree = "<group>"; };
		CC8690351C81D24400BFA68D /* MQTextCellModel.m */ = {isa = PBXFileReference; fileEncoding = 4; lastKnownFileType = sourcecode.c.objc; path = MQTextCellModel.m; sourceTree = "<group>"; };
		CC8690361C81D24400BFA68D /* MQTipsCellModel.h */ = {isa = PBXFileReference; fileEncoding = 4; lastKnownFileType = sourcecode.c.h; path = MQTipsCellModel.h; sourceTree = "<group>"; };
		CC8690371C81D24400BFA68D /* MQTipsCellModel.m */ = {isa = PBXFileReference; fileEncoding = 4; lastKnownFileType = sourcecode.c.objc; path = MQTipsCellModel.m; sourceTree = "<group>"; };
		CC8690381C81D24400BFA68D /* MQVoiceCellModel.h */ = {isa = PBXFileReference; fileEncoding = 4; lastKnownFileType = sourcecode.c.h; path = MQVoiceCellModel.h; sourceTree = "<group>"; };
		CC8690391C81D24400BFA68D /* MQVoiceCellModel.m */ = {isa = PBXFileReference; fileEncoding = 4; lastKnownFileType = sourcecode.c.objc; path = MQVoiceCellModel.m; sourceTree = "<group>"; };
		CC86903B1C81D24400BFA68D /* MQChatBaseCell.h */ = {isa = PBXFileReference; fileEncoding = 4; lastKnownFileType = sourcecode.c.h; path = MQChatBaseCell.h; sourceTree = "<group>"; };
		CC86903C1C81D24400BFA68D /* MQChatBaseCell.m */ = {isa = PBXFileReference; fileEncoding = 4; lastKnownFileType = sourcecode.c.objc; path = MQChatBaseCell.m; sourceTree = "<group>"; };
		CC86903F1C81D24400BFA68D /* MQEventMessageCell.h */ = {isa = PBXFileReference; fileEncoding = 4; lastKnownFileType = sourcecode.c.h; path = MQEventMessageCell.h; sourceTree = "<group>"; };
		CC8690401C81D24400BFA68D /* MQEventMessageCell.m */ = {isa = PBXFileReference; fileEncoding = 4; lastKnownFileType = sourcecode.c.objc; path = MQEventMessageCell.m; sourceTree = "<group>"; };
		CC8690411C81D24400BFA68D /* MQImageMessageCell.h */ = {isa = PBXFileReference; fileEncoding = 4; lastKnownFileType = sourcecode.c.h; path = MQImageMessageCell.h; sourceTree = "<group>"; };
		CC8690421C81D24400BFA68D /* MQImageMessageCell.m */ = {isa = PBXFileReference; fileEncoding = 4; lastKnownFileType = sourcecode.c.objc; path = MQImageMessageCell.m; sourceTree = "<group>"; };
		CC8690431C81D24400BFA68D /* MQMessageDateCell.h */ = {isa = PBXFileReference; fileEncoding = 4; lastKnownFileType = sourcecode.c.h; path = MQMessageDateCell.h; sourceTree = "<group>"; };
		CC8690441C81D24400BFA68D /* MQMessageDateCell.m */ = {isa = PBXFileReference; fileEncoding = 4; lastKnownFileType = sourcecode.c.objc; path = MQMessageDateCell.m; sourceTree = "<group>"; };
		CC8690451C81D24400BFA68D /* MQTextMessageCell.h */ = {isa = PBXFileReference; fileEncoding = 4; lastKnownFileType = sourcecode.c.h; path = MQTextMessageCell.h; sourceTree = "<group>"; };
		CC8690461C81D24400BFA68D /* MQTextMessageCell.m */ = {isa = PBXFileReference; fileEncoding = 4; lastKnownFileType = sourcecode.c.objc; path = MQTextMessageCell.m; sourceTree = "<group>"; };
		CC8690471C81D24400BFA68D /* MQTipsCell.h */ = {isa = PBXFileReference; fileEncoding = 4; lastKnownFileType = sourcecode.c.h; path = MQTipsCell.h; sourceTree = "<group>"; };
		CC8690481C81D24400BFA68D /* MQTipsCell.m */ = {isa = PBXFileReference; fileEncoding = 4; lastKnownFileType = sourcecode.c.objc; path = MQTipsCell.m; sourceTree = "<group>"; };
		CC8690491C81D24400BFA68D /* MQVoiceMessageCell.h */ = {isa = PBXFileReference; fileEncoding = 4; lastKnownFileType = sourcecode.c.h; path = MQVoiceMessageCell.h; sourceTree = "<group>"; };
		CC86904A1C81D24400BFA68D /* MQVoiceMessageCell.m */ = {isa = PBXFileReference; fileEncoding = 4; lastKnownFileType = sourcecode.c.objc; path = MQVoiceMessageCell.m; sourceTree = "<group>"; };
		CC86904C1C81D24400BFA68D /* MQAssetUtil.h */ = {isa = PBXFileReference; fileEncoding = 4; lastKnownFileType = sourcecode.c.h; path = MQAssetUtil.h; sourceTree = "<group>"; };
		CC86904D1C81D24400BFA68D /* MQAssetUtil.m */ = {isa = PBXFileReference; fileEncoding = 4; lastKnownFileType = sourcecode.c.objc; path = MQAssetUtil.m; sourceTree = "<group>"; };
		CC86904E1C81D24400BFA68D /* MQBundleUtil.h */ = {isa = PBXFileReference; fileEncoding = 4; lastKnownFileType = sourcecode.c.h; path = MQBundleUtil.h; sourceTree = "<group>"; };
		CC86904F1C81D24400BFA68D /* MQBundleUtil.m */ = {isa = PBXFileReference; fileEncoding = 4; lastKnownFileType = sourcecode.c.objc; path = MQBundleUtil.m; sourceTree = "<group>"; };
		CC8690501C81D24400BFA68D /* MQChatAudioPlayer.h */ = {isa = PBXFileReference; fileEncoding = 4; lastKnownFileType = sourcecode.c.h; path = MQChatAudioPlayer.h; sourceTree = "<group>"; };
		CC8690511C81D24400BFA68D /* MQChatAudioPlayer.m */ = {isa = PBXFileReference; fileEncoding = 4; lastKnownFileType = sourcecode.c.objc; path = MQChatAudioPlayer.m; sourceTree = "<group>"; };
		CC8690521C81D24400BFA68D /* MQChatAudioRecorder.h */ = {isa = PBXFileReference; fileEncoding = 4; lastKnownFileType = sourcecode.c.h; path = MQChatAudioRecorder.h; sourceTree = "<group>"; };
		CC8690531C81D24400BFA68D /* MQChatAudioRecorder.m */ = {isa = PBXFileReference; fileEncoding = 4; lastKnownFileType = sourcecode.c.objc; path = MQChatAudioRecorder.m; sourceTree = "<group>"; };
		CC8690541C81D24400BFA68D /* MQChatDeviceUtil.h */ = {isa = PBXFileReference; fileEncoding = 4; lastKnownFileType = sourcecode.c.h; path = MQChatDeviceUtil.h; sourceTree = "<group>"; };
		CC8690551C81D24400BFA68D /* MQChatDeviceUtil.m */ = {isa = PBXFileReference; fileEncoding = 4; lastKnownFileType = sourcecode.c.objc; path = MQChatDeviceUtil.m; sourceTree = "<group>"; };
		CC8690561C81D24400BFA68D /* MQChatEmojize.h */ = {isa = PBXFileReference; fileEncoding = 4; lastKnownFileType = sourcecode.c.h; path = MQChatEmojize.h; sourceTree = "<group>"; };
		CC8690571C81D24400BFA68D /* MQChatEmojize.m */ = {isa = PBXFileReference; fileEncoding = 4; lastKnownFileType = sourcecode.c.objc; path = MQChatEmojize.m; sourceTree = "<group>"; };
		CC8690581C81D24400BFA68D /* MQChatFileUtil.h */ = {isa = PBXFileReference; fileEncoding = 4; lastKnownFileType = sourcecode.c.h; path = MQChatFileUtil.h; sourceTree = "<group>"; };
		CC8690591C81D24400BFA68D /* MQChatFileUtil.m */ = {isa = PBXFileReference; fileEncoding = 4; lastKnownFileType = sourcecode.c.objc; path = MQChatFileUtil.m; sourceTree = "<group>"; };
		CC86905A1C81D24400BFA68D /* MQChatRegexUtil.h */ = {isa = PBXFileReference; fileEncoding = 4; lastKnownFileType = sourcecode.c.h; path = MQChatRegexUtil.h; sourceTree = "<group>"; };
		CC86905B1C81D24400BFA68D /* MQChatRegexUtil.m */ = {isa = PBXFileReference; fileEncoding = 4; lastKnownFileType = sourcecode.c.objc; path = MQChatRegexUtil.m; sourceTree = "<group>"; };
		CC86905C1C81D24400BFA68D /* MQDateFormatterUtil.h */ = {isa = PBXFileReference; fileEncoding = 4; lastKnownFileType = sourcecode.c.h; path = MQDateFormatterUtil.h; sourceTree = "<group>"; };
		CC86905D1C81D24400BFA68D /* MQDateFormatterUtil.m */ = {isa = PBXFileReference; fileEncoding = 4; lastKnownFileType = sourcecode.c.objc; path = MQDateFormatterUtil.m; sourceTree = "<group>"; };
		CC86905E1C81D24400BFA68D /* MQImageUtil.h */ = {isa = PBXFileReference; fileEncoding = 4; lastKnownFileType = sourcecode.c.h; path = MQImageUtil.h; sourceTree = "<group>"; };
		CC86905F1C81D24400BFA68D /* MQImageUtil.m */ = {isa = PBXFileReference; fileEncoding = 4; lastKnownFileType = sourcecode.c.objc; path = MQImageUtil.m; sourceTree = "<group>"; };
		CC8690601C81D24400BFA68D /* MQStringSizeUtil.h */ = {isa = PBXFileReference; fileEncoding = 4; lastKnownFileType = sourcecode.c.h; path = MQStringSizeUtil.h; sourceTree = "<group>"; };
		CC8690611C81D24400BFA68D /* MQStringSizeUtil.m */ = {isa = PBXFileReference; fileEncoding = 4; lastKnownFileType = sourcecode.c.objc; path = MQStringSizeUtil.m; sourceTree = "<group>"; };
		CC8690641C81D24400BFA68D /* MEIQIA_CustomIOSAlertView.h */ = {isa = PBXFileReference; fileEncoding = 4; lastKnownFileType = sourcecode.c.h; path = MEIQIA_CustomIOSAlertView.h; sourceTree = "<group>"; };
		CC8690651C81D24400BFA68D /* MEIQIA_CustomIOSAlertView.m */ = {isa = PBXFileReference; fileEncoding = 4; lastKnownFileType = sourcecode.c.objc; path = MEIQIA_CustomIOSAlertView.m; sourceTree = "<group>"; };
		CC8690671C81D24400BFA68D /* MEIQIA_FBBitmapFont.h */ = {isa = PBXFileReference; fileEncoding = 4; lastKnownFileType = sourcecode.c.h; path = MEIQIA_FBBitmapFont.h; sourceTree = "<group>"; };
		CC8690681C81D24400BFA68D /* MEIQIA_FBBitmapFont.m */ = {isa = PBXFileReference; fileEncoding = 4; lastKnownFileType = sourcecode.c.objc; path = MEIQIA_FBBitmapFont.m; sourceTree = "<group>"; };
		CC8690691C81D24400BFA68D /* MEIQIA_FBBitmapFontView.h */ = {isa = PBXFileReference; fileEncoding = 4; lastKnownFileType = sourcecode.c.h; path = MEIQIA_FBBitmapFontView.h; sourceTree = "<group>"; };
		CC86906A1C81D24400BFA68D /* MEIQIA_FBBitmapFontView.m */ = {isa = PBXFileReference; fileEncoding = 4; lastKnownFileType = sourcecode.c.objc; path = MEIQIA_FBBitmapFontView.m; sourceTree = "<group>"; };
		CC86906B1C81D24400BFA68D /* MEIQIA_FBFontSymbol.h */ = {isa = PBXFileReference; fileEncoding = 4; lastKnownFileType = sourcecode.c.h; path = MEIQIA_FBFontSymbol.h; sourceTree = "<group>"; };
		CC86906C1C81D24400BFA68D /* MEIQIA_FBFontSymbol.m */ = {isa = PBXFileReference; fileEncoding = 4; lastKnownFileType = sourcecode.c.objc; path = MEIQIA_FBFontSymbol.m; sourceTree = "<group>"; };
		CC86906D1C81D24400BFA68D /* MEIQIA_FBLCDFont.h */ = {isa = PBXFileReference; fileEncoding = 4; lastKnownFileType = sourcecode.c.h; path = MEIQIA_FBLCDFont.h; sourceTree = "<group>"; };
		CC86906E1C81D24400BFA68D /* MEIQIA_FBLCDFont.m */ = {isa = PBXFileReference; fileEncoding = 4; lastKnownFileType = sourcecode.c.objc; path = MEIQIA_FBLCDFont.m; sourceTree = "<group>"; };
		CC86906F1C81D24400BFA68D /* MEIQIA_FBLCDFontView.h */ = {isa = PBXFileReference; fileEncoding = 4; lastKnownFileType = sourcecode.c.h; path = MEIQIA_FBLCDFontView.h; sourceTree = "<group>"; };
		CC8690701C81D24400BFA68D /* MEIQIA_FBLCDFontView.m */ = {isa = PBXFileReference; fileEncoding = 4; lastKnownFileType = sourcecode.c.objc; path = MEIQIA_FBLCDFontView.m; sourceTree = "<group>"; };
		CC8690711C81D24400BFA68D /* MEIQIA_FBSquareFont.h */ = {isa = PBXFileReference; fileEncoding = 4; lastKnownFileType = sourcecode.c.h; path = MEIQIA_FBSquareFont.h; sourceTree = "<group>"; };
		CC8690721C81D24400BFA68D /* MEIQIA_FBSquareFont.m */ = {isa = PBXFileReference; fileEncoding = 4; lastKnownFileType = sourcecode.c.objc; path = MEIQIA_FBSquareFont.m; sourceTree = "<group>"; };
		CC8690731C81D24400BFA68D /* MEIQIA_FBSquareFontView.h */ = {isa = PBXFileReference; fileEncoding = 4; lastKnownFileType = sourcecode.c.h; path = MEIQIA_FBSquareFontView.h; sourceTree = "<group>"; };
		CC8690741C81D24400BFA68D /* MEIQIA_FBSquareFontView.m */ = {isa = PBXFileReference; fileEncoding = 4; lastKnownFileType = sourcecode.c.objc; path = MEIQIA_FBSquareFontView.m; sourceTree = "<group>"; };
		CC8690761C81D24400BFA68D /* MEIQIA_HPGrowingTextView.h */ = {isa = PBXFileReference; fileEncoding = 4; lastKnownFileType = sourcecode.c.h; path = MEIQIA_HPGrowingTextView.h; sourceTree = "<group>"; };
		CC8690771C81D24400BFA68D /* MEIQIA_HPGrowingTextView.m */ = {isa = PBXFileReference; fileEncoding = 4; lastKnownFileType = sourcecode.c.objc; path = MEIQIA_HPGrowingTextView.m; sourceTree = "<group>"; };
		CC8690781C81D24400BFA68D /* MEIQIA_HPTextViewInternal.h */ = {isa = PBXFileReference; fileEncoding = 4; lastKnownFileType = sourcecode.c.h; path = MEIQIA_HPTextViewInternal.h; sourceTree = "<group>"; };
		CC8690791C81D24400BFA68D /* MEIQIA_HPTextViewInternal.m */ = {isa = PBXFileReference; fileEncoding = 4; lastKnownFileType = sourcecode.c.objc; path = MEIQIA_HPTextViewInternal.m; sourceTree = "<group>"; };
		CC86907B1C81D24400BFA68D /* MEIQIA_MHFacebookImageViewer.h */ = {isa = PBXFileReference; fileEncoding = 4; lastKnownFileType = sourcecode.c.h; path = MEIQIA_MHFacebookImageViewer.h; sourceTree = "<group>"; };
		CC86907C1C81D24400BFA68D /* MEIQIA_MHFacebookImageViewer.m */ = {isa = PBXFileReference; fileEncoding = 4; lastKnownFileType = sourcecode.c.objc; path = MEIQIA_MHFacebookImageViewer.m; sourceTree = "<group>"; };
		CC86907D1C81D24400BFA68D /* UIImageView+MEIQIA_MHFacebookImageViewer.h */ = {isa = PBXFileReference; fileEncoding = 4; lastKnownFileType = sourcecode.c.h; path = "UIImageView+MEIQIA_MHFacebookImageViewer.h"; sourceTree = "<group>"; };
		CC86907E1C81D24400BFA68D /* UIImageView+MEIQIA_MHFacebookImageViewer.m */ = {isa = PBXFileReference; fileEncoding = 4; lastKnownFileType = sourcecode.c.objc; path = "UIImageView+MEIQIA_MHFacebookImageViewer.m"; sourceTree = "<group>"; };
		CC8690831C81D24400BFA68D /* interf_dec.h */ = {isa = PBXFileReference; fileEncoding = 4; lastKnownFileType = sourcecode.c.h; path = interf_dec.h; sourceTree = "<group>"; };
		CC8690841C81D24400BFA68D /* interf_enc.h */ = {isa = PBXFileReference; fileEncoding = 4; lastKnownFileType = sourcecode.c.h; path = interf_enc.h; sourceTree = "<group>"; };
		CC8690861C81D24400BFA68D /* dec_if.h */ = {isa = PBXFileReference; fileEncoding = 4; lastKnownFileType = sourcecode.c.h; path = dec_if.h; sourceTree = "<group>"; };
		CC8690871C81D24400BFA68D /* if_rom.h */ = {isa = PBXFileReference; fileEncoding = 4; lastKnownFileType = sourcecode.c.h; path = if_rom.h; sourceTree = "<group>"; };
		CC8690891C81D24400BFA68D /* libopencore-amrnb.a */ = {isa = PBXFileReference; lastKnownFileType = archive.ar; path = "libopencore-amrnb.a"; sourceTree = "<group>"; };
		CC86908A1C81D24400BFA68D /* libopencore-amrwb.a */ = {isa = PBXFileReference; lastKnownFileType = archive.ar; path = "libopencore-amrwb.a"; sourceTree = "<group>"; };
		CC86908B1C81D24400BFA68D /* MEIQIA_AMR_Debug.h */ = {isa = PBXFileReference; fileEncoding = 4; lastKnownFileType = sourcecode.c.h; path = MEIQIA_AMR_Debug.h; sourceTree = "<group>"; };
		CC86908C1C81D24400BFA68D /* MEIQIA_AmrRecordWriter.h */ = {isa = PBXFileReference; fileEncoding = 4; lastKnownFileType = sourcecode.c.h; path = MEIQIA_AmrRecordWriter.h; sourceTree = "<group>"; };
		CC86908D1C81D24400BFA68D /* MEIQIA_AmrRecordWriter.m */ = {isa = PBXFileReference; fileEncoding = 4; lastKnownFileType = sourcecode.c.objc; path = MEIQIA_AmrRecordWriter.m; sourceTree = "<group>"; };
		CC86908E1C81D24400BFA68D /* MEIQIA_CafRecordWriter.h */ = {isa = PBXFileReference; fileEncoding = 4; lastKnownFileType = sourcecode.c.h; path = MEIQIA_CafRecordWriter.h; sourceTree = "<group>"; };
		CC86908F1C81D24400BFA68D /* MEIQIA_CafRecordWriter.m */ = {isa = PBXFileReference; fileEncoding = 4; lastKnownFileType = sourcecode.c.objc; path = MEIQIA_CafRecordWriter.m; sourceTree = "<group>"; };
		CC8690901C81D24400BFA68D /* MEIQIA_MLAudioMeterObserver.h */ = {isa = PBXFileReference; fileEncoding = 4; lastKnownFileType = sourcecode.c.h; path = MEIQIA_MLAudioMeterObserver.h; sourceTree = "<group>"; };
		CC8690911C81D24400BFA68D /* MEIQIA_MLAudioMeterObserver.m */ = {isa = PBXFileReference; fileEncoding = 4; lastKnownFileType = sourcecode.c.objc; path = MEIQIA_MLAudioMeterObserver.m; sourceTree = "<group>"; };
		CC8690921C81D24400BFA68D /* MEIQIA_MLAudioRecorder.h */ = {isa = PBXFileReference; fileEncoding = 4; lastKnownFileType = sourcecode.c.h; path = MEIQIA_MLAudioRecorder.h; sourceTree = "<group>"; };
		CC8690931C81D24400BFA68D /* MEIQIA_MLAudioRecorder.m */ = {isa = PBXFileReference; fileEncoding = 4; lastKnownFileType = sourcecode.c.objc; path = MEIQIA_MLAudioRecorder.m; sourceTree = "<group>"; };
		CC8690941C81D24400BFA68D /* MQNamespacedDependencies.h */ = {isa = PBXFileReference; fileEncoding = 4; lastKnownFileType = sourcecode.c.h; path = MQNamespacedDependencies.h; sourceTree = "<group>"; };
		CC8690961C81D24400BFA68D /* MKAnnotationView+WebCache.h */ = {isa = PBXFileReference; fileEncoding = 4; lastKnownFileType = sourcecode.c.h; path = "MKAnnotationView+WebCache.h"; sourceTree = "<group>"; };
		CC8690971C81D24400BFA68D /* MKAnnotationView+WebCache.m */ = {isa = PBXFileReference; fileEncoding = 4; lastKnownFileType = sourcecode.c.objc; path = "MKAnnotationView+WebCache.m"; sourceTree = "<group>"; };
		CC8690981C81D24400BFA68D /* NSData+ImageContentType.h */ = {isa = PBXFileReference; fileEncoding = 4; lastKnownFileType = sourcecode.c.h; path = "NSData+ImageContentType.h"; sourceTree = "<group>"; };
		CC8690991C81D24400BFA68D /* NSData+ImageContentType.m */ = {isa = PBXFileReference; fileEncoding = 4; lastKnownFileType = sourcecode.c.objc; path = "NSData+ImageContentType.m"; sourceTree = "<group>"; };
		CC86909A1C81D24400BFA68D /* SDImageCache.h */ = {isa = PBXFileReference; fileEncoding = 4; lastKnownFileType = sourcecode.c.h; path = SDImageCache.h; sourceTree = "<group>"; };
		CC86909B1C81D24400BFA68D /* SDImageCache.m */ = {isa = PBXFileReference; fileEncoding = 4; lastKnownFileType = sourcecode.c.objc; path = SDImageCache.m; sourceTree = "<group>"; };
		CC86909C1C81D24400BFA68D /* SDWebImageCompat.h */ = {isa = PBXFileReference; fileEncoding = 4; lastKnownFileType = sourcecode.c.h; path = SDWebImageCompat.h; sourceTree = "<group>"; };
		CC86909D1C81D24400BFA68D /* SDWebImageCompat.m */ = {isa = PBXFileReference; fileEncoding = 4; lastKnownFileType = sourcecode.c.objc; path = SDWebImageCompat.m; sourceTree = "<group>"; };
		CC86909E1C81D24400BFA68D /* SDWebImageDecoder.h */ = {isa = PBXFileReference; fileEncoding = 4; lastKnownFileType = sourcecode.c.h; path = SDWebImageDecoder.h; sourceTree = "<group>"; };
		CC86909F1C81D24400BFA68D /* SDWebImageDecoder.m */ = {isa = PBXFileReference; fileEncoding = 4; lastKnownFileType = sourcecode.c.objc; path = SDWebImageDecoder.m; sourceTree = "<group>"; };
		CC8690A01C81D24400BFA68D /* SDWebImageDownloader.h */ = {isa = PBXFileReference; fileEncoding = 4; lastKnownFileType = sourcecode.c.h; path = SDWebImageDownloader.h; sourceTree = "<group>"; };
		CC8690A11C81D24400BFA68D /* SDWebImageDownloader.m */ = {isa = PBXFileReference; fileEncoding = 4; lastKnownFileType = sourcecode.c.objc; path = SDWebImageDownloader.m; sourceTree = "<group>"; };
		CC8690A21C81D24400BFA68D /* SDWebImageDownloaderOperation.h */ = {isa = PBXFileReference; fileEncoding = 4; lastKnownFileType = sourcecode.c.h; path = SDWebImageDownloaderOperation.h; sourceTree = "<group>"; };
		CC8690A31C81D24400BFA68D /* SDWebImageDownloaderOperation.m */ = {isa = PBXFileReference; fileEncoding = 4; lastKnownFileType = sourcecode.c.objc; path = SDWebImageDownloaderOperation.m; sourceTree = "<group>"; };
		CC8690A41C81D24400BFA68D /* SDWebImageManager.h */ = {isa = PBXFileReference; fileEncoding = 4; lastKnownFileType = sourcecode.c.h; path = SDWebImageManager.h; sourceTree = "<group>"; };
		CC8690A51C81D24400BFA68D /* SDWebImageManager.m */ = {isa = PBXFileReference; fileEncoding = 4; lastKnownFileType = sourcecode.c.objc; path = SDWebImageManager.m; sourceTree = "<group>"; };
		CC8690A61C81D24400BFA68D /* SDWebImageOperation.h */ = {isa = PBXFileReference; fileEncoding = 4; lastKnownFileType = sourcecode.c.h; path = SDWebImageOperation.h; sourceTree = "<group>"; };
		CC8690A71C81D24400BFA68D /* SDWebImagePrefetcher.h */ = {isa = PBXFileReference; fileEncoding = 4; lastKnownFileType = sourcecode.c.h; path = SDWebImagePrefetcher.h; sourceTree = "<group>"; };
		CC8690A81C81D24400BFA68D /* SDWebImagePrefetcher.m */ = {isa = PBXFileReference; fileEncoding = 4; lastKnownFileType = sourcecode.c.objc; path = SDWebImagePrefetcher.m; sourceTree = "<group>"; };
		CC8690A91C81D24400BFA68D /* UIButton+WebCache.h */ = {isa = PBXFileReference; fileEncoding = 4; lastKnownFileType = sourcecode.c.h; path = "UIButton+WebCache.h"; sourceTree = "<group>"; };
		CC8690AA1C81D24400BFA68D /* UIButton+WebCache.m */ = {isa = PBXFileReference; fileEncoding = 4; lastKnownFileType = sourcecode.c.objc; path = "UIButton+WebCache.m"; sourceTree = "<group>"; };
		CC8690AB1C81D24400BFA68D /* UIImage+GIF.h */ = {isa = PBXFileReference; fileEncoding = 4; lastKnownFileType = sourcecode.c.h; path = "UIImage+GIF.h"; sourceTree = "<group>"; };
		CC8690AC1C81D24400BFA68D /* UIImage+GIF.m */ = {isa = PBXFileReference; fileEncoding = 4; lastKnownFileType = sourcecode.c.objc; path = "UIImage+GIF.m"; sourceTree = "<group>"; };
		CC8690AD1C81D24400BFA68D /* UIImage+MultiFormat.h */ = {isa = PBXFileReference; fileEncoding = 4; lastKnownFileType = sourcecode.c.h; path = "UIImage+MultiFormat.h"; sourceTree = "<group>"; };
		CC8690AE1C81D24400BFA68D /* UIImage+MultiFormat.m */ = {isa = PBXFileReference; fileEncoding = 4; lastKnownFileType = sourcecode.c.objc; path = "UIImage+MultiFormat.m"; sourceTree = "<group>"; };
		CC8690AF1C81D24400BFA68D /* UIImage+WebP.h */ = {isa = PBXFileReference; fileEncoding = 4; lastKnownFileType = sourcecode.c.h; path = "UIImage+WebP.h"; sourceTree = "<group>"; };
		CC8690B01C81D24400BFA68D /* UIImage+WebP.m */ = {isa = PBXFileReference; fileEncoding = 4; lastKnownFileType = sourcecode.c.objc; path = "UIImage+WebP.m"; sourceTree = "<group>"; };
		CC8690B11C81D24400BFA68D /* UIImageView+HighlightedWebCache.h */ = {isa = PBXFileReference; fileEncoding = 4; lastKnownFileType = sourcecode.c.h; path = "UIImageView+HighlightedWebCache.h"; sourceTree = "<group>"; };
		CC8690B21C81D24400BFA68D /* UIImageView+HighlightedWebCache.m */ = {isa = PBXFileReference; fileEncoding = 4; lastKnownFileType = sourcecode.c.objc; path = "UIImageView+HighlightedWebCache.m"; sourceTree = "<group>"; };
		CC8690B31C81D24400BFA68D /* UIImageView+WebCache.h */ = {isa = PBXFileReference; fileEncoding = 4; lastKnownFileType = sourcecode.c.h; path = "UIImageView+WebCache.h"; sourceTree = "<group>"; };
		CC8690B41C81D24400BFA68D /* UIImageView+WebCache.m */ = {isa = PBXFileReference; fileEncoding = 4; lastKnownFileType = sourcecode.c.objc; path = "UIImageView+WebCache.m"; sourceTree = "<group>"; };
		CC8690B51C81D24400BFA68D /* UIView+WebCacheOperation.h */ = {isa = PBXFileReference; fileEncoding = 4; lastKnownFileType = sourcecode.c.h; path = "UIView+WebCacheOperation.h"; sourceTree = "<group>"; };
		CC8690B61C81D24400BFA68D /* UIView+WebCacheOperation.m */ = {isa = PBXFileReference; fileEncoding = 4; lastKnownFileType = sourcecode.c.objc; path = "UIView+WebCacheOperation.m"; sourceTree = "<group>"; };
		CC8690B81C81D24400BFA68D /* MEIQIA_TTTAttributedLabel.h */ = {isa = PBXFileReference; fileEncoding = 4; lastKnownFileType = sourcecode.c.h; path = MEIQIA_TTTAttributedLabel.h; sourceTree = "<group>"; };
		CC8690B91C81D24400BFA68D /* MEIQIA_TTTAttributedLabel.m */ = {isa = PBXFileReference; fileEncoding = 4; lastKnownFileType = sourcecode.c.objc; path = MEIQIA_TTTAttributedLabel.m; sourceTree = "<group>"; };
		CC8690C31C81D24400BFA68D /* MQChatTableView.h */ = {isa = PBXFileReference; fileEncoding = 4; lastKnownFileType = sourcecode.c.h; path = MQChatTableView.h; sourceTree = "<group>"; };
		CC8690C41C81D24400BFA68D /* MQChatTableView.m */ = {isa = PBXFileReference; fileEncoding = 4; lastKnownFileType = sourcecode.c.objc; path = MQChatTableView.m; sourceTree = "<group>"; };
		CC8690C61C81D24400BFA68D /* MQEvaluationView.h */ = {isa = PBXFileReference; fileEncoding = 4; lastKnownFileType = sourcecode.c.h; path = MQEvaluationView.h; sourceTree = "<group>"; };
		CC8690C71C81D24400BFA68D /* MQEvaluationView.m */ = {isa = PBXFileReference; fileEncoding = 4; lastKnownFileType = sourcecode.c.objc; path = MQEvaluationView.m; sourceTree = "<group>"; };
		CC8690C91C81D24400BFA68D /* MQInputBar.h */ = {isa = PBXFileReference; fileEncoding = 4; lastKnownFileType = sourcecode.c.h; path = MQInputBar.h; sourceTree = "<group>"; };
		CC8690CA1C81D24400BFA68D /* MQInputBar.m */ = {isa = PBXFileReference; fileEncoding = 4; lastKnownFileType = sourcecode.c.objc; path = MQInputBar.m; sourceTree = "<group>"; };
		CC8690CC1C81D24400BFA68D /* MQPullRefreshView.h */ = {isa = PBXFileReference; fileEncoding = 4; lastKnownFileType = sourcecode.c.h; path = MQPullRefreshView.h; sourceTree = "<group>"; };
		CC8690CD1C81D24400BFA68D /* MQPullRefreshView.m */ = {isa = PBXFileReference; fileEncoding = 4; lastKnownFileType = sourcecode.c.objc; path = MQPullRefreshView.m; sourceTree = "<group>"; };
		CC8690CF1C81D24400BFA68D /* MQRecordView.h */ = {isa = PBXFileReference; fileEncoding = 4; lastKnownFileType = sourcecode.c.h; path = MQRecordView.h; sourceTree = "<group>"; };
		CC8690D01C81D24400BFA68D /* MQRecordView.m */ = {isa = PBXFileReference; fileEncoding = 4; lastKnownFileType = sourcecode.c.objc; path = MQRecordView.m; sourceTree = "<group>"; };
		CC8690D21C81D24400BFA68D /* MQToast.h */ = {isa = PBXFileReference; fileEncoding = 4; lastKnownFileType = sourcecode.c.h; path = MQToast.h; sourceTree = "<group>"; };
		CC8690D31C81D24400BFA68D /* MQToast.m */ = {isa = PBXFileReference; fileEncoding = 4; lastKnownFileType = sourcecode.c.objc; path = MQToast.m; sourceTree = "<group>"; };
		CC8690D51C81D24400BFA68D /* MQAgent.h */ = {isa = PBXFileReference; fileEncoding = 4; lastKnownFileType = sourcecode.c.h; path = MQAgent.h; sourceTree = "<group>"; };
		CC8690D61C81D24400BFA68D /* MQAgent.m */ = {isa = PBXFileReference; fileEncoding = 4; lastKnownFileType = sourcecode.c.objc; path = MQAgent.m; sourceTree = "<group>"; };
		CC8690D71C81D24400BFA68D /* MQDefinition.h */ = {isa = PBXFileReference; fileEncoding = 4; lastKnownFileType = sourcecode.c.h; path = MQDefinition.h; sourceTree = "<group>"; };
		CC8690D81C81D24400BFA68D /* MQServiceToViewInterface.h */ = {isa = PBXFileReference; fileEncoding = 4; lastKnownFileType = sourcecode.c.h; path = MQServiceToViewInterface.h; sourceTree = "<group>"; };
		CC8690D91C81D24400BFA68D /* MQServiceToViewInterface.m */ = {isa = PBXFileReference; fileEncoding = 4; lastKnownFileType = sourcecode.c.objc; path = MQServiceToViewInterface.m; sourceTree = "<group>"; };
		E49C7BC11C97AA77003027E8 /* UIViewController+OrientationFix.h */ = {isa = PBXFileReference; fileEncoding = 4; lastKnownFileType = sourcecode.c.h; path = "UIViewController+OrientationFix.h"; sourceTree = "<group>"; };
		E49C7BC21C97AA77003027E8 /* UIViewController+OrientationFix.m */ = {isa = PBXFileReference; fileEncoding = 4; lastKnownFileType = sourcecode.c.objc; path = "UIViewController+OrientationFix.m"; sourceTree = "<group>"; };
/* End PBXFileReference section */

/* Begin PBXFrameworksBuildPhase section */
		CC45FCE71BE36B1900DE0BFB /* Frameworks */ = {
			isa = PBXFrameworksBuildPhase;
			buildActionMask = 2147483647;
			files = (
				CC86910B1C81D24500BFA68D /* libopencore-amrwb.a in Frameworks */,
				CC86910A1C81D24500BFA68D /* libopencore-amrnb.a in Frameworks */,
			);
			runOnlyForDeploymentPostprocessing = 0;
		};
		CC45FD001BE36B1900DE0BFB /* Frameworks */ = {
			isa = PBXFrameworksBuildPhase;
			buildActionMask = 2147483647;
			files = (
			);
			runOnlyForDeploymentPostprocessing = 0;
		};
		CC45FD0B1BE36B1900DE0BFB /* Frameworks */ = {
			isa = PBXFrameworksBuildPhase;
			buildActionMask = 2147483647;
			files = (
			);
			runOnlyForDeploymentPostprocessing = 0;
		};
/* End PBXFrameworksBuildPhase section */

/* Begin PBXGroup section */
		CC45FCE11BE36B1900DE0BFB = {
			isa = PBXGroup;
			children = (
				CC8690111C81D24400BFA68D /* MQChatViewController */,
				CC8690D41C81D24400BFA68D /* MeiqiaSDKFiles */,
				CC45FCEC1BE36B1900DE0BFB /* MQChatViewControllerDemo */,
				CC45FD061BE36B1900DE0BFB /* MQChatViewControllerDemoTests */,
				CC45FD111BE36B1900DE0BFB /* MQChatViewControllerDemoUITests */,
				CC45FCEB1BE36B1900DE0BFB /* Products */,
			);
			sourceTree = "<group>";
		};
		CC45FCEB1BE36B1900DE0BFB /* Products */ = {
			isa = PBXGroup;
			children = (
				CC45FCEA1BE36B1900DE0BFB /* MQChatViewControllerDemo.app */,
				CC45FD031BE36B1900DE0BFB /* MQChatViewControllerDemoTests.xctest */,
				CC45FD0E1BE36B1900DE0BFB /* MQChatViewControllerDemoUITests.xctest */,
			);
			name = Products;
			sourceTree = "<group>";
		};
		CC45FCEC1BE36B1900DE0BFB /* MQChatViewControllerDemo */ = {
			isa = PBXGroup;
			children = (
				CC45FCF01BE36B1900DE0BFB /* AppDelegate.h */,
				CC45FCF11BE36B1900DE0BFB /* AppDelegate.m */,
				CC45FCF31BE36B1900DE0BFB /* ViewController.h */,
				CC45FCF41BE36B1900DE0BFB /* ViewController.m */,
				CC45FCF61BE36B1900DE0BFB /* Main.storyboard */,
				CC45FCF91BE36B1900DE0BFB /* Assets.xcassets */,
				CC45FCFB1BE36B1900DE0BFB /* LaunchScreen.storyboard */,
				CC45FCFE1BE36B1900DE0BFB /* Info.plist */,
				CC45FCED1BE36B1900DE0BFB /* Supporting Files */,
			);
			path = MQChatViewControllerDemo;
			sourceTree = "<group>";
		};
		CC45FCED1BE36B1900DE0BFB /* Supporting Files */ = {
			isa = PBXGroup;
			children = (
				CC45FCEE1BE36B1900DE0BFB /* main.m */,
			);
			name = "Supporting Files";
			sourceTree = "<group>";
		};
		CC45FD061BE36B1900DE0BFB /* MQChatViewControllerDemoTests */ = {
			isa = PBXGroup;
			children = (
				CC45FD071BE36B1900DE0BFB /* MQChatViewControllerDemoTests.m */,
				CC45FD091BE36B1900DE0BFB /* Info.plist */,
			);
			path = MQChatViewControllerDemoTests;
			sourceTree = "<group>";
		};
		CC45FD111BE36B1900DE0BFB /* MQChatViewControllerDemoUITests */ = {
			isa = PBXGroup;
			children = (
				CC45FD121BE36B1900DE0BFB /* MQChatViewControllerDemoUITests.m */,
				CC45FD141BE36B1900DE0BFB /* Info.plist */,
			);
			path = MQChatViewControllerDemoUITests;
			sourceTree = "<group>";
		};
		CC686F7E1C86E27F000A1E63 /* VoiceConvert */ = {
			isa = PBXGroup;
			children = (
				CC686F7F1C86E27F000A1E63 /* amrwapper */,
				CC686F841C86E27F000A1E63 /* VoiceConverter.h */,
				CC686F851C86E27F000A1E63 /* VoiceConverter.mm */,
			);
			path = VoiceConvert;
			sourceTree = "<group>";
		};
		CC686F7F1C86E27F000A1E63 /* amrwapper */ = {
			isa = PBXGroup;
			children = (
				CC686F801C86E27F000A1E63 /* amrFileCodec.h */,
				CC686F811C86E27F000A1E63 /* amrFileCodec.mm */,
				CC686F821C86E27F000A1E63 /* wav.h */,
				CC686F831C86E27F000A1E63 /* wav.mm */,
			);
			path = amrwapper;
			sourceTree = "<group>";
		};
		CC8690111C81D24400BFA68D /* MQChatViewController */ = {
			isa = PBXGroup;
			children = (
				E49C7BC01C97AA31003027E8 /* Categories */,
				CC8690121C81D24400BFA68D /* Assets */,
				CC8690141C81D24400BFA68D /* Config */,
				CC8690191C81D24400BFA68D /* Controllers */,
				CC8690201C81D24400BFA68D /* MessageModels */,
				CC86902B1C81D24400BFA68D /* TableCells */,
				CC86904B1C81D24400BFA68D /* Utils */,
				CC8690621C81D24400BFA68D /* Vendors */,
				CC8690C21C81D24400BFA68D /* Views */,
			);
			name = MQChatViewController;
			path = ../MQChatViewController;
			sourceTree = "<group>";
		};
		CC8690121C81D24400BFA68D /* Assets */ = {
			isa = PBXGroup;
			children = (
				CC8690131C81D24400BFA68D /* MQChatViewAsset.bundle */,
			);
			path = Assets;
			sourceTree = "<group>";
		};
		CC8690141C81D24400BFA68D /* Config */ = {
			isa = PBXGroup;
			children = (
				CC8690151C81D24400BFA68D /* MQChatViewConfig.h */,
				CC8690161C81D24400BFA68D /* MQChatViewConfig.m */,
				CC8690171C81D24400BFA68D /* MQChatViewManager.h */,
				CC8690181C81D24400BFA68D /* MQChatViewManager.m */,
			);
			path = Config;
			sourceTree = "<group>";
		};
		CC8690191C81D24400BFA68D /* Controllers */ = {
			isa = PBXGroup;
			children = (
				CC86901A1C81D24400BFA68D /* MQChatViewController.h */,
				CC86901B1C81D24400BFA68D /* MQChatViewController.m */,
				CC86901C1C81D24400BFA68D /* MQChatViewService.h */,
				CC86901D1C81D24400BFA68D /* MQChatViewService.m */,
				CC86901E1C81D24400BFA68D /* MQChatViewTableDataSource.h */,
				CC86901F1C81D24400BFA68D /* MQChatViewTableDataSource.m */,
			);
			path = Controllers;
			sourceTree = "<group>";
		};
		CC8690201C81D24400BFA68D /* MessageModels */ = {
			isa = PBXGroup;
			children = (
				CC8690211C81D24400BFA68D /* MQBaseMessage.h */,
				CC8690221C81D24400BFA68D /* MQBaseMessage.m */,
				CC8690231C81D24400BFA68D /* MQEventMessage.h */,
				CC8690241C81D24400BFA68D /* MQEventMessage.m */,
				CC8690251C81D24400BFA68D /* MQImageMessage.h */,
				CC8690261C81D24400BFA68D /* MQImageMessage.m */,
				CC8690271C81D24400BFA68D /* MQTextMessage.h */,
				CC8690281C81D24400BFA68D /* MQTextMessage.m */,
				CC8690291C81D24400BFA68D /* MQVoiceMessage.h */,
				CC86902A1C81D24400BFA68D /* MQVoiceMessage.m */,
			);
			path = MessageModels;
			sourceTree = "<group>";
		};
		CC86902B1C81D24400BFA68D /* TableCells */ = {
			isa = PBXGroup;
			children = (
				CC86902C1C81D24400BFA68D /* CellModel */,
				CC86903A1C81D24400BFA68D /* CellView */,
			);
			path = TableCells;
			sourceTree = "<group>";
		};
		CC86902C1C81D24400BFA68D /* CellModel */ = {
			isa = PBXGroup;
			children = (
				CC86902D1C81D24400BFA68D /* MQCellModelProtocol.h */,
				CC86902E1C81D24400BFA68D /* MQEventCellModel.h */,
				CC86902F1C81D24400BFA68D /* MQEventCellModel.m */,
				CC8690301C81D24400BFA68D /* MQImageCellModel.h */,
				CC8690311C81D24400BFA68D /* MQImageCellModel.m */,
				CC8690321C81D24400BFA68D /* MQMessageDateCellModel.h */,
				CC8690331C81D24400BFA68D /* MQMessageDateCellModel.m */,
				CC8690341C81D24400BFA68D /* MQTextCellModel.h */,
				CC8690351C81D24400BFA68D /* MQTextCellModel.m */,
				CC8690361C81D24400BFA68D /* MQTipsCellModel.h */,
				CC8690371C81D24400BFA68D /* MQTipsCellModel.m */,
				CC8690381C81D24400BFA68D /* MQVoiceCellModel.h */,
				CC8690391C81D24400BFA68D /* MQVoiceCellModel.m */,
				CC686E181C8562CC000A1E63 /* MQEvaluationResultCellModel.h */,
				CC686E191C8562CC000A1E63 /* MQEvaluationResultCellModel.m */,
			);
			path = CellModel;
			sourceTree = "<group>";
		};
		CC86903A1C81D24400BFA68D /* CellView */ = {
			isa = PBXGroup;
			children = (
				CC686E1E1C859EA3000A1E63 /* MQEvaluationCell.h */,
				CC686E1F1C859EA3000A1E63 /* MQEvaluationCell.m */,
				CC86903B1C81D24400BFA68D /* MQChatBaseCell.h */,
				CC86903C1C81D24400BFA68D /* MQChatBaseCell.m */,
				CC86903F1C81D24400BFA68D /* MQEventMessageCell.h */,
				CC8690401C81D24400BFA68D /* MQEventMessageCell.m */,
				CC8690411C81D24400BFA68D /* MQImageMessageCell.h */,
				CC8690421C81D24400BFA68D /* MQImageMessageCell.m */,
				CC8690431C81D24400BFA68D /* MQMessageDateCell.h */,
				CC8690441C81D24400BFA68D /* MQMessageDateCell.m */,
				CC8690451C81D24400BFA68D /* MQTextMessageCell.h */,
				CC8690461C81D24400BFA68D /* MQTextMessageCell.m */,
				CC8690471C81D24400BFA68D /* MQTipsCell.h */,
				CC8690481C81D24400BFA68D /* MQTipsCell.m */,
				CC8690491C81D24400BFA68D /* MQVoiceMessageCell.h */,
				CC86904A1C81D24400BFA68D /* MQVoiceMessageCell.m */,
				CC686E1B1C85663D000A1E63 /* MQEvaluationResultCell.h */,
				CC686E1C1C85663D000A1E63 /* MQEvaluationResultCell.m */,
			);
			path = CellView;
			sourceTree = "<group>";
		};
		CC86904B1C81D24400BFA68D /* Utils */ = {
			isa = PBXGroup;
			children = (
				CC86904C1C81D24400BFA68D /* MQAssetUtil.h */,
				CC86904D1C81D24400BFA68D /* MQAssetUtil.m */,
				CC86904E1C81D24400BFA68D /* MQBundleUtil.h */,
				CC86904F1C81D24400BFA68D /* MQBundleUtil.m */,
				CC8690501C81D24400BFA68D /* MQChatAudioPlayer.h */,
				CC8690511C81D24400BFA68D /* MQChatAudioPlayer.m */,
				CC8690521C81D24400BFA68D /* MQChatAudioRecorder.h */,
				CC8690531C81D24400BFA68D /* MQChatAudioRecorder.m */,
				CC8690541C81D24400BFA68D /* MQChatDeviceUtil.h */,
				CC8690551C81D24400BFA68D /* MQChatDeviceUtil.m */,
				CC8690561C81D24400BFA68D /* MQChatEmojize.h */,
				CC8690571C81D24400BFA68D /* MQChatEmojize.m */,
				CC8690581C81D24400BFA68D /* MQChatFileUtil.h */,
				CC8690591C81D24400BFA68D /* MQChatFileUtil.m */,
				CC86905A1C81D24400BFA68D /* MQChatRegexUtil.h */,
				CC86905B1C81D24400BFA68D /* MQChatRegexUtil.m */,
				CC86905C1C81D24400BFA68D /* MQDateFormatterUtil.h */,
				CC86905D1C81D24400BFA68D /* MQDateFormatterUtil.m */,
				CC86905E1C81D24400BFA68D /* MQImageUtil.h */,
				CC86905F1C81D24400BFA68D /* MQImageUtil.m */,
				CC8690601C81D24400BFA68D /* MQStringSizeUtil.h */,
				CC8690611C81D24400BFA68D /* MQStringSizeUtil.m */,
			);
			path = Utils;
			sourceTree = "<group>";
		};
		CC8690621C81D24400BFA68D /* Vendors */ = {
			isa = PBXGroup;
			children = (
				CC686F7E1C86E27F000A1E63 /* VoiceConvert */,
				CC8690631C81D24400BFA68D /* CustomIOSAlertView */,
				CC8690661C81D24400BFA68D /* FBDigitalFont */,
				CC8690751C81D24400BFA68D /* HPTextView */,
				CC86907A1C81D24400BFA68D /* MHFacebookImageViewer */,
				CC86907F1C81D24400BFA68D /* MLAudioRecorder */,
				CC8690941C81D24400BFA68D /* MQNamespacedDependencies.h */,
				CC8690951C81D24400BFA68D /* SDWebImage */,
				CC8690B71C81D24400BFA68D /* TTTAttributedLabel */,
			);
			path = Vendors;
			sourceTree = "<group>";
		};
		CC8690631C81D24400BFA68D /* CustomIOSAlertView */ = {
			isa = PBXGroup;
			children = (
				CC8690641C81D24400BFA68D /* MEIQIA_CustomIOSAlertView.h */,
				CC8690651C81D24400BFA68D /* MEIQIA_CustomIOSAlertView.m */,
			);
			path = CustomIOSAlertView;
			sourceTree = "<group>";
		};
		CC8690661C81D24400BFA68D /* FBDigitalFont */ = {
			isa = PBXGroup;
			children = (
				CC8690671C81D24400BFA68D /* MEIQIA_FBBitmapFont.h */,
				CC8690681C81D24400BFA68D /* MEIQIA_FBBitmapFont.m */,
				CC8690691C81D24400BFA68D /* MEIQIA_FBBitmapFontView.h */,
				CC86906A1C81D24400BFA68D /* MEIQIA_FBBitmapFontView.m */,
				CC86906B1C81D24400BFA68D /* MEIQIA_FBFontSymbol.h */,
				CC86906C1C81D24400BFA68D /* MEIQIA_FBFontSymbol.m */,
				CC86906D1C81D24400BFA68D /* MEIQIA_FBLCDFont.h */,
				CC86906E1C81D24400BFA68D /* MEIQIA_FBLCDFont.m */,
				CC86906F1C81D24400BFA68D /* MEIQIA_FBLCDFontView.h */,
				CC8690701C81D24400BFA68D /* MEIQIA_FBLCDFontView.m */,
				CC8690711C81D24400BFA68D /* MEIQIA_FBSquareFont.h */,
				CC8690721C81D24400BFA68D /* MEIQIA_FBSquareFont.m */,
				CC8690731C81D24400BFA68D /* MEIQIA_FBSquareFontView.h */,
				CC8690741C81D24400BFA68D /* MEIQIA_FBSquareFontView.m */,
			);
			path = FBDigitalFont;
			sourceTree = "<group>";
		};
		CC8690751C81D24400BFA68D /* HPTextView */ = {
			isa = PBXGroup;
			children = (
				CC8690761C81D24400BFA68D /* MEIQIA_HPGrowingTextView.h */,
				CC8690771C81D24400BFA68D /* MEIQIA_HPGrowingTextView.m */,
				CC8690781C81D24400BFA68D /* MEIQIA_HPTextViewInternal.h */,
				CC8690791C81D24400BFA68D /* MEIQIA_HPTextViewInternal.m */,
			);
			path = HPTextView;
			sourceTree = "<group>";
		};
		CC86907A1C81D24400BFA68D /* MHFacebookImageViewer */ = {
			isa = PBXGroup;
			children = (
				CC86907B1C81D24400BFA68D /* MEIQIA_MHFacebookImageViewer.h */,
				CC86907C1C81D24400BFA68D /* MEIQIA_MHFacebookImageViewer.m */,
				CC86907D1C81D24400BFA68D /* UIImageView+MEIQIA_MHFacebookImageViewer.h */,
				CC86907E1C81D24400BFA68D /* UIImageView+MEIQIA_MHFacebookImageViewer.m */,
			);
			path = MHFacebookImageViewer;
			sourceTree = "<group>";
		};
		CC86907F1C81D24400BFA68D /* MLAudioRecorder */ = {
			isa = PBXGroup;
			children = (
				CC8690801C81D24400BFA68D /* amr_en_de */,
				CC86908B1C81D24400BFA68D /* MEIQIA_AMR_Debug.h */,
				CC86908C1C81D24400BFA68D /* MEIQIA_AmrRecordWriter.h */,
				CC86908D1C81D24400BFA68D /* MEIQIA_AmrRecordWriter.m */,
				CC86908E1C81D24400BFA68D /* MEIQIA_CafRecordWriter.h */,
				CC86908F1C81D24400BFA68D /* MEIQIA_CafRecordWriter.m */,
				CC8690901C81D24400BFA68D /* MEIQIA_MLAudioMeterObserver.h */,
				CC8690911C81D24400BFA68D /* MEIQIA_MLAudioMeterObserver.m */,
				CC8690921C81D24400BFA68D /* MEIQIA_MLAudioRecorder.h */,
				CC8690931C81D24400BFA68D /* MEIQIA_MLAudioRecorder.m */,
			);
			path = MLAudioRecorder;
			sourceTree = "<group>";
		};
		CC8690801C81D24400BFA68D /* amr_en_de */ = {
			isa = PBXGroup;
			children = (
				CC8690811C81D24400BFA68D /* include */,
				CC8690881C81D24400BFA68D /* lib */,
			);
			path = amr_en_de;
			sourceTree = "<group>";
		};
		CC8690811C81D24400BFA68D /* include */ = {
			isa = PBXGroup;
			children = (
				CC8690821C81D24400BFA68D /* opencore-amrnb */,
				CC8690851C81D24400BFA68D /* opencore-amrwb */,
			);
			path = include;
			sourceTree = "<group>";
		};
		CC8690821C81D24400BFA68D /* opencore-amrnb */ = {
			isa = PBXGroup;
			children = (
				CC8690831C81D24400BFA68D /* interf_dec.h */,
				CC8690841C81D24400BFA68D /* interf_enc.h */,
			);
			path = "opencore-amrnb";
			sourceTree = "<group>";
		};
		CC8690851C81D24400BFA68D /* opencore-amrwb */ = {
			isa = PBXGroup;
			children = (
				CC8690861C81D24400BFA68D /* dec_if.h */,
				CC8690871C81D24400BFA68D /* if_rom.h */,
			);
			path = "opencore-amrwb";
			sourceTree = "<group>";
		};
		CC8690881C81D24400BFA68D /* lib */ = {
			isa = PBXGroup;
			children = (
				CC8690891C81D24400BFA68D /* libopencore-amrnb.a */,
				CC86908A1C81D24400BFA68D /* libopencore-amrwb.a */,
			);
			path = lib;
			sourceTree = "<group>";
		};
		CC8690951C81D24400BFA68D /* SDWebImage */ = {
			isa = PBXGroup;
			children = (
				CC8690961C81D24400BFA68D /* MKAnnotationView+WebCache.h */,
				CC8690971C81D24400BFA68D /* MKAnnotationView+WebCache.m */,
				CC8690981C81D24400BFA68D /* NSData+ImageContentType.h */,
				CC8690991C81D24400BFA68D /* NSData+ImageContentType.m */,
				CC86909A1C81D24400BFA68D /* SDImageCache.h */,
				CC86909B1C81D24400BFA68D /* SDImageCache.m */,
				CC86909C1C81D24400BFA68D /* SDWebImageCompat.h */,
				CC86909D1C81D24400BFA68D /* SDWebImageCompat.m */,
				CC86909E1C81D24400BFA68D /* SDWebImageDecoder.h */,
				CC86909F1C81D24400BFA68D /* SDWebImageDecoder.m */,
				CC8690A01C81D24400BFA68D /* SDWebImageDownloader.h */,
				CC8690A11C81D24400BFA68D /* SDWebImageDownloader.m */,
				CC8690A21C81D24400BFA68D /* SDWebImageDownloaderOperation.h */,
				CC8690A31C81D24400BFA68D /* SDWebImageDownloaderOperation.m */,
				CC8690A41C81D24400BFA68D /* SDWebImageManager.h */,
				CC8690A51C81D24400BFA68D /* SDWebImageManager.m */,
				CC8690A61C81D24400BFA68D /* SDWebImageOperation.h */,
				CC8690A71C81D24400BFA68D /* SDWebImagePrefetcher.h */,
				CC8690A81C81D24400BFA68D /* SDWebImagePrefetcher.m */,
				CC8690A91C81D24400BFA68D /* UIButton+WebCache.h */,
				CC8690AA1C81D24400BFA68D /* UIButton+WebCache.m */,
				CC8690AB1C81D24400BFA68D /* UIImage+GIF.h */,
				CC8690AC1C81D24400BFA68D /* UIImage+GIF.m */,
				CC8690AD1C81D24400BFA68D /* UIImage+MultiFormat.h */,
				CC8690AE1C81D24400BFA68D /* UIImage+MultiFormat.m */,
				CC8690AF1C81D24400BFA68D /* UIImage+WebP.h */,
				CC8690B01C81D24400BFA68D /* UIImage+WebP.m */,
				CC8690B11C81D24400BFA68D /* UIImageView+HighlightedWebCache.h */,
				CC8690B21C81D24400BFA68D /* UIImageView+HighlightedWebCache.m */,
				CC8690B31C81D24400BFA68D /* UIImageView+WebCache.h */,
				CC8690B41C81D24400BFA68D /* UIImageView+WebCache.m */,
				CC8690B51C81D24400BFA68D /* UIView+WebCacheOperation.h */,
				CC8690B61C81D24400BFA68D /* UIView+WebCacheOperation.m */,
			);
			path = SDWebImage;
			sourceTree = "<group>";
		};
		CC8690B71C81D24400BFA68D /* TTTAttributedLabel */ = {
			isa = PBXGroup;
			children = (
				CC8690B81C81D24400BFA68D /* MEIQIA_TTTAttributedLabel.h */,
				CC8690B91C81D24400BFA68D /* MEIQIA_TTTAttributedLabel.m */,
			);
			path = TTTAttributedLabel;
			sourceTree = "<group>";
		};
		CC8690C21C81D24400BFA68D /* Views */ = {
			isa = PBXGroup;
			children = (
				CC8690C31C81D24400BFA68D /* MQChatTableView.h */,
				CC8690C41C81D24400BFA68D /* MQChatTableView.m */,
				CC8690C51C81D24400BFA68D /* MQEvaluationView */,
				CC8690C81C81D24400BFA68D /* MQInputBar */,
				CC8690CB1C81D24400BFA68D /* MQPullRefreshView */,
				CC8690CE1C81D24400BFA68D /* MQRecordView */,
				CC8690D11C81D24400BFA68D /* MQToast */,
			);
			path = Views;
			sourceTree = "<group>";
		};
		CC8690C51C81D24400BFA68D /* MQEvaluationView */ = {
			isa = PBXGroup;
			children = (
				CC8690C61C81D24400BFA68D /* MQEvaluationView.h */,
				CC8690C71C81D24400BFA68D /* MQEvaluationView.m */,
			);
			path = MQEvaluationView;
			sourceTree = "<group>";
		};
		CC8690C81C81D24400BFA68D /* MQInputBar */ = {
			isa = PBXGroup;
			children = (
				CC8690C91C81D24400BFA68D /* MQInputBar.h */,
				CC8690CA1C81D24400BFA68D /* MQInputBar.m */,
			);
			path = MQInputBar;
			sourceTree = "<group>";
		};
		CC8690CB1C81D24400BFA68D /* MQPullRefreshView */ = {
			isa = PBXGroup;
			children = (
				CC8690CC1C81D24400BFA68D /* MQPullRefreshView.h */,
				CC8690CD1C81D24400BFA68D /* MQPullRefreshView.m */,
			);
			path = MQPullRefreshView;
			sourceTree = "<group>";
		};
		CC8690CE1C81D24400BFA68D /* MQRecordView */ = {
			isa = PBXGroup;
			children = (
				CC8690CF1C81D24400BFA68D /* MQRecordView.h */,
				CC8690D01C81D24400BFA68D /* MQRecordView.m */,
			);
			path = MQRecordView;
			sourceTree = "<group>";
		};
		CC8690D11C81D24400BFA68D /* MQToast */ = {
			isa = PBXGroup;
			children = (
				CC8690D21C81D24400BFA68D /* MQToast.h */,
				CC8690D31C81D24400BFA68D /* MQToast.m */,
			);
			path = MQToast;
			sourceTree = "<group>";
		};
		CC8690D41C81D24400BFA68D /* MeiqiaSDKFiles */ = {
			isa = PBXGroup;
			children = (
				CC8690D51C81D24400BFA68D /* MQAgent.h */,
				CC8690D61C81D24400BFA68D /* MQAgent.m */,
				CC8690D71C81D24400BFA68D /* MQDefinition.h */,
				CC8690D81C81D24400BFA68D /* MQServiceToViewInterface.h */,
				CC8690D91C81D24400BFA68D /* MQServiceToViewInterface.m */,
			);
			name = MeiqiaSDKFiles;
			path = ../MeiqiaSDKFiles;
			sourceTree = "<group>";
		};
		E49C7BC01C97AA31003027E8 /* Categories */ = {
			isa = PBXGroup;
			children = (
				E49C7BC11C97AA77003027E8 /* UIViewController+OrientationFix.h */,
				E49C7BC21C97AA77003027E8 /* UIViewController+OrientationFix.m */,
			);
			path = Categories;
			sourceTree = "<group>";
		};
/* End PBXGroup section */

/* Begin PBXNativeTarget section */
		CC45FCE91BE36B1900DE0BFB /* MQChatViewControllerDemo */ = {
			isa = PBXNativeTarget;
			buildConfigurationList = CC45FD171BE36B1900DE0BFB /* Build configuration list for PBXNativeTarget "MQChatViewControllerDemo" */;
			buildPhases = (
				CC45FCE61BE36B1900DE0BFB /* Sources */,
				CC45FCE71BE36B1900DE0BFB /* Frameworks */,
				CC45FCE81BE36B1900DE0BFB /* Resources */,
			);
			buildRules = (
			);
			dependencies = (
			);
			name = MQChatViewControllerDemo;
			productName = MQChatViewControllerDemo;
			productReference = CC45FCEA1BE36B1900DE0BFB /* MQChatViewControllerDemo.app */;
			productType = "com.apple.product-type.application";
		};
		CC45FD021BE36B1900DE0BFB /* MQChatViewControllerDemoTests */ = {
			isa = PBXNativeTarget;
			buildConfigurationList = CC45FD1A1BE36B1900DE0BFB /* Build configuration list for PBXNativeTarget "MQChatViewControllerDemoTests" */;
			buildPhases = (
				CC45FCFF1BE36B1900DE0BFB /* Sources */,
				CC45FD001BE36B1900DE0BFB /* Frameworks */,
				CC45FD011BE36B1900DE0BFB /* Resources */,
			);
			buildRules = (
			);
			dependencies = (
				CC45FD051BE36B1900DE0BFB /* PBXTargetDependency */,
			);
			name = MQChatViewControllerDemoTests;
			productName = MQChatViewControllerDemoTests;
			productReference = CC45FD031BE36B1900DE0BFB /* MQChatViewControllerDemoTests.xctest */;
			productType = "com.apple.product-type.bundle.unit-test";
		};
		CC45FD0D1BE36B1900DE0BFB /* MQChatViewControllerDemoUITests */ = {
			isa = PBXNativeTarget;
			buildConfigurationList = CC45FD1D1BE36B1900DE0BFB /* Build configuration list for PBXNativeTarget "MQChatViewControllerDemoUITests" */;
			buildPhases = (
				CC45FD0A1BE36B1900DE0BFB /* Sources */,
				CC45FD0B1BE36B1900DE0BFB /* Frameworks */,
				CC45FD0C1BE36B1900DE0BFB /* Resources */,
			);
			buildRules = (
			);
			dependencies = (
				CC45FD101BE36B1900DE0BFB /* PBXTargetDependency */,
			);
			name = MQChatViewControllerDemoUITests;
			productName = MQChatViewControllerDemoUITests;
			productReference = CC45FD0E1BE36B1900DE0BFB /* MQChatViewControllerDemoUITests.xctest */;
			productType = "com.apple.product-type.bundle.ui-testing";
		};
/* End PBXNativeTarget section */

/* Begin PBXProject section */
		CC45FCE21BE36B1900DE0BFB /* Project object */ = {
			isa = PBXProject;
			attributes = {
				LastUpgradeCheck = 0710;
				ORGANIZATIONNAME = ijinmao;
				TargetAttributes = {
					CC45FCE91BE36B1900DE0BFB = {
						CreatedOnToolsVersion = 7.1;
						DevelopmentTeam = H22N8T6DAX;
					};
					CC45FD021BE36B1900DE0BFB = {
						CreatedOnToolsVersion = 7.1;
						TestTargetID = CC45FCE91BE36B1900DE0BFB;
					};
					CC45FD0D1BE36B1900DE0BFB = {
						CreatedOnToolsVersion = 7.1;
						TestTargetID = CC45FCE91BE36B1900DE0BFB;
					};
				};
			};
			buildConfigurationList = CC45FCE51BE36B1900DE0BFB /* Build configuration list for PBXProject "MQChatViewControllerDemo" */;
			compatibilityVersion = "Xcode 6.3";
			developmentRegion = English;
			hasScannedForEncodings = 0;
			knownRegions = (
				en,
				Base,
			);
			mainGroup = CC45FCE11BE36B1900DE0BFB;
			productRefGroup = CC45FCEB1BE36B1900DE0BFB /* Products */;
			projectDirPath = "";
			projectRoot = "";
			targets = (
				CC45FCE91BE36B1900DE0BFB /* MQChatViewControllerDemo */,
				CC45FD021BE36B1900DE0BFB /* MQChatViewControllerDemoTests */,
				CC45FD0D1BE36B1900DE0BFB /* MQChatViewControllerDemoUITests */,
			);
		};
/* End PBXProject section */

/* Begin PBXResourcesBuildPhase section */
		CC45FCE81BE36B1900DE0BFB /* Resources */ = {
			isa = PBXResourcesBuildPhase;
			buildActionMask = 2147483647;
			files = (
				CC45FCFD1BE36B1900DE0BFB /* LaunchScreen.storyboard in Resources */,
				CC45FCFA1BE36B1900DE0BFB /* Assets.xcassets in Resources */,
				CC45FCF81BE36B1900DE0BFB /* Main.storyboard in Resources */,
				CC8690DA1C81D24400BFA68D /* MQChatViewAsset.bundle in Resources */,
			);
			runOnlyForDeploymentPostprocessing = 0;
		};
		CC45FD011BE36B1900DE0BFB /* Resources */ = {
			isa = PBXResourcesBuildPhase;
			buildActionMask = 2147483647;
			files = (
			);
			runOnlyForDeploymentPostprocessing = 0;
		};
		CC45FD0C1BE36B1900DE0BFB /* Resources */ = {
			isa = PBXResourcesBuildPhase;
			buildActionMask = 2147483647;
			files = (
			);
			runOnlyForDeploymentPostprocessing = 0;
		};
/* End PBXResourcesBuildPhase section */

/* Begin PBXSourcesBuildPhase section */
		CC45FCE61BE36B1900DE0BFB /* Sources */ = {
			isa = PBXSourcesBuildPhase;
			buildActionMask = 2147483647;
			files = (
				CC86910C1C81D24500BFA68D /* MEIQIA_AmrRecordWriter.m in Sources */,
				CC8690F41C81D24500BFA68D /* MQBundleUtil.m in Sources */,
				CC8690FF1C81D24500BFA68D /* MEIQIA_FBBitmapFont.m in Sources */,
				CC8690F91C81D24500BFA68D /* MQChatFileUtil.m in Sources */,
				CC8691281C81D24500BFA68D /* MQRecordView.m in Sources */,
				CC8691151C81D24500BFA68D /* SDWebImageDownloader.m in Sources */,
				CC8691271C81D24500BFA68D /* MQPullRefreshView.m in Sources */,
				CC8690E01C81D24400BFA68D /* MQBaseMessage.m in Sources */,
				CC8691041C81D24500BFA68D /* MEIQIA_FBSquareFont.m in Sources */,
				CC86910D1C81D24500BFA68D /* MEIQIA_CafRecordWriter.m in Sources */,
				CC8691091C81D24500BFA68D /* UIImageView+MEIQIA_MHFacebookImageViewer.m in Sources */,
				CC8690EA1C81D24400BFA68D /* MQVoiceCellModel.m in Sources */,
				CC86911B1C81D24500BFA68D /* UIImage+MultiFormat.m in Sources */,
				CC8690FC1C81D24500BFA68D /* MQImageUtil.m in Sources */,
				CC8690EE1C81D24400BFA68D /* MQImageMessageCell.m in Sources */,
				CC686E1D1C85663D000A1E63 /* MQEvaluationResultCell.m in Sources */,
				CC8690FE1C81D24500BFA68D /* MEIQIA_CustomIOSAlertView.m in Sources */,
				CC86912A1C81D24500BFA68D /* MQAgent.m in Sources */,
				CC86911A1C81D24500BFA68D /* UIImage+GIF.m in Sources */,
				CC86910E1C81D24500BFA68D /* MEIQIA_MLAudioMeterObserver.m in Sources */,
				CC8690DE1C81D24400BFA68D /* MQChatViewService.m in Sources */,
				CC8690E61C81D24400BFA68D /* MQImageCellModel.m in Sources */,
				CC8690F21C81D24400BFA68D /* MQVoiceMessageCell.m in Sources */,
				CC8691141C81D24500BFA68D /* SDWebImageDecoder.m in Sources */,
				CC8691021C81D24500BFA68D /* MEIQIA_FBLCDFont.m in Sources */,
				CC686F861C86E27F000A1E63 /* amrFileCodec.mm in Sources */,
				CC8690DD1C81D24400BFA68D /* MQChatViewController.m in Sources */,
				CC686F881C86E27F000A1E63 /* VoiceConverter.mm in Sources */,
				CC8691111C81D24500BFA68D /* NSData+ImageContentType.m in Sources */,
				CC8690F01C81D24400BFA68D /* MQTextMessageCell.m in Sources */,
				CC8691241C81D24500BFA68D /* MQChatTableView.m in Sources */,
				CC8690DF1C81D24400BFA68D /* MQChatViewTableDataSource.m in Sources */,
				CC8690EF1C81D24400BFA68D /* MQMessageDateCell.m in Sources */,
				CC8691081C81D24500BFA68D /* MEIQIA_MHFacebookImageViewer.m in Sources */,
				CC8690FA1C81D24500BFA68D /* MQChatRegexUtil.m in Sources */,
				CC8691101C81D24500BFA68D /* MKAnnotationView+WebCache.m in Sources */,
				CC8690F61C81D24500BFA68D /* MQChatAudioRecorder.m in Sources */,
				CC8690E71C81D24400BFA68D /* MQMessageDateCellModel.m in Sources */,
				CC8690DB1C81D24400BFA68D /* MQChatViewConfig.m in Sources */,
				CC8690F81C81D24500BFA68D /* MQChatEmojize.m in Sources */,
				CC8691051C81D24500BFA68D /* MEIQIA_FBSquareFontView.m in Sources */,
				CC686E201C859EA3000A1E63 /* MQEvaluationCell.m in Sources */,
				CC86911D1C81D24500BFA68D /* UIImageView+HighlightedWebCache.m in Sources */,
				CC686F871C86E27F000A1E63 /* wav.mm in Sources */,
				CC8691001C81D24500BFA68D /* MEIQIA_FBBitmapFontView.m in Sources */,
				CC8691171C81D24500BFA68D /* SDWebImageManager.m in Sources */,
				CC8691251C81D24500BFA68D /* MQEvaluationView.m in Sources */,
				CC8690E21C81D24400BFA68D /* MQImageMessage.m in Sources */,
				E49C7BC31C97AA77003027E8 /* UIViewController+OrientationFix.m in Sources */,
				CC8690FB1C81D24500BFA68D /* MQDateFormatterUtil.m in Sources */,
				CC8691261C81D24500BFA68D /* MQInputBar.m in Sources */,
				CC8691181C81D24500BFA68D /* SDWebImagePrefetcher.m in Sources */,
				CC8691291C81D24500BFA68D /* MQToast.m in Sources */,
				CC8691191C81D24500BFA68D /* UIButton+WebCache.m in Sources */,
				CC8691201C81D24500BFA68D /* MEIQIA_TTTAttributedLabel.m in Sources */,
				CC8690E31C81D24400BFA68D /* MQTextMessage.m in Sources */,
				CC8690ED1C81D24400BFA68D /* MQEventMessageCell.m in Sources */,
				CC45FCF51BE36B1900DE0BFB /* ViewController.m in Sources */,
				CC86911E1C81D24500BFA68D /* UIImageView+WebCache.m in Sources */,
				CC8690F31C81D24500BFA68D /* MQAssetUtil.m in Sources */,
				CC86911C1C81D24500BFA68D /* UIImage+WebP.m in Sources */,
				CC8690E51C81D24400BFA68D /* MQEventCellModel.m in Sources */,
				CC8690E11C81D24400BFA68D /* MQEventMessage.m in Sources */,
				CC86910F1C81D24500BFA68D /* MEIQIA_MLAudioRecorder.m in Sources */,
				CC8691071C81D24500BFA68D /* MEIQIA_HPTextViewInternal.m in Sources */,
				CC8690DC1C81D24400BFA68D /* MQChatViewManager.m in Sources */,
				CC86911F1C81D24500BFA68D /* UIView+WebCacheOperation.m in Sources */,
				CC8690E81C81D24400BFA68D /* MQTextCellModel.m in Sources */,
				CC8690E41C81D24400BFA68D /* MQVoiceMessage.m in Sources */,
				CC8691011C81D24500BFA68D /* MEIQIA_FBFontSymbol.m in Sources */,
				CC8690EB1C81D24400BFA68D /* MQChatBaseCell.m in Sources */,
				CC8690F71C81D24500BFA68D /* MQChatDeviceUtil.m in Sources */,
				CC8690E91C81D24400BFA68D /* MQTipsCellModel.m in Sources */,
				CC8690FD1C81D24500BFA68D /* MQStringSizeUtil.m in Sources */,
				CC86912B1C81D24500BFA68D /* MQServiceToViewInterface.m in Sources */,
				CC8691031C81D24500BFA68D /* MEIQIA_FBLCDFontView.m in Sources */,
				CC8691131C81D24500BFA68D /* SDWebImageCompat.m in Sources */,
				CC8690F11C81D24400BFA68D /* MQTipsCell.m in Sources */,
				CC8691121C81D24500BFA68D /* SDImageCache.m in Sources */,
				CC686E1A1C8562CC000A1E63 /* MQEvaluationResultCellModel.m in Sources */,
				CC8691161C81D24500BFA68D /* SDWebImageDownloaderOperation.m in Sources */,
				CC8690F51C81D24500BFA68D /* MQChatAudioPlayer.m in Sources */,
				CC8691061C81D24500BFA68D /* MEIQIA_HPGrowingTextView.m in Sources */,
				CC45FCF21BE36B1900DE0BFB /* AppDelegate.m in Sources */,
				CC45FCEF1BE36B1900DE0BFB /* main.m in Sources */,
			);
			runOnlyForDeploymentPostprocessing = 0;
		};
		CC45FCFF1BE36B1900DE0BFB /* Sources */ = {
			isa = PBXSourcesBuildPhase;
			buildActionMask = 2147483647;
			files = (
				CC45FD081BE36B1900DE0BFB /* MQChatViewControllerDemoTests.m in Sources */,
			);
			runOnlyForDeploymentPostprocessing = 0;
		};
		CC45FD0A1BE36B1900DE0BFB /* Sources */ = {
			isa = PBXSourcesBuildPhase;
			buildActionMask = 2147483647;
			files = (
				CC45FD131BE36B1900DE0BFB /* MQChatViewControllerDemoUITests.m in Sources */,
			);
			runOnlyForDeploymentPostprocessing = 0;
		};
/* End PBXSourcesBuildPhase section */

/* Begin PBXTargetDependency section */
		CC45FD051BE36B1900DE0BFB /* PBXTargetDependency */ = {
			isa = PBXTargetDependency;
			target = CC45FCE91BE36B1900DE0BFB /* MQChatViewControllerDemo */;
			targetProxy = CC45FD041BE36B1900DE0BFB /* PBXContainerItemProxy */;
		};
		CC45FD101BE36B1900DE0BFB /* PBXTargetDependency */ = {
			isa = PBXTargetDependency;
			target = CC45FCE91BE36B1900DE0BFB /* MQChatViewControllerDemo */;
			targetProxy = CC45FD0F1BE36B1900DE0BFB /* PBXContainerItemProxy */;
		};
/* End PBXTargetDependency section */

/* Begin PBXVariantGroup section */
		CC45FCF61BE36B1900DE0BFB /* Main.storyboard */ = {
			isa = PBXVariantGroup;
			children = (
				CC45FCF71BE36B1900DE0BFB /* Base */,
			);
			name = Main.storyboard;
			sourceTree = "<group>";
		};
		CC45FCFB1BE36B1900DE0BFB /* LaunchScreen.storyboard */ = {
			isa = PBXVariantGroup;
			children = (
				CC45FCFC1BE36B1900DE0BFB /* Base */,
			);
			name = LaunchScreen.storyboard;
			sourceTree = "<group>";
		};
/* End PBXVariantGroup section */

/* Begin XCBuildConfiguration section */
		CC45FD151BE36B1900DE0BFB /* Debug */ = {
			isa = XCBuildConfiguration;
			buildSettings = {
				ALWAYS_SEARCH_USER_PATHS = NO;
				CLANG_CXX_LANGUAGE_STANDARD = "gnu++0x";
				CLANG_CXX_LIBRARY = "libc++";
				CLANG_ENABLE_MODULES = YES;
				CLANG_ENABLE_OBJC_ARC = YES;
				CLANG_WARN_BOOL_CONVERSION = YES;
				CLANG_WARN_CONSTANT_CONVERSION = YES;
				CLANG_WARN_DIRECT_OBJC_ISA_USAGE = YES_ERROR;
				CLANG_WARN_EMPTY_BODY = YES;
				CLANG_WARN_ENUM_CONVERSION = YES;
				CLANG_WARN_INT_CONVERSION = YES;
				CLANG_WARN_OBJC_ROOT_CLASS = YES_ERROR;
				CLANG_WARN_UNREACHABLE_CODE = YES;
				CLANG_WARN__DUPLICATE_METHOD_MATCH = YES;
				CODE_SIGN_IDENTITY = "iPhone Developer";
				"CODE_SIGN_IDENTITY[sdk=iphoneos*]" = "iPhone Developer";
				COPY_PHASE_STRIP = NO;
				DEBUG_INFORMATION_FORMAT = dwarf;
				ENABLE_STRICT_OBJC_MSGSEND = YES;
				ENABLE_TESTABILITY = YES;
				GCC_C_LANGUAGE_STANDARD = gnu99;
				GCC_DYNAMIC_NO_PIC = NO;
				GCC_NO_COMMON_BLOCKS = YES;
				GCC_OPTIMIZATION_LEVEL = 0;
				GCC_PREPROCESSOR_DEFINITIONS = (
					"DEBUG=1",
					"$(inherited)",
				);
				GCC_WARN_64_TO_32_BIT_CONVERSION = YES;
				GCC_WARN_ABOUT_RETURN_TYPE = YES_ERROR;
				GCC_WARN_UNDECLARED_SELECTOR = YES;
				GCC_WARN_UNINITIALIZED_AUTOS = YES_AGGRESSIVE;
				GCC_WARN_UNUSED_FUNCTION = YES;
				GCC_WARN_UNUSED_VARIABLE = YES;
				IPHONEOS_DEPLOYMENT_TARGET = 7.0;
				MTL_ENABLE_DEBUG_INFO = YES;
				ONLY_ACTIVE_ARCH = YES;
				SDKROOT = iphoneos;
				TARGETED_DEVICE_FAMILY = "1,2";
			};
			name = Debug;
		};
		CC45FD161BE36B1900DE0BFB /* Release */ = {
			isa = XCBuildConfiguration;
			buildSettings = {
				ALWAYS_SEARCH_USER_PATHS = NO;
				CLANG_CXX_LANGUAGE_STANDARD = "gnu++0x";
				CLANG_CXX_LIBRARY = "libc++";
				CLANG_ENABLE_MODULES = YES;
				CLANG_ENABLE_OBJC_ARC = YES;
				CLANG_WARN_BOOL_CONVERSION = YES;
				CLANG_WARN_CONSTANT_CONVERSION = YES;
				CLANG_WARN_DIRECT_OBJC_ISA_USAGE = YES_ERROR;
				CLANG_WARN_EMPTY_BODY = YES;
				CLANG_WARN_ENUM_CONVERSION = YES;
				CLANG_WARN_INT_CONVERSION = YES;
				CLANG_WARN_OBJC_ROOT_CLASS = YES_ERROR;
				CLANG_WARN_UNREACHABLE_CODE = YES;
				CLANG_WARN__DUPLICATE_METHOD_MATCH = YES;
				CODE_SIGN_IDENTITY = "iPhone Developer";
				"CODE_SIGN_IDENTITY[sdk=iphoneos*]" = "iPhone Developer";
				COPY_PHASE_STRIP = NO;
				DEBUG_INFORMATION_FORMAT = "dwarf-with-dsym";
				ENABLE_NS_ASSERTIONS = NO;
				ENABLE_STRICT_OBJC_MSGSEND = YES;
				GCC_C_LANGUAGE_STANDARD = gnu99;
				GCC_NO_COMMON_BLOCKS = YES;
				GCC_WARN_64_TO_32_BIT_CONVERSION = YES;
				GCC_WARN_ABOUT_RETURN_TYPE = YES_ERROR;
				GCC_WARN_UNDECLARED_SELECTOR = YES;
				GCC_WARN_UNINITIALIZED_AUTOS = YES_AGGRESSIVE;
				GCC_WARN_UNUSED_FUNCTION = YES;
				GCC_WARN_UNUSED_VARIABLE = YES;
				IPHONEOS_DEPLOYMENT_TARGET = 7.0;
				MTL_ENABLE_DEBUG_INFO = NO;
				SDKROOT = iphoneos;
				TARGETED_DEVICE_FAMILY = "1,2";
				VALIDATE_PRODUCT = YES;
			};
			name = Release;
		};
		CC45FD181BE36B1900DE0BFB /* Debug */ = {
			isa = XCBuildConfiguration;
			buildSettings = {
				ASSETCATALOG_COMPILER_APPICON_NAME = AppIcon;
				ASSETCATALOG_COMPILER_LAUNCHIMAGE_NAME = "Brand Assets";
				CODE_SIGN_IDENTITY = "iPhone Developer";
				"CODE_SIGN_IDENTITY[sdk=iphoneos*]" = "iPhone Developer";
				ENABLE_BITCODE = YES;
				FRAMEWORK_SEARCH_PATHS = "$(inherited)";
				INFOPLIST_FILE = MQChatViewControllerDemo/Info.plist;
				IPHONEOS_DEPLOYMENT_TARGET = 7.0;
				LD_RUNPATH_SEARCH_PATHS = "$(inherited) @executable_path/Frameworks";
				LIBRARY_SEARCH_PATHS = (
					"$(inherited)",
					"$(PROJECT_DIR)/../MQChatViewController/Vendors/MLAudioRecorder/amr_en_de/lib",
				);
				PRODUCT_BUNDLE_IDENTIFIER = ijinmao.MQChatViewControllerDemo;
				PRODUCT_NAME = "$(TARGET_NAME)";
				PROVISIONING_PROFILE = "";
			};
			name = Debug;
		};
		CC45FD191BE36B1900DE0BFB /* Release */ = {
			isa = XCBuildConfiguration;
			buildSettings = {
				ASSETCATALOG_COMPILER_APPICON_NAME = AppIcon;
				ASSETCATALOG_COMPILER_LAUNCHIMAGE_NAME = "Brand Assets";
				CODE_SIGN_IDENTITY = "iPhone Developer";
				"CODE_SIGN_IDENTITY[sdk=iphoneos*]" = "iPhone Developer";
				ENABLE_BITCODE = YES;
				FRAMEWORK_SEARCH_PATHS = "$(inherited)";
				INFOPLIST_FILE = MQChatViewControllerDemo/Info.plist;
				IPHONEOS_DEPLOYMENT_TARGET = 7.0;
				LD_RUNPATH_SEARCH_PATHS = "$(inherited) @executable_path/Frameworks";
				LIBRARY_SEARCH_PATHS = (
					"$(inherited)",
					"$(PROJECT_DIR)/../MQChatViewController/Vendors/MLAudioRecorder/amr_en_de/lib",
				);
				PRODUCT_BUNDLE_IDENTIFIER = ijinmao.MQChatViewControllerDemo;
				PRODUCT_NAME = "$(TARGET_NAME)";
				PROVISIONING_PROFILE = "";
			};
			name = Release;
		};
		CC45FD1B1BE36B1900DE0BFB /* Debug */ = {
			isa = XCBuildConfiguration;
			buildSettings = {
				BUNDLE_LOADER = "$(TEST_HOST)";
				INFOPLIST_FILE = MQChatViewControllerDemoTests/Info.plist;
				LD_RUNPATH_SEARCH_PATHS = "$(inherited) @executable_path/Frameworks @loader_path/Frameworks";
				PRODUCT_BUNDLE_IDENTIFIER = ijinmao.MQChatViewControllerDemoTests;
				PRODUCT_NAME = "$(TARGET_NAME)";
				TEST_HOST = "$(BUILT_PRODUCTS_DIR)/MQChatViewControllerDemo.app/MQChatViewControllerDemo";
			};
			name = Debug;
		};
		CC45FD1C1BE36B1900DE0BFB /* Release */ = {
			isa = XCBuildConfiguration;
			buildSettings = {
				BUNDLE_LOADER = "$(TEST_HOST)";
				INFOPLIST_FILE = MQChatViewControllerDemoTests/Info.plist;
				LD_RUNPATH_SEARCH_PATHS = "$(inherited) @executable_path/Frameworks @loader_path/Frameworks";
				PRODUCT_BUNDLE_IDENTIFIER = ijinmao.MQChatViewControllerDemoTests;
				PRODUCT_NAME = "$(TARGET_NAME)";
				TEST_HOST = "$(BUILT_PRODUCTS_DIR)/MQChatViewControllerDemo.app/MQChatViewControllerDemo";
			};
			name = Release;
		};
		CC45FD1E1BE36B1900DE0BFB /* Debug */ = {
			isa = XCBuildConfiguration;
			buildSettings = {
				INFOPLIST_FILE = MQChatViewControllerDemoUITests/Info.plist;
				LD_RUNPATH_SEARCH_PATHS = "$(inherited) @executable_path/Frameworks @loader_path/Frameworks";
				PRODUCT_BUNDLE_IDENTIFIER = ijinmao.MQChatViewControllerDemoUITests;
				PRODUCT_NAME = "$(TARGET_NAME)";
				TEST_TARGET_NAME = MQChatViewControllerDemo;
				USES_XCTRUNNER = YES;
			};
			name = Debug;
		};
		CC45FD1F1BE36B1900DE0BFB /* Release */ = {
			isa = XCBuildConfiguration;
			buildSettings = {
				INFOPLIST_FILE = MQChatViewControllerDemoUITests/Info.plist;
				LD_RUNPATH_SEARCH_PATHS = "$(inherited) @executable_path/Frameworks @loader_path/Frameworks";
				PRODUCT_BUNDLE_IDENTIFIER = ijinmao.MQChatViewControllerDemoUITests;
				PRODUCT_NAME = "$(TARGET_NAME)";
				TEST_TARGET_NAME = MQChatViewControllerDemo;
				USES_XCTRUNNER = YES;
			};
			name = Release;
		};
/* End XCBuildConfiguration section */

/* Begin XCConfigurationList section */
		CC45FCE51BE36B1900DE0BFB /* Build configuration list for PBXProject "MQChatViewControllerDemo" */ = {
			isa = XCConfigurationList;
			buildConfigurations = (
				CC45FD151BE36B1900DE0BFB /* Debug */,
				CC45FD161BE36B1900DE0BFB /* Release */,
			);
			defaultConfigurationIsVisible = 0;
			defaultConfigurationName = Release;
		};
		CC45FD171BE36B1900DE0BFB /* Build configuration list for PBXNativeTarget "MQChatViewControllerDemo" */ = {
			isa = XCConfigurationList;
			buildConfigurations = (
				CC45FD181BE36B1900DE0BFB /* Debug */,
				CC45FD191BE36B1900DE0BFB /* Release */,
			);
			defaultConfigurationIsVisible = 0;
			defaultConfigurationName = Release;
		};
		CC45FD1A1BE36B1900DE0BFB /* Build configuration list for PBXNativeTarget "MQChatViewControllerDemoTests" */ = {
			isa = XCConfigurationList;
			buildConfigurations = (
				CC45FD1B1BE36B1900DE0BFB /* Debug */,
				CC45FD1C1BE36B1900DE0BFB /* Release */,
			);
			defaultConfigurationIsVisible = 0;
			defaultConfigurationName = Release;
		};
		CC45FD1D1BE36B1900DE0BFB /* Build configuration list for PBXNativeTarget "MQChatViewControllerDemoUITests" */ = {
			isa = XCConfigurationList;
			buildConfigurations = (
				CC45FD1E1BE36B1900DE0BFB /* Debug */,
				CC45FD1F1BE36B1900DE0BFB /* Release */,
			);
			defaultConfigurationIsVisible = 0;
			defaultConfigurationName = Release;
		};
/* End XCConfigurationList section */
	};
	rootObject = CC45FCE21BE36B1900DE0BFB /* Project object */;
}
